{
  "version": 4,
  "terraform_version": "1.14.3",
  "serial": 205,
  "lineage": "3469b075-8cf2-078c-c7cd-ddb1488ec2ae",
  "outputs": {},
  "resources": [
    {
      "mode": "data",
      "type": "azurerm_client_config",
      "name": "current",
      "provider": "provider[\"registry.terraform.io/hashicorp/azurerm\"]",
      "instances": [
        {
          "schema_version": 0,
          "attributes": {
            "client_id": "04b07795-8ddb-461a-bbee-02f9e1bf7b46",
            "id": "Y2xpZW50Q29uZmlncy9jbGllbnRJZD0wNGIwNzc5NS04ZGRiLTQ2MWEtYmJlZS0wMmY5ZTFiZjdiNDY7b2JqZWN0SWQ9YjAwY2Q4ZmItM2JlOS00YzRiLWFlMTUtMzVjMjJkN2JjY2FiO3N1YnNjcmlwdGlvbklkPWEyYzQxZTVkLTQ1NGQtNGMwYi05ZjdhLTIyNjBkNTQwMTFlNzt0ZW5hbnRJZD1jMDUzMTQ4NC01MGZhLTRmZjItOTdkZi1iMWYyZDQ4MTA2MDM=",
            "object_id": "b00cd8fb-3be9-4c4b-ae15-35c22d7bccab",
            "subscription_id": "a2c41e5d-454d-4c0b-9f7a-2260d54011e7",
            "tenant_id": "c0531484-50fa-4ff2-97df-b1f2d4810603",
            "timeouts": null
          },
          "sensitive_attributes": [],
          "identity_schema_version": 0
        }
      ]
    },
    {
      "mode": "managed",
      "type": "azurerm_key_vault",
      "name": "kv",
      "provider": "provider[\"registry.terraform.io/hashicorp/azurerm\"]",
      "instances": [
        {
          "schema_version": 2,
          "attributes": {
            "access_policy": [
              {
                "application_id": "",
                "certificate_permissions": [],
                "key_permissions": [
                  "Get",
                  "List"
                ],
                "object_id": "b00cd8fb-3be9-4c4b-ae15-35c22d7bccab",
                "secret_permissions": [
                  "Get",
                  "List",
                  "Set",
                  "Delete",
                  "Purge"
                ],
                "storage_permissions": [],
                "tenant_id": "c0531484-50fa-4ff2-97df-b1f2d4810603"
              },
              {
                "application_id": "",
                "certificate_permissions": [],
                "key_permissions": [
                  "Get",
                  "List",
                  "Create",
                  "Delete",
                  "Update",
                  "GetRotationPolicy"
                ],
                "object_id": "b6e85111-a47a-4c11-924c-169b619c9b1d",
                "secret_permissions": [
                  "Get",
                  "List"
                ],
                "storage_permissions": [],
                "tenant_id": "c0531484-50fa-4ff2-97df-b1f2d4810603"
              }
            ],
            "contact": [],
            "enable_rbac_authorization": false,
            "enabled_for_deployment": false,
            "enabled_for_disk_encryption": false,
            "enabled_for_template_deployment": false,
            "id": "/subscriptions/a2c41e5d-454d-4c0b-9f7a-2260d54011e7/resourceGroups/learningstepsRG/providers/Microsoft.KeyVault/vaults/kv-learningsteps-1769",
            "location": "northeurope",
            "name": "kv-learningsteps-1769",
            "network_acls": [
              {
                "bypass": "AzureServices",
                "default_action": "Allow",
                "ip_rules": [],
                "virtual_network_subnet_ids": []
              }
            ],
            "public_network_access_enabled": true,
            "purge_protection_enabled": true,
            "resource_group_name": "learningstepsRG",
            "sku_name": "standard",
            "soft_delete_retention_days": 7,
            "tags": {},
            "tenant_id": "c0531484-50fa-4ff2-97df-b1f2d4810603",
            "timeouts": null,
            "vault_uri": "https://kv-learningsteps-1769.vault.azure.net/"
          },
          "sensitive_attributes": [],
          "identity_schema_version": 0,
          "private": "eyJlMmJmYjczMC1lY2FhLTExZTYtOGY4OC0zNDM2M2JjN2M0YzAiOnsiY3JlYXRlIjoxODAwMDAwMDAwMDAwLCJkZWxldGUiOjE4MDAwMDAwMDAwMDAsInJlYWQiOjMwMDAwMDAwMDAwMCwidXBkYXRlIjoxODAwMDAwMDAwMDAwfSwic2NoZW1hX3ZlcnNpb24iOiIyIn0=",
          "dependencies": [
            "azurerm_resource_group.aks_rg",
            "data.azurerm_client_config.current"
          ]
        }
      ]
    },
    {
      "mode": "managed",
      "type": "azurerm_key_vault_access_policy",
      "name": "aks_policy",
      "provider": "provider[\"registry.terraform.io/hashicorp/azurerm\"]",
      "instances": [
        {
          "schema_version": 0,
          "attributes": {
            "application_id": null,
            "certificate_permissions": null,
            "id": "/subscriptions/a2c41e5d-454d-4c0b-9f7a-2260d54011e7/resourceGroups/learningstepsRG/providers/Microsoft.KeyVault/vaults/kv-learningsteps-1769/objectId/0afbb62b-e67d-4cc0-96e7-c57f0a9d7c64",
            "key_permissions": [
              "Get",
              "List",
              "Create",
              "Delete",
              "Update",
              "GetRotationPolicy"
            ],
            "key_vault_id": "/subscriptions/a2c41e5d-454d-4c0b-9f7a-2260d54011e7/resourceGroups/learningstepsRG/providers/Microsoft.KeyVault/vaults/kv-learningsteps-1769",
            "object_id": "0afbb62b-e67d-4cc0-96e7-c57f0a9d7c64",
            "secret_permissions": [
              "Get",
              "List"
            ],
            "storage_permissions": null,
            "tenant_id": "c0531484-50fa-4ff2-97df-b1f2d4810603",
            "timeouts": null
          },
          "sensitive_attributes": [],
          "identity_schema_version": 0,
          "private": "eyJlMmJmYjczMC1lY2FhLTExZTYtOGY4OC0zNDM2M2JjN2M0YzAiOnsiY3JlYXRlIjoxODAwMDAwMDAwMDAwLCJkZWxldGUiOjE4MDAwMDAwMDAwMDAsInJlYWQiOjMwMDAwMDAwMDAwMCwidXBkYXRlIjoxODAwMDAwMDAwMDAwfX0=",
          "dependencies": [
            "azurerm_key_vault.kv",
            "azurerm_kubernetes_cluster.aks",
            "azurerm_resource_group.aks_rg",
            "azurerm_subnet.aks_subnet",
            "azurerm_virtual_network.vnet",
            "data.azurerm_client_config.current"
          ]
        }
      ]
    },
    {
      "mode": "managed",
      "type": "azurerm_key_vault_access_policy",
      "name": "allow_rotation_policy",
      "provider": "provider[\"registry.terraform.io/hashicorp/azurerm\"]",
      "instances": [
        {
          "schema_version": 0,
          "attributes": {
            "application_id": "",
            "certificate_permissions": [],
            "id": "/subscriptions/a2c41e5d-454d-4c0b-9f7a-2260d54011e7/resourceGroups/learningstepsRG/providers/Microsoft.KeyVault/vaults/kv-learningsteps-1769/objectId/b00cd8fb-3be9-4c4b-ae15-35c22d7bccab",
            "key_permissions": [
              "Get",
              "List",
              "GetRotationPolicy"
            ],
            "key_vault_id": "/subscriptions/a2c41e5d-454d-4c0b-9f7a-2260d54011e7/resourceGroups/learningstepsRG/providers/Microsoft.KeyVault/vaults/kv-learningsteps-1769",
            "object_id": "b00cd8fb-3be9-4c4b-ae15-35c22d7bccab",
            "secret_permissions": [],
            "storage_permissions": [],
            "tenant_id": "c0531484-50fa-4ff2-97df-b1f2d4810603",
            "timeouts": null
          },
          "sensitive_attributes": [],
          "identity_schema_version": 0,
          "private": "eyJlMmJmYjczMC1lY2FhLTExZTYtOGY4OC0zNDM2M2JjN2M0YzAiOnsiY3JlYXRlIjoxODAwMDAwMDAwMDAwLCJkZWxldGUiOjE4MDAwMDAwMDAwMDAsInJlYWQiOjMwMDAwMDAwMDAwMCwidXBkYXRlIjoxODAwMDAwMDAwMDAwfX0=",
          "dependencies": [
            "azurerm_key_vault.kv",
            "azurerm_resource_group.aks_rg",
            "data.azurerm_client_config.current"
          ]
        }
      ]
    },
    {
      "mode": "managed",
      "type": "azurerm_key_vault_access_policy",
      "name": "tf_secret_policy",
      "provider": "provider[\"registry.terraform.io/hashicorp/azurerm\"]",
      "instances": [
        {
          "schema_version": 0,
          "attributes": {
            "application_id": "",
            "certificate_permissions": [],
            "id": "/subscriptions/a2c41e5d-454d-4c0b-9f7a-2260d54011e7/resourceGroups/learningstepsRG/providers/Microsoft.KeyVault/vaults/kv-learningsteps-1769/objectId/b00cd8fb-3be9-4c4b-ae15-35c22d7bccab",
            "key_permissions": [
              "Get",
              "List"
            ],
            "key_vault_id": "/subscriptions/a2c41e5d-454d-4c0b-9f7a-2260d54011e7/resourceGroups/learningstepsRG/providers/Microsoft.KeyVault/vaults/kv-learningsteps-1769",
            "object_id": "b00cd8fb-3be9-4c4b-ae15-35c22d7bccab",
            "secret_permissions": [
              "Get",
              "List",
              "Set",
              "Delete",
              "Purge"
            ],
            "storage_permissions": [],
            "tenant_id": "c0531484-50fa-4ff2-97df-b1f2d4810603",
            "timeouts": null
          },
          "sensitive_attributes": [],
          "identity_schema_version": 0,
          "private": "eyJlMmJmYjczMC1lY2FhLTExZTYtOGY4OC0zNDM2M2JjN2M0YzAiOnsiY3JlYXRlIjoxODAwMDAwMDAwMDAwLCJkZWxldGUiOjE4MDAwMDAwMDAwMDAsInJlYWQiOjMwMDAwMDAwMDAwMCwidXBkYXRlIjoxODAwMDAwMDAwMDAwfX0=",
          "dependencies": [
            "azurerm_key_vault.kv",
            "azurerm_resource_group.aks_rg",
            "data.azurerm_client_config.current"
          ]
        }
      ]
    },
    {
      "mode": "managed",
      "type": "azurerm_key_vault_access_policy",
      "name": "user_policy",
      "provider": "provider[\"registry.terraform.io/hashicorp/azurerm\"]",
      "instances": [
        {
          "schema_version": 0,
          "attributes": {
            "application_id": "",
            "certificate_permissions": [],
            "id": "/subscriptions/a2c41e5d-454d-4c0b-9f7a-2260d54011e7/resourceGroups/learningstepsRG/providers/Microsoft.KeyVault/vaults/kv-learningsteps-1769/objectId/b00cd8fb-3be9-4c4b-ae15-35c22d7bccab",
            "key_permissions": [
              "Get",
              "List",
              "Create",
              "Delete",
              "Update",
              "Purge",
              "Recover",
              "GetRotationPolicy",
              "Rotate"
            ],
            "key_vault_id": "/subscriptions/a2c41e5d-454d-4c0b-9f7a-2260d54011e7/resourceGroups/learningstepsRG/providers/Microsoft.KeyVault/vaults/kv-learningsteps-1769",
            "object_id": "b00cd8fb-3be9-4c4b-ae15-35c22d7bccab",
            "secret_permissions": [
              "Get",
              "List",
              "Set",
              "Delete",
              "Purge"
            ],
            "storage_permissions": [],
            "tenant_id": "c0531484-50fa-4ff2-97df-b1f2d4810603",
            "timeouts": null
          },
          "sensitive_attributes": [],
          "identity_schema_version": 0,
          "private": "eyJlMmJmYjczMC1lY2FhLTExZTYtOGY4OC0zNDM2M2JjN2M0YzAiOnsiY3JlYXRlIjoxODAwMDAwMDAwMDAwLCJkZWxldGUiOjE4MDAwMDAwMDAwMDAsInJlYWQiOjMwMDAwMDAwMDAwMCwidXBkYXRlIjoxODAwMDAwMDAwMDAwfX0=",
          "dependencies": [
            "azurerm_key_vault.kv",
            "azurerm_resource_group.aks_rg",
            "data.azurerm_client_config.current"
          ]
        }
      ]
    },
    {
      "mode": "managed",
      "type": "azurerm_key_vault_secret",
      "name": "db_password",
      "provider": "provider[\"registry.terraform.io/hashicorp/azurerm\"]",
      "instances": [
        {
          "schema_version": 0,
          "attributes": {
            "content_type": "postgres-admin-password",
            "expiration_date": "2027-01-01T00:00:00Z",
            "id": "https://kv-learningsteps-1769.vault.azure.net/secrets/pg-admin-password/9260742b4bf74819b935340161621f62",
            "key_vault_id": "/subscriptions/a2c41e5d-454d-4c0b-9f7a-2260d54011e7/resourceGroups/learningstepsRG/providers/Microsoft.KeyVault/vaults/kv-learningsteps-1769",
            "name": "pg-admin-password",
            "not_before_date": null,
            "resource_id": "/subscriptions/a2c41e5d-454d-4c0b-9f7a-2260d54011e7/resourceGroups/learningstepsRG/providers/Microsoft.KeyVault/vaults/kv-learningsteps-1769/secrets/pg-admin-password/versions/9260742b4bf74819b935340161621f62",
            "resource_versionless_id": "/subscriptions/a2c41e5d-454d-4c0b-9f7a-2260d54011e7/resourceGroups/learningstepsRG/providers/Microsoft.KeyVault/vaults/kv-learningsteps-1769/secrets/pg-admin-password",
            "tags": {},
            "timeouts": null,
            "value": "%{q-X\u003ew}IqF9iQa]2kU\u003c",
            "version": "9260742b4bf74819b935340161621f62",
            "versionless_id": "https://kv-learningsteps-1769.vault.azure.net/secrets/pg-admin-password"
          },
          "sensitive_attributes": [
            [
              {
                "type": "get_attr",
                "value": "value"
              }
            ]
          ],
          "identity_schema_version": 0,
          "private": "eyJlMmJmYjczMC1lY2FhLTExZTYtOGY4OC0zNDM2M2JjN2M0YzAiOnsiY3JlYXRlIjoxODAwMDAwMDAwMDAwLCJkZWxldGUiOjE4MDAwMDAwMDAwMDAsInJlYWQiOjE4MDAwMDAwMDAwMDAsInVwZGF0ZSI6MTgwMDAwMDAwMDAwMH19",
          "dependencies": [
            "azurerm_key_vault.kv",
            "azurerm_resource_group.aks_rg",
            "data.azurerm_client_config.current",
            "random_password.db_pass"
          ]
        }
      ]
    },
    {
      "mode": "managed",
      "type": "azurerm_kubernetes_cluster",
      "name": "aks",
      "provider": "provider[\"registry.terraform.io/hashicorp/azurerm\"]",
      "instances": [
        {
          "schema_version": 2,
          "attributes": {
            "aci_connector_linux": [],
            "api_server_access_profile": [],
            "api_server_authorized_ip_ranges": [],
            "auto_scaler_profile": [],
            "automatic_channel_upgrade": "",
            "azure_active_directory_role_based_access_control": [],
            "azure_policy_enabled": false,
            "confidential_computing": [],
            "cost_analysis_enabled": false,
            "current_kubernetes_version": "1.33.6",
            "custom_ca_trust_certificates_base64": null,
            "default_node_pool": [
              {
                "capacity_reservation_group_id": "",
                "custom_ca_trust_enabled": false,
                "enable_auto_scaling": false,
                "enable_host_encryption": false,
                "enable_node_public_ip": false,
                "fips_enabled": false,
                "gpu_instance": "",
                "host_group_id": "",
                "kubelet_config": [],
                "kubelet_disk_type": "OS",
                "linux_os_config": [],
                "max_count": 0,
                "max_pods": 40,
                "message_of_the_day": "",
                "min_count": 0,
                "name": "system",
                "node_count": 1,
                "node_labels": {},
                "node_network_profile": [],
                "node_public_ip_prefix_id": "",
                "node_taints": null,
                "only_critical_addons_enabled": true,
                "orchestrator_version": "1.33",
                "os_disk_size_gb": 128,
                "os_disk_type": "Managed",
                "os_sku": "Ubuntu",
                "pod_subnet_id": "",
                "proximity_placement_group_id": "",
                "scale_down_mode": "Delete",
                "snapshot_id": "",
                "tags": null,
                "temporary_name_for_rotation": "",
                "type": "VirtualMachineScaleSets",
                "ultra_ssd_enabled": false,
                "upgrade_settings": [
                  {
                    "drain_timeout_in_minutes": 0,
                    "max_surge": "10%",
                    "node_soak_duration_in_minutes": 0
                  }
                ],
                "vm_size": "Standard_D4s_v3",
                "vnet_subnet_id": "/subscriptions/a2c41e5d-454d-4c0b-9f7a-2260d54011e7/resourceGroups/learningstepsRG/providers/Microsoft.Network/virtualNetworks/learningsteps-vnet/subnets/aks-subnet",
                "workload_runtime": "",
                "zones": null
              }
            ],
            "disk_encryption_set_id": "",
            "dns_prefix": "learningstepsaks",
            "dns_prefix_private_cluster": "",
            "edge_zone": "",
            "enable_pod_security_policy": false,
            "fqdn": "learningstepsaks-y1m5e8fp.hcp.northeurope.azmk8s.io",
            "http_application_routing_enabled": false,
            "http_application_routing_zone_name": "",
            "http_proxy_config": [],
            "id": "/subscriptions/a2c41e5d-454d-4c0b-9f7a-2260d54011e7/resourceGroups/learningstepsRG/providers/Microsoft.ContainerService/managedClusters/learningsteps-aks",
            "identity": [
              {
                "identity_ids": null,
                "principal_id": "636f5ff5-b5c2-4c65-a6b9-23fd9e323a60",
                "tenant_id": "c0531484-50fa-4ff2-97df-b1f2d4810603",
                "type": "SystemAssigned"
              }
            ],
            "image_cleaner_enabled": false,
            "image_cleaner_interval_hours": 48,
            "ingress_application_gateway": [],
            "key_management_service": [],
            "key_vault_secrets_provider": [
              {
                "secret_identity": [
                  {
                    "client_id": "a97dcc49-b629-4823-b8d5-5571b7769fd0",
                    "object_id": "a36fa376-3615-4b0b-8b01-71b4b2db9b59",
                    "user_assigned_identity_id": "/subscriptions/a2c41e5d-454d-4c0b-9f7a-2260d54011e7/resourcegroups/MC_learningstepsRG_learningsteps-aks_northeurope/providers/Microsoft.ManagedIdentity/userAssignedIdentities/azurekeyvaultsecretsprovider-learningsteps-aks"
                  }
                ],
                "secret_rotation_enabled": true,
                "secret_rotation_interval": "2m"
              }
            ],
            "kube_admin_config": [],
            "kube_admin_config_raw": "",
            "kube_config": [
              {
                "client_certificate": "LS0tLS1CRUdJTiBDRVJUSUZJQ0FURS0tLS0tCk1JSUZIVENDQXdXZ0F3SUJBZ0lRS3FZWUtxckQ5Tk9Fck1CNDNHbXhOekFOQmdrcWhraUc5dzBCQVFzRkFEQU4KTVFzd0NRWURWUVFERXdKallUQWVGdzB5TmpBeE1qa3dNekV6TVRWYUZ3MHlPREF4TWprd016SXpNVFZhTURBeApGekFWQmdOVkJBb1REbk41YzNSbGJUcHRZWE4wWlhKek1SVXdFd1lEVlFRREV3eHRZWE4wWlhKamJHbGxiblF3CmdnSWlNQTBHQ1NxR1NJYjNEUUVCQVFVQUE0SUNEd0F3Z2dJS0FvSUNBUURmNTJIVXYzelF0MTN3dktiSlE3d3EKU0J5eWhFVnVSRzNZMGpMZ1RiQWRoSlg3UmtvL2M4UkFPSFFZUEtVSGJsdm9Mc2FVNU9kZWlrRlBWZFk2SHlBSApIem1GcjBlTUM1N3pTbDhuVTZialZKT1VKYXdLanA3N0M1NFhhTW44RllhbTcrM0pNcTZZNk1BTW5ScmhaZ1czCmdjeGgrdVVzVWFSeUFzNDJjSWwrcjZvUDN5cyttVGRTL3hwU21EbUtRcDFobmphZ1l5NHBES1QwS2w1M2VlYk8KYnAwWDhCeGRjZHAzQlIybHpKMHo2V05YSU5mWXU4TzNYQkU5OGhKYjF0a25XT0N3RVc2Tk81UmpuNlZHanVpSQpYbnFOYUNwVW90cWp2dXh0eXFYZEI2azVKVld4cEdWTVkzUnlqVSsxQ0dHems4K0RrbFFEalMzbHViL3VBSTZkCm92Q1FyS2hNT0kwdTFiZ083QlhpSHJ4YmtMRWRERS8rSzl4UWduK0t6R1RpQzBJR0QwamY2b0c3SHhnTjVGQ0UKOGFFS1JwVjdIK0QxMDNuaWs3UUo0bTZyMVFkWnJoMGFmZ0ZmUFhBS2pUZFpqdzBHYWQ2eUdLTnVWajNrOWhQUAphdTR1RlhmYmF4b2puV1AxU2oxN0Fac0F6amF3My84QVNNNUUzWlQxZUdweWRpZ1Z5NituRFRDcXAzQUNxdmk3Cmo0RUhYd3RKbDJGWVlhZnZYbXpsVldYcnBXd29qT21ZMXVjZ213a2c0ZGdOUmU3WDh4VTR0ZXJqK05waE1tZEkKNG9MaW1MK0ZoSmF0YkZMc1Z1Y1I1QU84dGhxVU1UMzBIcURrejJGWUV4ZWh3ZEpvdDdkYjBlTG5ubzNXb0d3QQpXNWxQeEhvR0RxVkNwV3daOVNyNnBRSURBUUFCbzFZd1ZEQU9CZ05WSFE4QkFmOEVCQU1DQmFBd0V3WURWUjBsCkJBd3dDZ1lJS3dZQkJRVUhBd0l3REFZRFZSMFRBUUgvQkFJd0FEQWZCZ05WSFNNRUdEQVdnQlNBWlpUaWp6YjIKbTVaSEZFSkxDY01vM1I4NDBqQU5CZ2txaGtpRzl3MEJBUXNGQUFPQ0FnRUFuQVJtWTN5eXlSb3ExL2djTVhWdwpiOUtUbE9WZHQvcWR0T0xIM2RWbTVPTDRpWE9oMHhGczVvT1RhbCt3NG43Q1d5TUdYSmpTOW5SWTNrL29ndUY2CmN6TForejNHanE2K0RxZHpzZnRTWFNEdmxyUTEyclIrdGNiQ0RTdTRPWkdDZ1duUkszY1Naelk5U0pjaWxMK2sKa1F1Q0EyWXprd1RxV0o0cXJ4dTNMa1RtMlZQc3FFOXNoRjI1WkpJYzEwa1lzdlBGMnU1K0crUVFNYUFJYU1lRApDL1lRTE4wYWFncGdCdVd3OWRoKzZmMXEwcGFuaVI3OUJwSXE4Uk8ydzU3MHpoeGZDaXBwdkVNLy8vRlkxb1NzCnZnbG4wTzVDbEFwMHlmS3BML1lVelV4TDU3am9hZEkydnE2bzZicXVOZmlJaVZaUzMvTjhhU3ErOGFKbHRyN1IKUWdlSmE1R0NGSnpIVUx6S0VSZFlPd2FIUm1QTGZGQk96ODNab2R2M0lNZUxVbDU4VVpJcDcvTkVTcUU5S3hIcApYNC96VjlDeHVpT3AzTjE3b3ZUeVlaTElqTHlZVE5ndTV2c0FzOXNtaTdPTm1BVmg4VDRwYVF5ZWtpclJvSVNMCjNZWDArZk1YOG1ya1B2c0E4TzFmT0RESVFUK2xCb2tlVklGOC9BOG51b1FkOGtRaUVXd3RjbG4yVmpxd1VHYWYKamZMaTBsVktwMlNsU2o1WUxtcWxvUStSeU9xd25wb3R1YWNudjJXWkNjRi9oc0ZrNjgyK2hhbWRHekVWVnhpbwpIMk45dVF1VmxYMWM5Y3lWVGtlcCtSWXEzblA5djR5N0g2YTFoYXdjYlJnNTl1WldZWk5SdncvQXFzRXNjckc1Cm5hZFp5YTdOaXFwRDQyeDFvQmhVVWs0PQotLS0tLUVORCBDRVJUSUZJQ0FURS0tLS0tCg==",
                "client_key": "LS0tLS1CRUdJTiBSU0EgUFJJVkFURSBLRVktLS0tLQpNSUlKS1FJQkFBS0NBZ0VBMytkaDFMOTgwTGRkOEx5bXlVTzhLa2djc29SRmJrUnQyTkl5NEUyd0hZU1YrMFpLClAzUEVRRGgwR0R5bEIyNWI2QzdHbE9UblhvcEJUMVhXT2g4Z0J4ODVoYTlIakF1ZTgwcGZKMU9tNDFTVGxDV3MKQ282ZSt3dWVGMmpKL0JXR3B1L3R5VEt1bU9qQURKMGE0V1lGdDRITVlmcmxMRkdrY2dMT05uQ0pmcStxRDk4cgpQcGszVXY4YVVwZzVpa0tkWVo0Mm9HTXVLUXlrOUNwZWQzbm16bTZkRi9BY1hYSGFkd1VkcGN5ZE0rbGpWeURYCjJMdkR0MXdSUGZJU1c5YlpKMWpnc0JGdWpUdVVZNStsUm83b2lGNTZqV2dxVktMYW83N3NiY3FsM1FlcE9TVlYKc2FSbFRHTjBjbzFQdFFoaHM1UFBnNUpVQTQwdDVibS83Z0NPbmFMd2tLeW9URGlOTHRXNER1d1Y0aDY4VzVDeApIUXhQL2l2Y1VJSi9pc3hrNGd0Q0JnOUkzK3FCdXg4WURlUlFoUEdoQ2thVmV4L2c5ZE41NHBPMENlSnVxOVVICldhNGRHbjRCWHoxd0NvMDNXWThOQm1uZXNoaWpibFk5NVBZVHoycnVMaFYzMjJzYUk1MWo5VW85ZXdHYkFNNDIKc04vL0FFak9STjJVOVhocWNuWW9GY3V2cHcwd3FxZHdBcXI0dTQrQkIxOExTWmRoV0dHbjcxNXM1VlZsNjZWcwpLSXpwbU5ibklKc0pJT0hZRFVYdTEvTVZPTFhxNC9qYVlUSm5TT0tDNHBpL2hZU1dyV3hTN0ZibkVlUUR2TFlhCmxERTk5QjZnNU05aFdCTVhvY0hTYUxlM1c5SGk1NTZOMXFCc0FGdVpUOFI2Qmc2bFFxVnNHZlVxK3FVQ0F3RUEKQVFLQ0FnQW5oVWdWblFJTE5oNkErRStKTFdsSVhrZWdjK3ZzYVd3cExmcjRjQVlDdzgwVVYrVVJtNTI3aHl0bwp2c1dUVVBXc2Z4c2ltMS9DWm0xZU0wUzNxQmhIWVluTjhMRVVoVldXVkYyRXk4VmtrV0JtTVJzVGx2WjFVZWppCjhXWmJsaklaQTdjSlFTYWp5MHRndnBkSXl6RDlvYzNCU3ArS2FkTzRvd21pZnMwcUhSZ0xxcVRQclF3Z25ISVoKTzVER2VIa2VpcVpTTzRkaGkvK09zRzdSc0dUZXNaUU5ibDZYV05vS2tZN1kzY3V1cHNhWDBhNS9yUzYvemVLbQpPRFRvM0h5aWJ4UGp5QVBuTG1uRUJ1RU5tZnB0M1oxTW1lTUU0dVRzSzY1QU45bDhjTlo4Qlh6QmVRYS9TN3U1ClgzdCs5UDZIeTdLQVl3THN5STNlSTJIL0FMNnJQRUpPTnp2NW9NV21ybDl6MmF4U1lVdDBFRmJHQjNCWVpWeEkKM1AwL3NMVjJadXVMWlo3SDlST3NTZWdnS3ZQNy9KVlRCVHFkc3ZXSWkrUmMrZnkramtrM3VJMzBYTVVPKzlETgphU0RJTHlOaHR4M1d1Rks2aitvVTR4UnY4VFlGRm5HaC9mY1c0Skl2WFRvYVhzRHV0UUZ6SUVVMnNnbzV5QWIrCnFvUnd2cC9KZ2lUandCTWZsZG1lSmdwZFFodUl4WlBIUEoweWJFRDhPWlZsQ01MS0E0TW9FeHg1bFJuTHpXaHcKUTJLc2lmNUh0ZWxHa2F1MlJWeSt2SFV6YWtiY3FPOXNVN2hwS29xS3BXdkd5RklUVy9lYnpCRUgreUJSbHBQaApEM1ExZTczQzFMVDR2Qmd6eUc0V01qZm5MelhrN1dtYzN3bHgyOGpQN3FNcWFQeUVVUUtDQVFFQTVCK0JRemVECmZOWGRkVno2YmMwYUtBOGZZYTM3WGxXckhiaVFsc3NLUzBJRW5BQUZFYjFmT215MzBmWkZONVFTQng5clJncy8KcStKVVRrWTd2cUd6N1EwSGo5UmxEZ2IyVXQ0MWRZRXdJN25ZWlkzNkc2cGZkSzBidXJvSjIwWU9RNklVYUltcwoxT1ZWYSs4Y0l1TWp5amM2eHYzQk5pYmRBN2FkYTJxRW5WZGhDamdYbjFwS1pFY3BOT3p2Wm43VWM2WVJEcnVYClRpVTBGUnZWTmZDb3J2TmZNS21PcS9GWHNMOW4yUzd6Zm5OcGg3MFByODNPN3dqTENQdmMvNTkrbFMzT1hzcWoKSHVIeUl2OTJMMTQwNSs0TmN4ZHBLcmZzN2pzeWxvTGwyc3NzK2JtQk5wNlZ1YlRweU9YdzdkTEZYcnpGK2huRQo5U25FSWFDa2g0Vi9jUUtDQVFFQSswUGlnNFhNMFAvYmJRWEVnV0QyaU4wRW1MQmR6eGxRK2RlTXFSSy9DUHNZCkVtcURJdDB6Z3NpYTFTR2E3ZVZnQW5NK3U3amhIc3hWYi9WZnRVM1BmalBobG44L0tyeGJtTndLdDROeWJaMjYKMHJpdlhXb3B6bm9yWTRCSzJXNWNKU3hqZ3dDYjdoR0g1eldZMzVPM0FRaWwrUTBtMmU0WVhYSkpCVG5nYUpxVApYaXl3SmJyME55M1ZaVlZBeExYYllJN3VjdDZhYjU5UEduZ0c5N0p2RndoV1EzOGdZQXUwTEZ6cmJHRlJuaUdtCjBnU2x4M2ExRkd3c1EzT3lBT0dRQnFKNEZOOG1NZk1BcldzZFVndCsyM1E1eTNZemlXV0treFZYeEhlM3dyUHYKejYvWFVlVFIxTzJQdE40SlAyNERGYmxrN3pYeTJpUWlnNUpBRmIxOGRRS0NBUUVBbTZpL3ZFenlCTW10N25wKwpTMVFycC9BQnV0Wkw4cWZFTm1pTkNNZ05BeU5PSCtDSGxQNUNMNHlsdGJnMHJPTDFsalNqTDAxWHFnS3JBaW84CmRDekVxRmsrc3E3OE1hRWdqWlVncDBoNnY3WDlhZmFDRmtTZ0UrNVhRSWZYVis4cXBvMi9IVUhzVSswVTU2eGwKNTR4VURKUzVIN1ZoRklGYVNFRmdrejVBdFZnOVdBckVXN0R4bUJGU2xkR2kzYTVuYTI2Q3J5bmo2YWZMTFNncgp5VDJvN0pBV2dROEIwbVBCTVZLNkd1RkZ0eUFyZnpyTHJHdGo2NGwxZVhEYThQWTFHcmdCM0g2cTVkVEpNNFpiCmI2RDV1dFNlQ3MyTHJtR0lZMXF6Znk1Y2gzb2grMWpRU2FQV2lMeGcxZnZJOVk3ZnJIQmxLdTVRamZWczVvRkcKSTA4OWtRS0NBUUVBOVRZYzJ5bzY1a1NzQ2N1MUtHWk9jdWJ2VTJ2YlFQOTk3VFdVeW5QSEI2YTBxVlJWUWpNSgowRHFpRUJuSnJ4MUpBMXNnLythL25HVGhoRys4eFoxNFA3dTJEaitFajlwZXNlRWNmRmZGMW9BMkVPdTRDTHhRCnJIYkIzVXNZd1BWWTY5WlVEMGNLNWQwcCtsUnVLdE5ucDVTZkZWem1hNHhYTHVzWHBBZ0ZuMUFyUFo3ekVQOVEKMG9EaVh4QkNNemNmTHk2T09vQlB5MXQzd1djZHRhSG5sRnpJZ3ZxUHgrdmtHOTlheWR4MzRKRUswcTlDY2xUQgpCM3RCLzFucmY3eWg2RGVxWlFRWnJHbHdZYzNGUVlxQ2RQMEtZaXVxeEEzYW5Rd1pLVjJFY25sVU1pVnpSeksrCkxNVGltQ3FRYjl5WEdoNWlDS2xucGNmWi92azluWG5jK1FLQ0FRQTVSUXlSbGVobmd4NEJORy9JVXZlMEdZR0kKYk9maFBnOUZVMHlZV1d2MmdlWTVWb3AwU3NhM1JFZVM5NzBsVGJlNGFIWWZYOHZPZ1lPZTNsbjJtMEM4VjZFbQpZd1FLY0sycVl0ZTJHWW9TODlLdHZ4MnV5bUNmQUZIYTJ5R0pyYjFPdWZBb1BqZWxwOXpqTzFVQ3dJREdyRkRHCmlqMXdFNlNNb25xTURRQWhRY1FaS3JacEwzMDh1eDdwQlNBeU9lNzNIemVqNU9LUVp3ekh6Q3VrYXA0cjExSEkKbE1DZnEvdkZwUFlOMGZJVkZLWEp4eUVxbzlEQlBqMHZHeXhZa3hoOFB1enk1a25RZUpDUWJ5bzN0M1Fhbkh2ZwpxZ2w0WWpkbG1KTEkwWG8weWorWGRXMHNQc2JaS1c5THV5Zjd6NGtKdjdNekdIdHlybDE3dUp4K1ZxSnEKLS0tLS1FTkQgUlNBIFBSSVZBVEUgS0VZLS0tLS0K",
                "cluster_ca_certificate": "LS0tLS1CRUdJTiBDRVJUSUZJQ0FURS0tLS0tCk1JSUU2VENDQXRHZ0F3SUJBZ0lSQUtpZjNiZmtoejZJa0hCU3pmd3I4M0V3RFFZSktvWklodmNOQVFFTEJRQXcKRFRFTE1Ba0dBMVVFQXhNQ1kyRXdJQmNOTWpZd01USTVNRE14TXpFMVdoZ1BNakExTmpBeE1qa3dNekl6TVRWYQpNQTB4Q3pBSkJnTlZCQU1UQW1OaE1JSUNJakFOQmdrcWhraUc5dzBCQVFFRkFBT0NBZzhBTUlJQ0NnS0NBZ0VBCnJtMUVyS3hkT3BHNmFRYTJibHhRcDZSREEwUElSalJwV3NRaG1TOXdpREh6QVlZSzh5djNjNjkxN3NMVXExS0EKMEVSTDFFRllKZHhKbGJyOU1QdnBkbnNaMUcrSXlyeCtxWWhHZHM5TVRGelFmd3QrcnBTTnJwRndyc0o5d2ovUQpYSDJ4N0tQRmlHV0FiazJhOFFPQnUxZXZLSUV4VEh4VkM5TGVsVmxhajVlWFRUTDVoL2xVQ0lZUU02dDdGZWVXCjlBVEtpNldra2Z0TmFLS3haVzZXbldWVklxMG1OWEk5cHJQWGY4NFg1TWlCeGx3dGVTTmg0Sm0zVW5mU2lEdEEKdFQ5SktZOE94a1c5K3psWk1UU3JDd3ZJZTFLWHRwbmt4aXdGRVRDN1o3K0liSHM1ajZxdnpjVzlhSFo4UEtDOQprdFZXOFFKeGloTFoxRHRXY3E0eThtbFNkTXhSdElPbHdrWmtRaGNtM0djS3lXR2xoeDZTYjExV1NBT0JCZlhmCi9BZFZOQVNsb25aNk9QdDJoWGtrL1VhOHhhM2lQNTZwS1lhNnI0RWhMdXIrTExENHJnZ0h0TVhpUmZIK0dwN0gKSWRkY1pTNE5mVkVzOHRvOXdKMTZMRnVuQ2dnNVRvcnVwY2N1MWp1VmlKWmZRSXVwbGJmVTB6WnRjWXZXemtzeQpBeWtUOGI2OVhCSHlCSy9HeGlFbldqRytGSWkxMEJRaU9DcmQyYUxNcWx2RVV1SmFYaDQ1eXJQK2dLdS8wK3ZZCjBjb3VqVk5WSDVYOGUxMUl3SlRJaC9hRG96UHhId0QvTS9hNk1ZbldZQTloWlBkY2hYVmZWUVR0N25wNVNpTkwKQnRBWG8wTnlqR1VhYThqRWIxYkhXNHJUZU1LbkVSZytoSWxyNDduUlVuVUNBd0VBQWFOQ01FQXdEZ1lEVlIwUApBUUgvQkFRREFnS2tNQThHQTFVZEV3RUIvd1FGTUFNQkFmOHdIUVlEVlIwT0JCWUVGSUJsbE9LUE52YWJsa2NVClFrc0p3eWpkSHpqU01BMEdDU3FHU0liM0RRRUJDd1VBQTRJQ0FRQmJDTmVSaVExNWtKbGIycTZxeHdyQlFiZW0KdTN3TWJlM0ZsdVhzcXFGdUFyaStOR3U0ZzBHRnVVVTl4c0pXN2E5MEtxT2JjL3hHZ01VR3V5SGtMKzlibFBqNgpQTlhZZWxobWJQQVc5Yll4TEZrTTh1V1V6M1ZxVk8yc29kUkhMMWtNWXd1ZlVYUGM2NXREdFJ2dkJIRDJVbHNUCkVRRVJPSklZRG45SDQ3dFRDNTdzdFo2U0ozZ2xtZGx6bWJZYkl0Rjc4a3NXWEZOMVlZUGFsZ3k5dkxPV1ZEWkwKZVZ5OVVRTENEdzJmTnNLamk4cHc1RlJJckRpajRuRDFkdWFGU1J0RlFsdUFxVnNyRWZEbndsMkR4T2h1WWV6cwpNV2gxYWxDY1oxaU5jbGViK2d4c2V3dmtuRDhRcjBjQlNyTGwvK1JDcTZmdld4UWs4WUVCdGUwU1UwQU80YzM5CnVrMDJxSms0NVJwWHlUZFZ6WW90SVJtcmhFdTNiUnFBR2FsOHQyREFlb01MUSt0VHdtcjBsRG9Dd3dnendRTlQKbkdwTG1SQjgxaWNQTWxuV0daNnpSZmt5L2FsNFoxZDBwbmNvUFJUY2dFUmVOTzI1UXl6N0tFY0RtMzJrUGh4ZwozdlNqOVl0ci84bWJramdITHdWcFVnM0g5d01udEcySjREMkI1N2tnMnVRUE55MGxTb3Iva1ZLNDFyZElHRlJaCkhuOFlhcExxajN2RDdmRmppWFllRllPT1JYdUlJMWN4ODVlYWxwMW1RUCt3VHRZd09kTmNjNmJ0SkFDalMwUngKTjRNTU1wUVgyWkhRQ082QmE2aEd3WHIwU1NPcDhrUExHN2VjRWhlV2huMHBPb1BGVllWODcyb0pmTWtGWmtlagpwTVJsb1JSN1VxU3EwUm5OWHc9PQotLS0tLUVORCBDRVJUSUZJQ0FURS0tLS0tCg==",
                "host": "https://learningstepsaks-y1m5e8fp.hcp.northeurope.azmk8s.io:443",
                "password": "rcp2l7jkuibtjajbxwbcn6f3k5blthm6x4rzq3vwnq6b8gqi4i2ka4mtm0jyl4o1n7pv9ci6op9tldm17deqztsokrmbd6e126x5l6smgdze2694382wfpvcgeesddqy",
                "username": "clusterUser_learningstepsRG_learningsteps-aks"
              }
            ],
            "kube_config_raw": "apiVersion: v1\nclusters:\n- cluster:\n    certificate-authority-data: LS0tLS1CRUdJTiBDRVJUSUZJQ0FURS0tLS0tCk1JSUU2VENDQXRHZ0F3SUJBZ0lSQUtpZjNiZmtoejZJa0hCU3pmd3I4M0V3RFFZSktvWklodmNOQVFFTEJRQXcKRFRFTE1Ba0dBMVVFQXhNQ1kyRXdJQmNOTWpZd01USTVNRE14TXpFMVdoZ1BNakExTmpBeE1qa3dNekl6TVRWYQpNQTB4Q3pBSkJnTlZCQU1UQW1OaE1JSUNJakFOQmdrcWhraUc5dzBCQVFFRkFBT0NBZzhBTUlJQ0NnS0NBZ0VBCnJtMUVyS3hkT3BHNmFRYTJibHhRcDZSREEwUElSalJwV3NRaG1TOXdpREh6QVlZSzh5djNjNjkxN3NMVXExS0EKMEVSTDFFRllKZHhKbGJyOU1QdnBkbnNaMUcrSXlyeCtxWWhHZHM5TVRGelFmd3QrcnBTTnJwRndyc0o5d2ovUQpYSDJ4N0tQRmlHV0FiazJhOFFPQnUxZXZLSUV4VEh4VkM5TGVsVmxhajVlWFRUTDVoL2xVQ0lZUU02dDdGZWVXCjlBVEtpNldra2Z0TmFLS3haVzZXbldWVklxMG1OWEk5cHJQWGY4NFg1TWlCeGx3dGVTTmg0Sm0zVW5mU2lEdEEKdFQ5SktZOE94a1c5K3psWk1UU3JDd3ZJZTFLWHRwbmt4aXdGRVRDN1o3K0liSHM1ajZxdnpjVzlhSFo4UEtDOQprdFZXOFFKeGloTFoxRHRXY3E0eThtbFNkTXhSdElPbHdrWmtRaGNtM0djS3lXR2xoeDZTYjExV1NBT0JCZlhmCi9BZFZOQVNsb25aNk9QdDJoWGtrL1VhOHhhM2lQNTZwS1lhNnI0RWhMdXIrTExENHJnZ0h0TVhpUmZIK0dwN0gKSWRkY1pTNE5mVkVzOHRvOXdKMTZMRnVuQ2dnNVRvcnVwY2N1MWp1VmlKWmZRSXVwbGJmVTB6WnRjWXZXemtzeQpBeWtUOGI2OVhCSHlCSy9HeGlFbldqRytGSWkxMEJRaU9DcmQyYUxNcWx2RVV1SmFYaDQ1eXJQK2dLdS8wK3ZZCjBjb3VqVk5WSDVYOGUxMUl3SlRJaC9hRG96UHhId0QvTS9hNk1ZbldZQTloWlBkY2hYVmZWUVR0N25wNVNpTkwKQnRBWG8wTnlqR1VhYThqRWIxYkhXNHJUZU1LbkVSZytoSWxyNDduUlVuVUNBd0VBQWFOQ01FQXdEZ1lEVlIwUApBUUgvQkFRREFnS2tNQThHQTFVZEV3RUIvd1FGTUFNQkFmOHdIUVlEVlIwT0JCWUVGSUJsbE9LUE52YWJsa2NVClFrc0p3eWpkSHpqU01BMEdDU3FHU0liM0RRRUJDd1VBQTRJQ0FRQmJDTmVSaVExNWtKbGIycTZxeHdyQlFiZW0KdTN3TWJlM0ZsdVhzcXFGdUFyaStOR3U0ZzBHRnVVVTl4c0pXN2E5MEtxT2JjL3hHZ01VR3V5SGtMKzlibFBqNgpQTlhZZWxobWJQQVc5Yll4TEZrTTh1V1V6M1ZxVk8yc29kUkhMMWtNWXd1ZlVYUGM2NXREdFJ2dkJIRDJVbHNUCkVRRVJPSklZRG45SDQ3dFRDNTdzdFo2U0ozZ2xtZGx6bWJZYkl0Rjc4a3NXWEZOMVlZUGFsZ3k5dkxPV1ZEWkwKZVZ5OVVRTENEdzJmTnNLamk4cHc1RlJJckRpajRuRDFkdWFGU1J0RlFsdUFxVnNyRWZEbndsMkR4T2h1WWV6cwpNV2gxYWxDY1oxaU5jbGViK2d4c2V3dmtuRDhRcjBjQlNyTGwvK1JDcTZmdld4UWs4WUVCdGUwU1UwQU80YzM5CnVrMDJxSms0NVJwWHlUZFZ6WW90SVJtcmhFdTNiUnFBR2FsOHQyREFlb01MUSt0VHdtcjBsRG9Dd3dnendRTlQKbkdwTG1SQjgxaWNQTWxuV0daNnpSZmt5L2FsNFoxZDBwbmNvUFJUY2dFUmVOTzI1UXl6N0tFY0RtMzJrUGh4ZwozdlNqOVl0ci84bWJramdITHdWcFVnM0g5d01udEcySjREMkI1N2tnMnVRUE55MGxTb3Iva1ZLNDFyZElHRlJaCkhuOFlhcExxajN2RDdmRmppWFllRllPT1JYdUlJMWN4ODVlYWxwMW1RUCt3VHRZd09kTmNjNmJ0SkFDalMwUngKTjRNTU1wUVgyWkhRQ082QmE2aEd3WHIwU1NPcDhrUExHN2VjRWhlV2huMHBPb1BGVllWODcyb0pmTWtGWmtlagpwTVJsb1JSN1VxU3EwUm5OWHc9PQotLS0tLUVORCBDRVJUSUZJQ0FURS0tLS0tCg==\n    server: https://learningstepsaks-y1m5e8fp.hcp.northeurope.azmk8s.io:443\n  name: learningsteps-aks\ncontexts:\n- context:\n    cluster: learningsteps-aks\n    user: clusterUser_learningstepsRG_learningsteps-aks\n  name: learningsteps-aks\ncurrent-context: learningsteps-aks\nkind: Config\nusers:\n- name: clusterUser_learningstepsRG_learningsteps-aks\n  user:\n    client-certificate-data: LS0tLS1CRUdJTiBDRVJUSUZJQ0FURS0tLS0tCk1JSUZIVENDQXdXZ0F3SUJBZ0lRS3FZWUtxckQ5Tk9Fck1CNDNHbXhOekFOQmdrcWhraUc5dzBCQVFzRkFEQU4KTVFzd0NRWURWUVFERXdKallUQWVGdzB5TmpBeE1qa3dNekV6TVRWYUZ3MHlPREF4TWprd016SXpNVFZhTURBeApGekFWQmdOVkJBb1REbk41YzNSbGJUcHRZWE4wWlhKek1SVXdFd1lEVlFRREV3eHRZWE4wWlhKamJHbGxiblF3CmdnSWlNQTBHQ1NxR1NJYjNEUUVCQVFVQUE0SUNEd0F3Z2dJS0FvSUNBUURmNTJIVXYzelF0MTN3dktiSlE3d3EKU0J5eWhFVnVSRzNZMGpMZ1RiQWRoSlg3UmtvL2M4UkFPSFFZUEtVSGJsdm9Mc2FVNU9kZWlrRlBWZFk2SHlBSApIem1GcjBlTUM1N3pTbDhuVTZialZKT1VKYXdLanA3N0M1NFhhTW44RllhbTcrM0pNcTZZNk1BTW5ScmhaZ1czCmdjeGgrdVVzVWFSeUFzNDJjSWwrcjZvUDN5cyttVGRTL3hwU21EbUtRcDFobmphZ1l5NHBES1QwS2w1M2VlYk8KYnAwWDhCeGRjZHAzQlIybHpKMHo2V05YSU5mWXU4TzNYQkU5OGhKYjF0a25XT0N3RVc2Tk81UmpuNlZHanVpSQpYbnFOYUNwVW90cWp2dXh0eXFYZEI2azVKVld4cEdWTVkzUnlqVSsxQ0dHems4K0RrbFFEalMzbHViL3VBSTZkCm92Q1FyS2hNT0kwdTFiZ083QlhpSHJ4YmtMRWRERS8rSzl4UWduK0t6R1RpQzBJR0QwamY2b0c3SHhnTjVGQ0UKOGFFS1JwVjdIK0QxMDNuaWs3UUo0bTZyMVFkWnJoMGFmZ0ZmUFhBS2pUZFpqdzBHYWQ2eUdLTnVWajNrOWhQUAphdTR1RlhmYmF4b2puV1AxU2oxN0Fac0F6amF3My84QVNNNUUzWlQxZUdweWRpZ1Z5NituRFRDcXAzQUNxdmk3Cmo0RUhYd3RKbDJGWVlhZnZYbXpsVldYcnBXd29qT21ZMXVjZ213a2c0ZGdOUmU3WDh4VTR0ZXJqK05waE1tZEkKNG9MaW1MK0ZoSmF0YkZMc1Z1Y1I1QU84dGhxVU1UMzBIcURrejJGWUV4ZWh3ZEpvdDdkYjBlTG5ubzNXb0d3QQpXNWxQeEhvR0RxVkNwV3daOVNyNnBRSURBUUFCbzFZd1ZEQU9CZ05WSFE4QkFmOEVCQU1DQmFBd0V3WURWUjBsCkJBd3dDZ1lJS3dZQkJRVUhBd0l3REFZRFZSMFRBUUgvQkFJd0FEQWZCZ05WSFNNRUdEQVdnQlNBWlpUaWp6YjIKbTVaSEZFSkxDY01vM1I4NDBqQU5CZ2txaGtpRzl3MEJBUXNGQUFPQ0FnRUFuQVJtWTN5eXlSb3ExL2djTVhWdwpiOUtUbE9WZHQvcWR0T0xIM2RWbTVPTDRpWE9oMHhGczVvT1RhbCt3NG43Q1d5TUdYSmpTOW5SWTNrL29ndUY2CmN6TForejNHanE2K0RxZHpzZnRTWFNEdmxyUTEyclIrdGNiQ0RTdTRPWkdDZ1duUkszY1Naelk5U0pjaWxMK2sKa1F1Q0EyWXprd1RxV0o0cXJ4dTNMa1RtMlZQc3FFOXNoRjI1WkpJYzEwa1lzdlBGMnU1K0crUVFNYUFJYU1lRApDL1lRTE4wYWFncGdCdVd3OWRoKzZmMXEwcGFuaVI3OUJwSXE4Uk8ydzU3MHpoeGZDaXBwdkVNLy8vRlkxb1NzCnZnbG4wTzVDbEFwMHlmS3BML1lVelV4TDU3am9hZEkydnE2bzZicXVOZmlJaVZaUzMvTjhhU3ErOGFKbHRyN1IKUWdlSmE1R0NGSnpIVUx6S0VSZFlPd2FIUm1QTGZGQk96ODNab2R2M0lNZUxVbDU4VVpJcDcvTkVTcUU5S3hIcApYNC96VjlDeHVpT3AzTjE3b3ZUeVlaTElqTHlZVE5ndTV2c0FzOXNtaTdPTm1BVmg4VDRwYVF5ZWtpclJvSVNMCjNZWDArZk1YOG1ya1B2c0E4TzFmT0RESVFUK2xCb2tlVklGOC9BOG51b1FkOGtRaUVXd3RjbG4yVmpxd1VHYWYKamZMaTBsVktwMlNsU2o1WUxtcWxvUStSeU9xd25wb3R1YWNudjJXWkNjRi9oc0ZrNjgyK2hhbWRHekVWVnhpbwpIMk45dVF1VmxYMWM5Y3lWVGtlcCtSWXEzblA5djR5N0g2YTFoYXdjYlJnNTl1WldZWk5SdncvQXFzRXNjckc1Cm5hZFp5YTdOaXFwRDQyeDFvQmhVVWs0PQotLS0tLUVORCBDRVJUSUZJQ0FURS0tLS0tCg==\n    client-key-data: LS0tLS1CRUdJTiBSU0EgUFJJVkFURSBLRVktLS0tLQpNSUlKS1FJQkFBS0NBZ0VBMytkaDFMOTgwTGRkOEx5bXlVTzhLa2djc29SRmJrUnQyTkl5NEUyd0hZU1YrMFpLClAzUEVRRGgwR0R5bEIyNWI2QzdHbE9UblhvcEJUMVhXT2g4Z0J4ODVoYTlIakF1ZTgwcGZKMU9tNDFTVGxDV3MKQ282ZSt3dWVGMmpKL0JXR3B1L3R5VEt1bU9qQURKMGE0V1lGdDRITVlmcmxMRkdrY2dMT05uQ0pmcStxRDk4cgpQcGszVXY4YVVwZzVpa0tkWVo0Mm9HTXVLUXlrOUNwZWQzbm16bTZkRi9BY1hYSGFkd1VkcGN5ZE0rbGpWeURYCjJMdkR0MXdSUGZJU1c5YlpKMWpnc0JGdWpUdVVZNStsUm83b2lGNTZqV2dxVktMYW83N3NiY3FsM1FlcE9TVlYKc2FSbFRHTjBjbzFQdFFoaHM1UFBnNUpVQTQwdDVibS83Z0NPbmFMd2tLeW9URGlOTHRXNER1d1Y0aDY4VzVDeApIUXhQL2l2Y1VJSi9pc3hrNGd0Q0JnOUkzK3FCdXg4WURlUlFoUEdoQ2thVmV4L2c5ZE41NHBPMENlSnVxOVVICldhNGRHbjRCWHoxd0NvMDNXWThOQm1uZXNoaWpibFk5NVBZVHoycnVMaFYzMjJzYUk1MWo5VW85ZXdHYkFNNDIKc04vL0FFak9STjJVOVhocWNuWW9GY3V2cHcwd3FxZHdBcXI0dTQrQkIxOExTWmRoV0dHbjcxNXM1VlZsNjZWcwpLSXpwbU5ibklKc0pJT0hZRFVYdTEvTVZPTFhxNC9qYVlUSm5TT0tDNHBpL2hZU1dyV3hTN0ZibkVlUUR2TFlhCmxERTk5QjZnNU05aFdCTVhvY0hTYUxlM1c5SGk1NTZOMXFCc0FGdVpUOFI2Qmc2bFFxVnNHZlVxK3FVQ0F3RUEKQVFLQ0FnQW5oVWdWblFJTE5oNkErRStKTFdsSVhrZWdjK3ZzYVd3cExmcjRjQVlDdzgwVVYrVVJtNTI3aHl0bwp2c1dUVVBXc2Z4c2ltMS9DWm0xZU0wUzNxQmhIWVluTjhMRVVoVldXVkYyRXk4VmtrV0JtTVJzVGx2WjFVZWppCjhXWmJsaklaQTdjSlFTYWp5MHRndnBkSXl6RDlvYzNCU3ArS2FkTzRvd21pZnMwcUhSZ0xxcVRQclF3Z25ISVoKTzVER2VIa2VpcVpTTzRkaGkvK09zRzdSc0dUZXNaUU5ibDZYV05vS2tZN1kzY3V1cHNhWDBhNS9yUzYvemVLbQpPRFRvM0h5aWJ4UGp5QVBuTG1uRUJ1RU5tZnB0M1oxTW1lTUU0dVRzSzY1QU45bDhjTlo4Qlh6QmVRYS9TN3U1ClgzdCs5UDZIeTdLQVl3THN5STNlSTJIL0FMNnJQRUpPTnp2NW9NV21ybDl6MmF4U1lVdDBFRmJHQjNCWVpWeEkKM1AwL3NMVjJadXVMWlo3SDlST3NTZWdnS3ZQNy9KVlRCVHFkc3ZXSWkrUmMrZnkramtrM3VJMzBYTVVPKzlETgphU0RJTHlOaHR4M1d1Rks2aitvVTR4UnY4VFlGRm5HaC9mY1c0Skl2WFRvYVhzRHV0UUZ6SUVVMnNnbzV5QWIrCnFvUnd2cC9KZ2lUandCTWZsZG1lSmdwZFFodUl4WlBIUEoweWJFRDhPWlZsQ01MS0E0TW9FeHg1bFJuTHpXaHcKUTJLc2lmNUh0ZWxHa2F1MlJWeSt2SFV6YWtiY3FPOXNVN2hwS29xS3BXdkd5RklUVy9lYnpCRUgreUJSbHBQaApEM1ExZTczQzFMVDR2Qmd6eUc0V01qZm5MelhrN1dtYzN3bHgyOGpQN3FNcWFQeUVVUUtDQVFFQTVCK0JRemVECmZOWGRkVno2YmMwYUtBOGZZYTM3WGxXckhiaVFsc3NLUzBJRW5BQUZFYjFmT215MzBmWkZONVFTQng5clJncy8KcStKVVRrWTd2cUd6N1EwSGo5UmxEZ2IyVXQ0MWRZRXdJN25ZWlkzNkc2cGZkSzBidXJvSjIwWU9RNklVYUltcwoxT1ZWYSs4Y0l1TWp5amM2eHYzQk5pYmRBN2FkYTJxRW5WZGhDamdYbjFwS1pFY3BOT3p2Wm43VWM2WVJEcnVYClRpVTBGUnZWTmZDb3J2TmZNS21PcS9GWHNMOW4yUzd6Zm5OcGg3MFByODNPN3dqTENQdmMvNTkrbFMzT1hzcWoKSHVIeUl2OTJMMTQwNSs0TmN4ZHBLcmZzN2pzeWxvTGwyc3NzK2JtQk5wNlZ1YlRweU9YdzdkTEZYcnpGK2huRQo5U25FSWFDa2g0Vi9jUUtDQVFFQSswUGlnNFhNMFAvYmJRWEVnV0QyaU4wRW1MQmR6eGxRK2RlTXFSSy9DUHNZCkVtcURJdDB6Z3NpYTFTR2E3ZVZnQW5NK3U3amhIc3hWYi9WZnRVM1BmalBobG44L0tyeGJtTndLdDROeWJaMjYKMHJpdlhXb3B6bm9yWTRCSzJXNWNKU3hqZ3dDYjdoR0g1eldZMzVPM0FRaWwrUTBtMmU0WVhYSkpCVG5nYUpxVApYaXl3SmJyME55M1ZaVlZBeExYYllJN3VjdDZhYjU5UEduZ0c5N0p2RndoV1EzOGdZQXUwTEZ6cmJHRlJuaUdtCjBnU2x4M2ExRkd3c1EzT3lBT0dRQnFKNEZOOG1NZk1BcldzZFVndCsyM1E1eTNZemlXV0treFZYeEhlM3dyUHYKejYvWFVlVFIxTzJQdE40SlAyNERGYmxrN3pYeTJpUWlnNUpBRmIxOGRRS0NBUUVBbTZpL3ZFenlCTW10N25wKwpTMVFycC9BQnV0Wkw4cWZFTm1pTkNNZ05BeU5PSCtDSGxQNUNMNHlsdGJnMHJPTDFsalNqTDAxWHFnS3JBaW84CmRDekVxRmsrc3E3OE1hRWdqWlVncDBoNnY3WDlhZmFDRmtTZ0UrNVhRSWZYVis4cXBvMi9IVUhzVSswVTU2eGwKNTR4VURKUzVIN1ZoRklGYVNFRmdrejVBdFZnOVdBckVXN0R4bUJGU2xkR2kzYTVuYTI2Q3J5bmo2YWZMTFNncgp5VDJvN0pBV2dROEIwbVBCTVZLNkd1RkZ0eUFyZnpyTHJHdGo2NGwxZVhEYThQWTFHcmdCM0g2cTVkVEpNNFpiCmI2RDV1dFNlQ3MyTHJtR0lZMXF6Znk1Y2gzb2grMWpRU2FQV2lMeGcxZnZJOVk3ZnJIQmxLdTVRamZWczVvRkcKSTA4OWtRS0NBUUVBOVRZYzJ5bzY1a1NzQ2N1MUtHWk9jdWJ2VTJ2YlFQOTk3VFdVeW5QSEI2YTBxVlJWUWpNSgowRHFpRUJuSnJ4MUpBMXNnLythL25HVGhoRys4eFoxNFA3dTJEaitFajlwZXNlRWNmRmZGMW9BMkVPdTRDTHhRCnJIYkIzVXNZd1BWWTY5WlVEMGNLNWQwcCtsUnVLdE5ucDVTZkZWem1hNHhYTHVzWHBBZ0ZuMUFyUFo3ekVQOVEKMG9EaVh4QkNNemNmTHk2T09vQlB5MXQzd1djZHRhSG5sRnpJZ3ZxUHgrdmtHOTlheWR4MzRKRUswcTlDY2xUQgpCM3RCLzFucmY3eWg2RGVxWlFRWnJHbHdZYzNGUVlxQ2RQMEtZaXVxeEEzYW5Rd1pLVjJFY25sVU1pVnpSeksrCkxNVGltQ3FRYjl5WEdoNWlDS2xucGNmWi92azluWG5jK1FLQ0FRQTVSUXlSbGVobmd4NEJORy9JVXZlMEdZR0kKYk9maFBnOUZVMHlZV1d2MmdlWTVWb3AwU3NhM1JFZVM5NzBsVGJlNGFIWWZYOHZPZ1lPZTNsbjJtMEM4VjZFbQpZd1FLY0sycVl0ZTJHWW9TODlLdHZ4MnV5bUNmQUZIYTJ5R0pyYjFPdWZBb1BqZWxwOXpqTzFVQ3dJREdyRkRHCmlqMXdFNlNNb25xTURRQWhRY1FaS3JacEwzMDh1eDdwQlNBeU9lNzNIemVqNU9LUVp3ekh6Q3VrYXA0cjExSEkKbE1DZnEvdkZwUFlOMGZJVkZLWEp4eUVxbzlEQlBqMHZHeXhZa3hoOFB1enk1a25RZUpDUWJ5bzN0M1Fhbkh2ZwpxZ2w0WWpkbG1KTEkwWG8weWorWGRXMHNQc2JaS1c5THV5Zjd6NGtKdjdNekdIdHlybDE3dUp4K1ZxSnEKLS0tLS1FTkQgUlNBIFBSSVZBVEUgS0VZLS0tLS0K\n    token: rcp2l7jkuibtjajbxwbcn6f3k5blthm6x4rzq3vwnq6b8gqi4i2ka4mtm0jyl4o1n7pv9ci6op9tldm17deqztsokrmbd6e126x5l6smgdze2694382wfpvcgeesddqy\n",
            "kubelet_identity": [
              {
                "client_id": "bb95f4c7-e8f1-4906-8253-568a9b6de223",
                "object_id": "0afbb62b-e67d-4cc0-96e7-c57f0a9d7c64",
                "user_assigned_identity_id": "/subscriptions/a2c41e5d-454d-4c0b-9f7a-2260d54011e7/resourceGroups/MC_learningstepsRG_learningsteps-aks_northeurope/providers/Microsoft.ManagedIdentity/userAssignedIdentities/learningsteps-aks-agentpool"
              }
            ],
            "kubernetes_version": "1.33",
            "linux_profile": [],
            "local_account_disabled": false,
            "location": "northeurope",
            "maintenance_window": [],
            "maintenance_window_auto_upgrade": [],
            "maintenance_window_node_os": [],
            "microsoft_defender": [],
            "monitor_metrics": [],
            "name": "learningsteps-aks",
            "network_profile": [
              {
                "dns_service_ip": "10.100.0.10",
                "docker_bridge_cidr": "",
                "ebpf_data_plane": "",
                "ip_versions": [
                  "IPv4"
                ],
                "load_balancer_profile": [
                  {
                    "effective_outbound_ips": [
                      "/subscriptions/a2c41e5d-454d-4c0b-9f7a-2260d54011e7/resourceGroups/MC_learningstepsRG_learningsteps-aks_northeurope/providers/Microsoft.Network/publicIPAddresses/4651ddcd-5e2c-47c5-8da2-5c3d31296aab"
                    ],
                    "idle_timeout_in_minutes": 0,
                    "managed_outbound_ip_count": 1,
                    "managed_outbound_ipv6_count": 0,
                    "outbound_ip_address_ids": [],
                    "outbound_ip_prefix_ids": [],
                    "outbound_ports_allocated": 0
                  }
                ],
                "load_balancer_sku": "standard",
                "nat_gateway_profile": [],
                "network_data_plane": "azure",
                "network_mode": "",
                "network_plugin": "azure",
                "network_plugin_mode": "",
                "network_policy": "",
                "outbound_ip_address_ids": [],
                "outbound_ip_prefix_ids": [],
                "outbound_type": "loadBalancer",
                "pod_cidr": "",
                "pod_cidrs": [],
                "service_cidr": "10.100.0.0/16",
                "service_cidrs": [
                  "10.100.0.0/16"
                ]
              }
            ],
            "node_os_channel_upgrade": null,
            "node_resource_group": "MC_learningstepsRG_learningsteps-aks_northeurope",
            "node_resource_group_id": "/subscriptions/a2c41e5d-454d-4c0b-9f7a-2260d54011e7/resourceGroups/MC_learningstepsRG_learningsteps-aks_northeurope",
            "oidc_issuer_enabled": false,
            "oidc_issuer_url": "",
            "oms_agent": [],
            "open_service_mesh_enabled": false,
            "portal_fqdn": "learningstepsaks-y1m5e8fp.portal.hcp.northeurope.azmk8s.io",
            "private_cluster_enabled": false,
            "private_cluster_public_fqdn_enabled": false,
            "private_dns_zone_id": "",
            "private_fqdn": "",
            "public_network_access_enabled": true,
            "resource_group_name": "learningstepsRG",
            "role_based_access_control_enabled": true,
            "run_command_enabled": true,
            "service_mesh_profile": [],
            "service_principal": [],
            "sku_tier": "Free",
            "storage_profile": [],
            "support_plan": "KubernetesOfficial",
            "tags": null,
            "timeouts": null,
            "web_app_routing": [],
            "windows_profile": [
              {
                "admin_password": "",
                "admin_username": "azureuser",
                "gmsa": [],
                "license": ""
              }
            ],
            "workload_autoscaler_profile": [],
            "workload_identity_enabled": false
          },
          "sensitive_attributes": [
            [
              {
                "type": "get_attr",
                "value": "kube_admin_config"
              }
            ],
            [
              {
                "type": "get_attr",
                "value": "kube_admin_config_raw"
              }
            ],
            [
              {
                "type": "get_attr",
                "value": "kube_config"
              }
            ],
            [
              {
                "type": "get_attr",
                "value": "kube_config_raw"
              }
            ],
            [
              {
                "type": "get_attr",
                "value": "windows_profile"
              },
              {
                "type": "index",
                "value": {
                  "value": 0,
                  "type": "number"
                }
              },
              {
                "type": "get_attr",
                "value": "admin_password"
              }
            ]
          ],
          "identity_schema_version": 0,
          "private": "eyJlMmJmYjczMC1lY2FhLTExZTYtOGY4OC0zNDM2M2JjN2M0YzAiOnsiY3JlYXRlIjo1NDAwMDAwMDAwMDAwLCJkZWxldGUiOjU0MDAwMDAwMDAwMDAsInJlYWQiOjMwMDAwMDAwMDAwMCwidXBkYXRlIjo1NDAwMDAwMDAwMDAwfSwic2NoZW1hX3ZlcnNpb24iOiIyIn0=",
          "dependencies": [
            "azurerm_resource_group.aks_rg",
            "azurerm_subnet.aks_subnet",
            "azurerm_virtual_network.vnet"
          ]
        }
      ]
    },
    {
      "mode": "managed",
      "type": "azurerm_log_analytics_workspace",
      "name": "law",
      "provider": "provider[\"registry.terraform.io/hashicorp/azurerm\"]",
      "instances": [
        {
          "schema_version": 3,
          "attributes": {
            "allow_resource_only_permissions": true,
            "cmk_for_query_forced": false,
            "daily_quota_gb": -1,
            "data_collection_rule_id": "",
            "id": "/subscriptions/a2c41e5d-454d-4c0b-9f7a-2260d54011e7/resourceGroups/learningstepsRG/providers/Microsoft.OperationalInsights/workspaces/aks-law",
            "identity": [],
            "immediate_data_purge_on_30_days_enabled": false,
            "internet_ingestion_enabled": true,
            "internet_query_enabled": true,
            "local_authentication_disabled": false,
            "location": "northeurope",
            "name": "aks-law",
            "primary_shared_key": "ljgzpfhPOpkSg3mRUmPjuH8h7vyDZF24xtP/LRifTwY0tLto5tAZfT9tWZbHTfCE8mWRF9GxjqXaQwQ0nV/X7A==",
            "reservation_capacity_in_gb_per_day": null,
            "resource_group_name": "learningstepsRG",
            "retention_in_days": 30,
            "secondary_shared_key": "lh4tXSgPEmq20H94as/hp5Z8UATqhatTE9SofWK0XS1VfXiL7lTj/DiWHxS9jqUvF7B9hCtr9w+LUHpkezpD/w==",
            "sku": "PerGB2018",
            "tags": {},
            "timeouts": null,
            "workspace_id": "416555ac-7e55-48b7-9691-6d5f50f9a111"
          },
          "sensitive_attributes": [
            [
              {
                "type": "get_attr",
                "value": "primary_shared_key"
              }
            ],
            [
              {
                "type": "get_attr",
                "value": "secondary_shared_key"
              }
            ]
          ],
          "identity_schema_version": 0,
          "private": "eyJlMmJmYjczMC1lY2FhLTExZTYtOGY4OC0zNDM2M2JjN2M0YzAiOnsiY3JlYXRlIjoxODAwMDAwMDAwMDAwLCJkZWxldGUiOjE4MDAwMDAwMDAwMDAsInJlYWQiOjMwMDAwMDAwMDAwMCwidXBkYXRlIjoxODAwMDAwMDAwMDAwfSwic2NoZW1hX3ZlcnNpb24iOiIzIn0=",
          "dependencies": [
            "azurerm_resource_group.aks_rg"
          ]
        }
      ]
    },
    {
      "mode": "managed",
      "type": "azurerm_network_security_group",
      "name": "aks_nsg",
      "provider": "provider[\"registry.terraform.io/hashicorp/azurerm\"]",
      "instances": [
        {
          "schema_version": 0,
          "attributes": {
            "id": "/subscriptions/a2c41e5d-454d-4c0b-9f7a-2260d54011e7/resourceGroups/learningstepsRG/providers/Microsoft.Network/networkSecurityGroups/aks-nsg",
            "location": "northeurope",
            "name": "aks-nsg",
            "resource_group_name": "learningstepsRG",
            "security_rule": [],
            "tags": {},
            "timeouts": null
          },
          "sensitive_attributes": [],
          "identity_schema_version": 0,
          "private": "eyJlMmJmYjczMC1lY2FhLTExZTYtOGY4OC0zNDM2M2JjN2M0YzAiOnsiY3JlYXRlIjoxODAwMDAwMDAwMDAwLCJkZWxldGUiOjE4MDAwMDAwMDAwMDAsInJlYWQiOjMwMDAwMDAwMDAwMCwidXBkYXRlIjoxODAwMDAwMDAwMDAwfX0=",
          "dependencies": [
            "azurerm_resource_group.aks_rg"
          ]
        }
      ]
    },
    {
      "mode": "managed",
      "type": "azurerm_postgresql_flexible_server",
      "name": "db",
      "provider": "provider[\"registry.terraform.io/hashicorp/azurerm\"]",
      "instances": [
        {
          "schema_version": 0,
          "attributes": {
            "administrator_login": "psqladmin",
            "administrator_password": "%{q-X\u003ew}IqF9iQa]2kU\u003c",
            "authentication": [
              {
                "active_directory_auth_enabled": false,
                "password_auth_enabled": true,
                "tenant_id": ""
              }
            ],
            "auto_grow_enabled": false,
            "backup_retention_days": 7,
            "create_mode": null,
            "customer_managed_key": [],
            "delegated_subnet_id": "/subscriptions/a2c41e5d-454d-4c0b-9f7a-2260d54011e7/resourceGroups/learningstepsRG/providers/Microsoft.Network/virtualNetworks/learningsteps-vnet/subnets/db-subnet",
            "fqdn": "learningsteps-db-server.postgres.database.azure.com",
            "geo_redundant_backup_enabled": true,
            "high_availability": [],
            "id": "/subscriptions/a2c41e5d-454d-4c0b-9f7a-2260d54011e7/resourceGroups/learningstepsRG/providers/Microsoft.DBforPostgreSQL/flexibleServers/learningsteps-db-server",
            "identity": [],
            "location": "northeurope",
            "maintenance_window": [],
            "name": "learningsteps-db-server",
            "point_in_time_restore_time_in_utc": null,
            "private_dns_zone_id": "/subscriptions/a2c41e5d-454d-4c0b-9f7a-2260d54011e7/resourceGroups/learningstepsRG/providers/Microsoft.Network/privateDnsZones/learningsteps.postgres.database.azure.com",
            "public_network_access_enabled": false,
            "replication_role": "",
            "resource_group_name": "learningstepsRG",
            "sku_name": "GP_Standard_D2ds_v4",
            "source_server_id": null,
            "storage_mb": 32768,
            "storage_tier": "P4",
            "tags": {},
            "timeouts": null,
            "version": "13",
            "zone": "1"
          },
          "sensitive_attributes": [
            [
              {
                "type": "get_attr",
                "value": "administrator_password"
              }
            ]
          ],
          "identity_schema_version": 0,
          "private": "eyJlMmJmYjczMC1lY2FhLTExZTYtOGY4OC0zNDM2M2JjN2M0YzAiOnsiY3JlYXRlIjozNjAwMDAwMDAwMDAwLCJkZWxldGUiOjM2MDAwMDAwMDAwMDAsInJlYWQiOjMwMDAwMDAwMDAwMCwidXBkYXRlIjozNjAwMDAwMDAwMDAwfX0=",
          "dependencies": [
            "azurerm_key_vault.kv",
            "azurerm_key_vault_secret.db_password",
            "azurerm_private_dns_zone.dns",
            "azurerm_private_dns_zone_virtual_network_link.dns_link",
            "azurerm_resource_group.aks_rg",
            "azurerm_subnet.db_subnet",
            "azurerm_virtual_network.vnet",
            "data.azurerm_client_config.current",
            "random_password.db_pass"
          ]
        }
      ]
    },
    {
      "mode": "managed",
      "type": "azurerm_postgresql_flexible_server_database",
      "name": "app_db",
      "provider": "provider[\"registry.terraform.io/hashicorp/azurerm\"]",
      "instances": [
        {
          "schema_version": 0,
          "attributes": {
            "charset": "UTF8",
            "collation": "en_US.utf8",
            "id": "/subscriptions/a2c41e5d-454d-4c0b-9f7a-2260d54011e7/resourceGroups/learningstepsRG/providers/Microsoft.DBforPostgreSQL/flexibleServers/learningsteps-db-server/databases/fastapidb",
            "name": "fastapidb",
            "server_id": "/subscriptions/a2c41e5d-454d-4c0b-9f7a-2260d54011e7/resourceGroups/learningstepsRG/providers/Microsoft.DBforPostgreSQL/flexibleServers/learningsteps-db-server",
            "timeouts": null
          },
          "sensitive_attributes": [],
          "identity_schema_version": 0,
          "private": "eyJlMmJmYjczMC1lY2FhLTExZTYtOGY4OC0zNDM2M2JjN2M0YzAiOnsiY3JlYXRlIjoxODAwMDAwMDAwMDAwLCJkZWxldGUiOjE4MDAwMDAwMDAwMDAsInJlYWQiOjMwMDAwMDAwMDAwMH19",
          "dependencies": [
            "azurerm_key_vault.kv",
            "azurerm_key_vault_secret.db_password",
            "azurerm_postgresql_flexible_server.db",
            "azurerm_private_dns_zone.dns",
            "azurerm_private_dns_zone_virtual_network_link.dns_link",
            "azurerm_resource_group.aks_rg",
            "azurerm_subnet.db_subnet",
            "azurerm_virtual_network.vnet",
            "data.azurerm_client_config.current",
            "random_password.db_pass"
          ]
        }
      ]
    },
    {
      "mode": "managed",
      "type": "azurerm_private_dns_zone",
      "name": "dns",
      "provider": "provider[\"registry.terraform.io/hashicorp/azurerm\"]",
      "instances": [
        {
          "schema_version": 0,
          "attributes": {
            "id": "/subscriptions/a2c41e5d-454d-4c0b-9f7a-2260d54011e7/resourceGroups/learningstepsRG/providers/Microsoft.Network/privateDnsZones/learningsteps.postgres.database.azure.com",
            "max_number_of_record_sets": 25000,
            "max_number_of_virtual_network_links": 1000,
            "max_number_of_virtual_network_links_with_registration": 100,
            "name": "learningsteps.postgres.database.azure.com",
            "number_of_record_sets": 2,
            "resource_group_name": "learningstepsRG",
            "soa_record": [
              {
                "email": "azureprivatedns-host.microsoft.com",
                "expire_time": 2419200,
                "fqdn": "learningsteps.postgres.database.azure.com.",
                "host_name": "azureprivatedns.net",
                "minimum_ttl": 10,
                "refresh_time": 3600,
                "retry_time": 300,
                "serial_number": 1,
                "tags": {},
                "ttl": 3600
              }
            ],
            "tags": {},
            "timeouts": null
          },
          "sensitive_attributes": [],
          "identity_schema_version": 0,
          "private": "eyJlMmJmYjczMC1lY2FhLTExZTYtOGY4OC0zNDM2M2JjN2M0YzAiOnsiY3JlYXRlIjoxODAwMDAwMDAwMDAwLCJkZWxldGUiOjE4MDAwMDAwMDAwMDAsInJlYWQiOjMwMDAwMDAwMDAwMCwidXBkYXRlIjoxODAwMDAwMDAwMDAwfX0=",
          "dependencies": [
            "azurerm_resource_group.aks_rg"
          ]
        }
      ]
    },
    {
      "mode": "managed",
      "type": "azurerm_private_dns_zone_virtual_network_link",
      "name": "dns_link",
      "provider": "provider[\"registry.terraform.io/hashicorp/azurerm\"]",
      "instances": [
        {
          "schema_version": 0,
          "attributes": {
            "id": "/subscriptions/a2c41e5d-454d-4c0b-9f7a-2260d54011e7/resourceGroups/learningstepsRG/providers/Microsoft.Network/privateDnsZones/learningsteps.postgres.database.azure.com/virtualNetworkLinks/db-dns-link",
            "name": "db-dns-link",
            "private_dns_zone_name": "learningsteps.postgres.database.azure.com",
            "registration_enabled": false,
            "resource_group_name": "learningstepsRG",
            "tags": {},
            "timeouts": null,
            "virtual_network_id": "/subscriptions/a2c41e5d-454d-4c0b-9f7a-2260d54011e7/resourceGroups/learningstepsRG/providers/Microsoft.Network/virtualNetworks/learningsteps-vnet"
          },
          "sensitive_attributes": [],
          "identity_schema_version": 0,
          "private": "eyJlMmJmYjczMC1lY2FhLTExZTYtOGY4OC0zNDM2M2JjN2M0YzAiOnsiY3JlYXRlIjoxODAwMDAwMDAwMDAwLCJkZWxldGUiOjE4MDAwMDAwMDAwMDAsInJlYWQiOjMwMDAwMDAwMDAwMCwidXBkYXRlIjoxODAwMDAwMDAwMDAwfX0=",
          "dependencies": [
            "azurerm_private_dns_zone.dns",
            "azurerm_resource_group.aks_rg",
            "azurerm_virtual_network.vnet"
          ]
        }
      ]
    },
    {
      "mode": "managed",
      "type": "azurerm_private_endpoint",
      "name": "kv",
      "provider": "provider[\"registry.terraform.io/hashicorp/azurerm\"]",
      "instances": [
        {
          "schema_version": 0,
          "attributes": {
            "custom_dns_configs": [
              {
                "fqdn": "kv-learningsteps-1769.vault.azure.net",
                "ip_addresses": [
                  "10.0.1.10"
                ]
              }
            ],
            "custom_network_interface_name": "",
            "id": "/subscriptions/a2c41e5d-454d-4c0b-9f7a-2260d54011e7/resourceGroups/learningstepsRG/providers/Microsoft.Network/privateEndpoints/kv-pe",
            "ip_configuration": [],
            "location": "northeurope",
            "name": "kv-pe",
            "network_interface": [
              {
                "id": "/subscriptions/a2c41e5d-454d-4c0b-9f7a-2260d54011e7/resourceGroups/learningstepsRG/providers/Microsoft.Network/networkInterfaces/kv-pe.nic.95ca549e-2104-48c8-845a-d52e896d7b17",
                "name": "kv-pe.nic.95ca549e-2104-48c8-845a-d52e896d7b17"
              }
            ],
            "private_dns_zone_configs": [],
            "private_dns_zone_group": [],
            "private_service_connection": [
              {
                "is_manual_connection": false,
                "name": "kv-psc",
                "private_connection_resource_alias": "",
                "private_connection_resource_id": "/subscriptions/a2c41e5d-454d-4c0b-9f7a-2260d54011e7/resourceGroups/learningstepsRG/providers/Microsoft.KeyVault/vaults/kv-learningsteps-1769",
                "private_ip_address": "10.0.1.10",
                "request_message": "",
                "subresource_names": [
                  "vault"
                ]
              }
            ],
            "resource_group_name": "learningstepsRG",
            "subnet_id": "/subscriptions/a2c41e5d-454d-4c0b-9f7a-2260d54011e7/resourceGroups/learningstepsRG/providers/Microsoft.Network/virtualNetworks/learningsteps-vnet/subnets/aks-subnet",
            "tags": {},
            "timeouts": null
          },
          "sensitive_attributes": [],
          "identity_schema_version": 0,
          "private": "eyJlMmJmYjczMC1lY2FhLTExZTYtOGY4OC0zNDM2M2JjN2M0YzAiOnsiY3JlYXRlIjozNjAwMDAwMDAwMDAwLCJkZWxldGUiOjM2MDAwMDAwMDAwMDAsInJlYWQiOjMwMDAwMDAwMDAwMCwidXBkYXRlIjozNjAwMDAwMDAwMDAwfX0=",
          "dependencies": [
            "azurerm_key_vault.kv",
            "azurerm_resource_group.aks_rg",
            "azurerm_subnet.aks_subnet",
            "azurerm_virtual_network.vnet",
            "data.azurerm_client_config.current"
          ]
        }
      ]
    },
    {
      "mode": "managed",
      "type": "azurerm_resource_group",
      "name": "aks_rg",
      "provider": "provider[\"registry.terraform.io/hashicorp/azurerm\"]",
      "instances": [
        {
          "schema_version": 0,
          "attributes": {
            "id": "/subscriptions/a2c41e5d-454d-4c0b-9f7a-2260d54011e7/resourceGroups/learningstepsRG",
            "location": "northeurope",
            "managed_by": "",
            "name": "learningstepsRG",
            "tags": {},
            "timeouts": null
          },
          "sensitive_attributes": [],
          "identity_schema_version": 0,
          "private": "eyJlMmJmYjczMC1lY2FhLTExZTYtOGY4OC0zNDM2M2JjN2M0YzAiOnsiY3JlYXRlIjo1NDAwMDAwMDAwMDAwLCJkZWxldGUiOjU0MDAwMDAwMDAwMDAsInJlYWQiOjMwMDAwMDAwMDAwMCwidXBkYXRlIjo1NDAwMDAwMDAwMDAwfSwic2NoZW1hX3ZlcnNpb24iOiIwIn0="
        }
      ]
    },
    {
      "mode": "managed",
      "type": "azurerm_subnet",
      "name": "aks_subnet",
      "provider": "provider[\"registry.terraform.io/hashicorp/azurerm\"]",
      "instances": [
        {
          "schema_version": 0,
          "attributes": {
            "address_prefixes": [
              "10.0.1.0/24"
            ],
            "default_outbound_access_enabled": true,
            "delegation": [],
            "enforce_private_link_endpoint_network_policies": false,
            "enforce_private_link_service_network_policies": false,
            "id": "/subscriptions/a2c41e5d-454d-4c0b-9f7a-2260d54011e7/resourceGroups/learningstepsRG/providers/Microsoft.Network/virtualNetworks/learningsteps-vnet/subnets/aks-subnet",
            "name": "aks-subnet",
            "private_endpoint_network_policies": "Enabled",
            "private_endpoint_network_policies_enabled": true,
            "private_link_service_network_policies_enabled": true,
            "resource_group_name": "learningstepsRG",
            "service_endpoint_policy_ids": [],
            "service_endpoints": [],
            "timeouts": null,
            "virtual_network_name": "learningsteps-vnet"
          },
          "sensitive_attributes": [],
          "identity_schema_version": 0,
          "private": "eyJlMmJmYjczMC1lY2FhLTExZTYtOGY4OC0zNDM2M2JjN2M0YzAiOnsiY3JlYXRlIjoxODAwMDAwMDAwMDAwLCJkZWxldGUiOjE4MDAwMDAwMDAwMDAsInJlYWQiOjMwMDAwMDAwMDAwMCwidXBkYXRlIjoxODAwMDAwMDAwMDAwfX0=",
          "dependencies": [
            "azurerm_resource_group.aks_rg",
            "azurerm_virtual_network.vnet"
          ]
        }
      ]
    },
    {
      "mode": "managed",
      "type": "azurerm_subnet",
      "name": "db_subnet",
      "provider": "provider[\"registry.terraform.io/hashicorp/azurerm\"]",
      "instances": [
        {
          "schema_version": 0,
          "attributes": {
            "address_prefixes": [
              "10.0.2.0/24"
            ],
            "default_outbound_access_enabled": true,
            "delegation": [
              {
                "name": "fs",
                "service_delegation": [
                  {
                    "actions": [
                      "Microsoft.Network/virtualNetworks/subnets/join/action"
                    ],
                    "name": "Microsoft.DBforPostgreSQL/flexibleServers"
                  }
                ]
              }
            ],
            "enforce_private_link_endpoint_network_policies": false,
            "enforce_private_link_service_network_policies": false,
            "id": "/subscriptions/a2c41e5d-454d-4c0b-9f7a-2260d54011e7/resourceGroups/learningstepsRG/providers/Microsoft.Network/virtualNetworks/learningsteps-vnet/subnets/db-subnet",
            "name": "db-subnet",
            "private_endpoint_network_policies": "Enabled",
            "private_endpoint_network_policies_enabled": true,
            "private_link_service_network_policies_enabled": true,
            "resource_group_name": "learningstepsRG",
            "service_endpoint_policy_ids": [],
            "service_endpoints": [
              "Microsoft.Storage"
            ],
            "timeouts": null,
            "virtual_network_name": "learningsteps-vnet"
          },
          "sensitive_attributes": [],
          "identity_schema_version": 0,
          "private": "eyJlMmJmYjczMC1lY2FhLTExZTYtOGY4OC0zNDM2M2JjN2M0YzAiOnsiY3JlYXRlIjoxODAwMDAwMDAwMDAwLCJkZWxldGUiOjE4MDAwMDAwMDAwMDAsInJlYWQiOjMwMDAwMDAwMDAwMCwidXBkYXRlIjoxODAwMDAwMDAwMDAwfX0=",
          "dependencies": [
            "azurerm_resource_group.aks_rg",
            "azurerm_virtual_network.vnet"
          ]
        }
      ]
    },
    {
      "mode": "managed",
      "type": "azurerm_subnet_network_security_group_association",
      "name": "aks",
      "provider": "provider[\"registry.terraform.io/hashicorp/azurerm\"]",
      "instances": [
        {
          "schema_version": 0,
          "attributes": {
            "id": "/subscriptions/a2c41e5d-454d-4c0b-9f7a-2260d54011e7/resourceGroups/learningstepsRG/providers/Microsoft.Network/virtualNetworks/learningsteps-vnet/subnets/aks-subnet",
            "network_security_group_id": "/subscriptions/a2c41e5d-454d-4c0b-9f7a-2260d54011e7/resourceGroups/learningstepsRG/providers/Microsoft.Network/networkSecurityGroups/aks-nsg",
            "subnet_id": "/subscriptions/a2c41e5d-454d-4c0b-9f7a-2260d54011e7/resourceGroups/learningstepsRG/providers/Microsoft.Network/virtualNetworks/learningsteps-vnet/subnets/aks-subnet",
            "timeouts": null
          },
          "sensitive_attributes": [],
          "identity_schema_version": 0,
          "private": "eyJlMmJmYjczMC1lY2FhLTExZTYtOGY4OC0zNDM2M2JjN2M0YzAiOnsiY3JlYXRlIjoxODAwMDAwMDAwMDAwLCJkZWxldGUiOjE4MDAwMDAwMDAwMDAsInJlYWQiOjMwMDAwMDAwMDAwMH19",
          "dependencies": [
            "azurerm_network_security_group.aks_nsg",
            "azurerm_resource_group.aks_rg",
            "azurerm_subnet.aks_subnet",
            "azurerm_virtual_network.vnet"
          ]
        }
      ]
    },
    {
      "mode": "managed",
      "type": "azurerm_subnet_network_security_group_association",
      "name": "db",
      "provider": "provider[\"registry.terraform.io/hashicorp/azurerm\"]",
      "instances": [
        {
          "schema_version": 0,
          "attributes": {
            "id": "/subscriptions/a2c41e5d-454d-4c0b-9f7a-2260d54011e7/resourceGroups/learningstepsRG/providers/Microsoft.Network/virtualNetworks/learningsteps-vnet/subnets/db-subnet",
            "network_security_group_id": "/subscriptions/a2c41e5d-454d-4c0b-9f7a-2260d54011e7/resourceGroups/learningstepsRG/providers/Microsoft.Network/networkSecurityGroups/aks-nsg",
            "subnet_id": "/subscriptions/a2c41e5d-454d-4c0b-9f7a-2260d54011e7/resourceGroups/learningstepsRG/providers/Microsoft.Network/virtualNetworks/learningsteps-vnet/subnets/db-subnet",
            "timeouts": null
          },
          "sensitive_attributes": [],
          "identity_schema_version": 0,
          "private": "eyJlMmJmYjczMC1lY2FhLTExZTYtOGY4OC0zNDM2M2JjN2M0YzAiOnsiY3JlYXRlIjoxODAwMDAwMDAwMDAwLCJkZWxldGUiOjE4MDAwMDAwMDAwMDAsInJlYWQiOjMwMDAwMDAwMDAwMH19",
          "dependencies": [
            "azurerm_network_security_group.aks_nsg",
            "azurerm_resource_group.aks_rg",
            "azurerm_subnet.db_subnet",
            "azurerm_virtual_network.vnet"
          ]
        }
      ]
    },
    {
      "mode": "managed",
      "type": "azurerm_user_assigned_identity",
      "name": "kv_identity",
      "provider": "provider[\"registry.terraform.io/hashicorp/azurerm\"]",
      "instances": [
        {
          "schema_version": 1,
          "attributes": {
            "client_id": "818fced9-5cea-4791-a1c6-01f2d35690cf",
            "id": "/subscriptions/a2c41e5d-454d-4c0b-9f7a-2260d54011e7/resourceGroups/learningstepsRG/providers/Microsoft.ManagedIdentity/userAssignedIdentities/kv-identity",
            "location": "northeurope",
            "name": "kv-identity",
            "principal_id": "40969035-f1ae-4c65-9d03-84cfa1c18472",
            "resource_group_name": "learningstepsRG",
            "tags": null,
            "tenant_id": "c0531484-50fa-4ff2-97df-b1f2d4810603",
            "timeouts": null
          },
          "sensitive_attributes": [],
          "identity_schema_version": 0,
          "private": "eyJlMmJmYjczMC1lY2FhLTExZTYtOGY4OC0zNDM2M2JjN2M0YzAiOnsiY3JlYXRlIjoxODAwMDAwMDAwMDAwLCJkZWxldGUiOjE4MDAwMDAwMDAwMDAsInJlYWQiOjMwMDAwMDAwMDAwMCwidXBkYXRlIjoxODAwMDAwMDAwMDAwfSwic2NoZW1hX3ZlcnNpb24iOiIxIn0=",
          "dependencies": [
            "azurerm_resource_group.aks_rg"
          ]
        }
      ]
    },
    {
      "mode": "managed",
      "type": "azurerm_virtual_network",
      "name": "vnet",
      "provider": "provider[\"registry.terraform.io/hashicorp/azurerm\"]",
      "instances": [
        {
          "schema_version": 0,
          "attributes": {
            "address_space": [
              "10.0.0.0/16"
            ],
            "bgp_community": "",
            "ddos_protection_plan": [],
            "dns_servers": [],
            "edge_zone": "",
            "encryption": [],
            "flow_timeout_in_minutes": 0,
            "guid": "84426c22-62fe-4a60-b19f-4de3f9297273",
            "id": "/subscriptions/a2c41e5d-454d-4c0b-9f7a-2260d54011e7/resourceGroups/learningstepsRG/providers/Microsoft.Network/virtualNetworks/learningsteps-vnet",
            "location": "northeurope",
            "name": "learningsteps-vnet",
            "resource_group_name": "learningstepsRG",
            "subnet": [
              {
                "address_prefix": "10.0.1.0/24",
                "id": "/subscriptions/a2c41e5d-454d-4c0b-9f7a-2260d54011e7/resourceGroups/learningstepsRG/providers/Microsoft.Network/virtualNetworks/learningsteps-vnet/subnets/aks-subnet",
                "name": "aks-subnet",
                "security_group": "/subscriptions/a2c41e5d-454d-4c0b-9f7a-2260d54011e7/resourceGroups/learningstepsRG/providers/Microsoft.Network/networkSecurityGroups/aks-nsg"
              },
              {
                "address_prefix": "10.0.2.0/24",
                "id": "/subscriptions/a2c41e5d-454d-4c0b-9f7a-2260d54011e7/resourceGroups/learningstepsRG/providers/Microsoft.Network/virtualNetworks/learningsteps-vnet/subnets/db-subnet",
                "name": "db-subnet",
                "security_group": "/subscriptions/a2c41e5d-454d-4c0b-9f7a-2260d54011e7/resourceGroups/learningstepsRG/providers/Microsoft.Network/networkSecurityGroups/aks-nsg"
              }
            ],
            "tags": {},
            "timeouts": null
          },
          "sensitive_attributes": [],
          "identity_schema_version": 0,
          "private": "eyJlMmJmYjczMC1lY2FhLTExZTYtOGY4OC0zNDM2M2JjN2M0YzAiOnsiY3JlYXRlIjoxODAwMDAwMDAwMDAwLCJkZWxldGUiOjE4MDAwMDAwMDAwMDAsInJlYWQiOjMwMDAwMDAwMDAwMCwidXBkYXRlIjoxODAwMDAwMDAwMDAwfX0=",
          "dependencies": [
            "azurerm_resource_group.aks_rg"
          ]
        }
      ]
    },
    {
      "mode": "managed",
      "type": "kubernetes_config_map",
      "name": "db_init_script",
      "provider": "provider[\"registry.terraform.io/hashicorp/kubernetes\"]",
      "instances": [
        {
          "schema_version": 0,
          "attributes": {
            "binary_data": null,
            "data": {
              "init.sql": "      # -- We use $do$ to avoid the $$ parsing error in Checkov\n      # DO $do$ \n      # BEGIN \n      #  IF NOT EXISTS (SELECT FROM pg_catalog.pg_roles WHERE rolname = 'fastapiuser') THEN\n      #    CREATE USER fastapiuser WITH PASSWORD 'pass123';\n      #  END IF;\n      # END $do$;\n      \n      # GRANT ALL PRIVILEGES ON DATABASE fastapidb TO fastapiuser;\n\n      # CREATE TABLE IF NOT EXISTS entries (\n      #    id SERIAL PRIMARY KEY,\n      #    title TEXT NOT NULL,\n      #    content TEXT,\n      #    created_at TIMESTAMP DEFAULT CURRENT_TIMESTAMP\n      # );\n    # EOF\n    \n    CREATE TABLE IF NOT EXISTS entries (\n          id SERIAL PRIMARY KEY,\n          title TEXT NOT NULL,\n          content TEXT,\n          created_at TIMESTAMP DEFAULT CURRENT_TIMESTAMP\n      );\n"
            },
            "id": "app/db-init-script",
            "immutable": false,
            "metadata": [
              {
                "annotations": null,
                "generate_name": "",
                "generation": 0,
                "labels": null,
                "name": "db-init-script",
                "namespace": "app",
                "resource_version": "1346",
                "uid": "174f2a82-bc8c-4ef8-b53f-f2c100ca3e8b"
              }
            ]
          },
          "sensitive_attributes": [],
          "identity_schema_version": 1,
          "identity": {
            "api_version": "v1",
            "kind": "ConfigMap",
            "name": "db-init-script",
            "namespace": "app"
          },
          "private": "bnVsbA==",
          "dependencies": [
            "azurerm_kubernetes_cluster.aks",
            "azurerm_resource_group.aks_rg",
            "azurerm_subnet.aks_subnet",
            "azurerm_virtual_network.vnet",
            "kubernetes_namespace.app"
          ]
        }
      ]
    },
    {
      "mode": "managed",
      "type": "kubernetes_deployment",
      "name": "api",
      "provider": "provider[\"registry.terraform.io/hashicorp/kubernetes\"]",
      "instances": [
        {
          "status": "tainted",
          "schema_version": 1,
          "attributes": {
            "id": "app/learningsteps-api",
            "metadata": [
              {
                "annotations": null,
                "generate_name": "",
                "generation": 0,
                "labels": null,
                "name": "learningsteps-api",
                "namespace": "app",
                "resource_version": "",
                "uid": ""
              }
            ],
            "spec": [
              {
                "min_ready_seconds": 0,
                "paused": false,
                "progress_deadline_seconds": 600,
                "replicas": "2",
                "revision_history_limit": 10,
                "selector": [
                  {
                    "match_expressions": [],
                    "match_labels": {
                      "app": "learningsteps"
                    }
                  }
                ],
                "strategy": [],
                "template": [
                  {
                    "metadata": [
                      {
                        "annotations": null,
                        "generate_name": "",
                        "generation": 0,
                        "labels": {
                          "app": "learningsteps"
                        },
                        "name": "",
                        "namespace": "",
                        "resource_version": "",
                        "uid": ""
                      }
                    ],
                    "spec": [
                      {
                        "active_deadline_seconds": 0,
                        "affinity": [],
                        "automount_service_account_token": true,
                        "container": [
                          {
                            "args": null,
                            "command": null,
                            "env": [
                              {
                                "name": "DB_HOST",
                                "value": "learningsteps-db-server.postgres.database.azure.com",
                                "value_from": []
                              },
                              {
                                "name": "DB_USER",
                                "value": "psqladmin",
                                "value_from": []
                              },
                              {
                                "name": "DB_NAME",
                                "value": "fastapidb",
                                "value_from": []
                              }
                            ],
                            "env_from": [],
                            "image": "learningstepsregistry20260126.azurecr.io/learningsteps-api:v1",
                            "image_pull_policy": "",
                            "lifecycle": [],
                            "liveness_probe": [],
                            "name": "api",
                            "port": [
                              {
                                "container_port": 8000,
                                "host_ip": "",
                                "host_port": 0,
                                "name": "http",
                                "protocol": "TCP"
                              },
                              {
                                "container_port": 8001,
                                "host_ip": "",
                                "host_port": 0,
                                "name": "metrics",
                                "protocol": "TCP"
                              }
                            ],
                            "readiness_probe": [],
                            "resources": [],
                            "security_context": [],
                            "startup_probe": [],
                            "stdin": false,
                            "stdin_once": false,
                            "termination_message_path": "/dev/termination-log",
                            "termination_message_policy": "",
                            "tty": false,
                            "volume_device": [],
                            "volume_mount": [
                              {
                                "mount_path": "/mnt/secrets-store",
                                "mount_propagation": "None",
                                "name": "secrets-store-inline",
                                "read_only": true,
                                "sub_path": "",
                                "sub_path_expr": ""
                              }
                            ],
                            "working_dir": ""
                          }
                        ],
                        "dns_config": [],
                        "dns_policy": "ClusterFirst",
                        "enable_service_links": true,
                        "host_aliases": [],
                        "host_ipc": false,
                        "host_network": false,
                        "host_pid": false,
                        "hostname": "",
                        "image_pull_secrets": [],
                        "init_container": [
                          {
                            "args": [
                              "PGPASSWORD=$$DB_PASSWORD psql -h $$DB_HOST -U $$DB_USER -d $$DB_NAME \u003c\u003c'SQL'\nDO $$\nBEGIN\n  IF NOT EXISTS (\n    SELECT FROM pg_catalog.pg_roles WHERE rolname = 'fastapiuser'\n  ) THEN\n    CREATE USER fastapiuser WITH PASSWORD 'pass123';\n  END IF;\n\n  GRANT ALL PRIVILEGES ON DATABASE fastapidb TO fastapiuser;\n  GRANT USAGE ON SCHEMA public TO fastapiuser;\n  GRANT ALL PRIVILEGES ON ALL TABLES IN SCHEMA public TO fastapiuser;\n  GRANT ALL PRIVILEGES ON ALL SEQUENCES IN SCHEMA public TO fastapiuser;\nEND\n$$;\nSQL\n\nPGPASSWORD=$$DB_PASSWORD psql -h $$DB_HOST -U $$DB_USER -d $$DB_NAME -f /scripts/init.sql\n"
                            ],
                            "command": [
                              "/bin/bash",
                              "-c"
                            ],
                            "env": [
                              {
                                "name": "DB_HOST",
                                "value": "learningsteps-db-server.postgres.database.azure.com",
                                "value_from": []
                              },
                              {
                                "name": "DB_USER",
                                "value": "psqladmin",
                                "value_from": []
                              },
                              {
                                "name": "DB_NAME",
                                "value": "fastapidb",
                                "value_from": []
                              },
                              {
                                "name": "DB_PASSWORD",
                                "value": "%{q-X\u003ew}IqF9iQa]2kU\u003c",
                                "value_from": []
                              }
                            ],
                            "env_from": [],
                            "image": "postgres:13",
                            "image_pull_policy": "",
                            "lifecycle": [],
                            "liveness_probe": [],
                            "name": "init-db-user",
                            "port": [],
                            "readiness_probe": [],
                            "resources": [],
                            "security_context": [],
                            "startup_probe": [],
                            "stdin": false,
                            "stdin_once": false,
                            "termination_message_path": "/dev/termination-log",
                            "termination_message_policy": "",
                            "tty": false,
                            "volume_device": [],
                            "volume_mount": [
                              {
                                "mount_path": "/scripts",
                                "mount_propagation": "None",
                                "name": "db-init-volume",
                                "read_only": false,
                                "sub_path": "",
                                "sub_path_expr": ""
                              }
                            ],
                            "working_dir": ""
                          }
                        ],
                        "node_name": "",
                        "node_selector": null,
                        "os": [],
                        "priority_class_name": "",
                        "readiness_gate": [],
                        "restart_policy": "Always",
                        "runtime_class_name": "",
                        "scheduler_name": "",
                        "security_context": [
                          {
                            "fs_group": "1000",
                            "fs_group_change_policy": "",
                            "run_as_group": "",
                            "run_as_non_root": true,
                            "run_as_user": "1000",
                            "se_linux_options": [],
                            "seccomp_profile": [],
                            "supplemental_groups": null,
                            "sysctl": [],
                            "windows_options": []
                          }
                        ],
                        "service_account_name": "",
                        "share_process_namespace": false,
                        "subdomain": "",
                        "termination_grace_period_seconds": 30,
                        "toleration": [],
                        "topology_spread_constraint": [],
                        "volume": [
                          {
                            "aws_elastic_block_store": [],
                            "azure_disk": [],
                            "azure_file": [],
                            "ceph_fs": [],
                            "cinder": [],
                            "config_map": [
                              {
                                "default_mode": "0644",
                                "items": [],
                                "name": "db-init-script",
                                "optional": false
                              }
                            ],
                            "csi": [],
                            "downward_api": [],
                            "empty_dir": [],
                            "ephemeral": [],
                            "fc": [],
                            "flex_volume": [],
                            "flocker": [],
                            "gce_persistent_disk": [],
                            "git_repo": [],
                            "glusterfs": [],
                            "host_path": [],
                            "iscsi": [],
                            "local": [],
                            "name": "db-init-volume",
                            "nfs": [],
                            "persistent_volume_claim": [],
                            "photon_persistent_disk": [],
                            "projected": [],
                            "quobyte": [],
                            "rbd": [],
                            "secret": [],
                            "vsphere_volume": []
                          },
                          {
                            "aws_elastic_block_store": [],
                            "azure_disk": [],
                            "azure_file": [],
                            "ceph_fs": [],
                            "cinder": [],
                            "config_map": [],
                            "csi": [
                              {
                                "driver": "secrets-store.csi.k8s.io",
                                "fs_type": "",
                                "node_publish_secret_ref": [],
                                "read_only": true,
                                "volume_attributes": {
                                  "secretProviderClass": "azure-keyvault"
                                }
                              }
                            ],
                            "downward_api": [],
                            "empty_dir": [],
                            "ephemeral": [],
                            "fc": [],
                            "flex_volume": [],
                            "flocker": [],
                            "gce_persistent_disk": [],
                            "git_repo": [],
                            "glusterfs": [],
                            "host_path": [],
                            "iscsi": [],
                            "local": [],
                            "name": "secrets-store-inline",
                            "nfs": [],
                            "persistent_volume_claim": [],
                            "photon_persistent_disk": [],
                            "projected": [],
                            "quobyte": [],
                            "rbd": [],
                            "secret": [],
                            "vsphere_volume": []
                          }
                        ]
                      }
                    ]
                  }
                ]
              }
            ],
            "timeouts": null,
            "wait_for_rollout": true
          },
          "sensitive_attributes": [
            [
              {
                "type": "get_attr",
                "value": "spec"
              },
              {
                "type": "index",
                "value": {
                  "value": 0,
                  "type": "number"
                }
              },
              {
                "type": "get_attr",
                "value": "template"
              },
              {
                "type": "index",
                "value": {
                  "value": 0,
                  "type": "number"
                }
              },
              {
                "type": "get_attr",
                "value": "spec"
              },
              {
                "type": "index",
                "value": {
                  "value": 0,
                  "type": "number"
                }
              },
              {
                "type": "get_attr",
                "value": "init_container"
              },
              {
                "type": "index",
                "value": {
                  "value": 0,
                  "type": "number"
                }
              },
              {
                "type": "get_attr",
                "value": "env"
              },
              {
                "type": "index",
                "value": {
                  "value": 3,
                  "type": "number"
                }
              },
              {
                "type": "get_attr",
                "value": "value"
              }
            ]
          ],
          "identity_schema_version": 1,
          "identity": {
            "api_version": null,
            "kind": null,
            "name": null,
            "namespace": null
          },
          "private": "eyJlMmJmYjczMC1lY2FhLTExZTYtOGY4OC0zNDM2M2JjN2M0YzAiOnsiY3JlYXRlIjo2MDAwMDAwMDAwMDAsImRlbGV0ZSI6NjAwMDAwMDAwMDAwLCJ1cGRhdGUiOjYwMDAwMDAwMDAwMH0sInNjaGVtYV92ZXJzaW9uIjoiMSJ9",
          "dependencies": [
            "azurerm_key_vault.kv",
            "azurerm_key_vault_secret.db_password",
            "azurerm_kubernetes_cluster.aks",
            "azurerm_postgresql_flexible_server.db",
            "azurerm_private_dns_zone.dns",
            "azurerm_private_dns_zone_virtual_network_link.dns_link",
            "azurerm_resource_group.aks_rg",
            "azurerm_subnet.aks_subnet",
            "azurerm_subnet.db_subnet",
            "azurerm_virtual_network.vnet",
            "data.azurerm_client_config.current",
            "kubernetes_config_map.db_init_script",
            "kubernetes_namespace.app",
            "random_password.db_pass"
          ]
        }
      ]
    },
    {
      "mode": "managed",
      "type": "kubernetes_namespace",
      "name": "app",
      "provider": "provider[\"registry.terraform.io/hashicorp/kubernetes\"]",
      "instances": [
        {
          "schema_version": 0,
          "attributes": {
            "id": "app",
            "metadata": [
              {
                "annotations": null,
                "generate_name": "",
                "generation": 0,
                "labels": null,
                "name": "app",
                "resource_version": "1343",
                "uid": "da225594-524d-4af0-b754-e5a56fdfb9e5"
              }
            ],
            "timeouts": null,
            "wait_for_default_service_account": false
          },
          "sensitive_attributes": [],
          "identity_schema_version": 1,
          "identity": {
            "api_version": "v1",
            "kind": "Namespace",
            "name": "app"
          },
          "private": "eyJlMmJmYjczMC1lY2FhLTExZTYtOGY4OC0zNDM2M2JjN2M0YzAiOnsiZGVsZXRlIjozMDAwMDAwMDAwMDB9fQ==",
          "dependencies": [
            "azurerm_kubernetes_cluster.aks",
            "azurerm_resource_group.aks_rg",
            "azurerm_subnet.aks_subnet",
            "azurerm_virtual_network.vnet"
          ]
        }
      ]
    },
    {
      "mode": "managed",
      "type": "random_password",
      "name": "db_pass",
      "provider": "provider[\"registry.terraform.io/hashicorp/random\"]",
      "instances": [
        {
          "schema_version": 3,
          "attributes": {
            "bcrypt_hash": "$2a$10$in7W8t42MQAhkiL1/cTOSOAFThnMFni5YCQDKJ27CTpKE5/01uqFu",
            "id": "none",
            "keepers": null,
            "length": 20,
            "lower": true,
            "min_lower": 0,
            "min_numeric": 0,
            "min_special": 0,
            "min_upper": 0,
            "number": true,
            "numeric": true,
            "override_special": null,
            "result": "%{q-X\u003ew}IqF9iQa]2kU\u003c",
            "special": true,
            "upper": true
          },
          "sensitive_attributes": [
            [
              {
                "type": "get_attr",
                "value": "bcrypt_hash"
              }
            ],
            [
              {
                "type": "get_attr",
                "value": "result"
              }
            ]
          ],
          "identity_schema_version": 0
        }
      ]
    }
  ],
  "check_results": null
}
