{
  "version": 4,
  "terraform_version": "1.14.3",
  "serial": 36,
  "lineage": "3469b075-8cf2-078c-c7cd-ddb1488ec2ae",
  "outputs": {},
  "resources": [
    {
      "mode": "data",
      "type": "azurerm_client_config",
      "name": "current",
      "provider": "provider[\"registry.terraform.io/hashicorp/azurerm\"]",
      "instances": [
        {
          "schema_version": 0,
          "attributes": {
            "client_id": "04b07795-8ddb-461a-bbee-02f9e1bf7b46",
            "id": "Y2xpZW50Q29uZmlncy9jbGllbnRJZD0wNGIwNzc5NS04ZGRiLTQ2MWEtYmJlZS0wMmY5ZTFiZjdiNDY7b2JqZWN0SWQ9YjAwY2Q4ZmItM2JlOS00YzRiLWFlMTUtMzVjMjJkN2JjY2FiO3N1YnNjcmlwdGlvbklkPWEyYzQxZTVkLTQ1NGQtNGMwYi05ZjdhLTIyNjBkNTQwMTFlNzt0ZW5hbnRJZD1jMDUzMTQ4NC01MGZhLTRmZjItOTdkZi1iMWYyZDQ4MTA2MDM=",
            "object_id": "b00cd8fb-3be9-4c4b-ae15-35c22d7bccab",
            "subscription_id": "a2c41e5d-454d-4c0b-9f7a-2260d54011e7",
            "tenant_id": "c0531484-50fa-4ff2-97df-b1f2d4810603",
            "timeouts": null
          },
          "sensitive_attributes": [],
          "identity_schema_version": 0
        }
      ]
    },
    {
      "mode": "managed",
      "type": "azurerm_key_vault",
      "name": "kv",
      "provider": "provider[\"registry.terraform.io/hashicorp/azurerm\"]",
      "instances": [
        {
          "schema_version": 2,
          "attributes": {
            "access_policy": [
              {
                "application_id": "",
                "certificate_permissions": [],
                "key_permissions": [],
                "object_id": "b00cd8fb-3be9-4c4b-ae15-35c22d7bccab",
                "secret_permissions": [
                  "Get",
                  "List",
                  "Set",
                  "Delete",
                  "Purge"
                ],
                "storage_permissions": [],
                "tenant_id": "c0531484-50fa-4ff2-97df-b1f2d4810603"
              }
            ],
            "contact": [],
            "enable_rbac_authorization": false,
            "enabled_for_deployment": false,
            "enabled_for_disk_encryption": false,
            "enabled_for_template_deployment": false,
            "id": "/subscriptions/a2c41e5d-454d-4c0b-9f7a-2260d54011e7/resourceGroups/learningstepsRG/providers/Microsoft.KeyVault/vaults/kv-learningsteps-1769",
            "location": "northeurope",
            "name": "kv-learningsteps-1769",
            "network_acls": [
              {
                "bypass": "AzureServices",
                "default_action": "Allow",
                "ip_rules": [],
                "virtual_network_subnet_ids": []
              }
            ],
            "public_network_access_enabled": true,
            "purge_protection_enabled": false,
            "resource_group_name": "learningstepsRG",
            "sku_name": "standard",
            "soft_delete_retention_days": 90,
            "tags": {},
            "tenant_id": "c0531484-50fa-4ff2-97df-b1f2d4810603",
            "timeouts": null,
            "vault_uri": "https://kv-learningsteps-1769.vault.azure.net/"
          },
          "sensitive_attributes": [],
          "identity_schema_version": 0,
          "private": "eyJlMmJmYjczMC1lY2FhLTExZTYtOGY4OC0zNDM2M2JjN2M0YzAiOnsiY3JlYXRlIjoxODAwMDAwMDAwMDAwLCJkZWxldGUiOjE4MDAwMDAwMDAwMDAsInJlYWQiOjMwMDAwMDAwMDAwMCwidXBkYXRlIjoxODAwMDAwMDAwMDAwfSwic2NoZW1hX3ZlcnNpb24iOiIyIn0=",
          "dependencies": [
            "azurerm_resource_group.aks_rg",
            "data.azurerm_client_config.current"
          ]
        }
      ]
    },
    {
      "mode": "managed",
      "type": "azurerm_key_vault_access_policy",
      "name": "aks_policy",
      "provider": "provider[\"registry.terraform.io/hashicorp/azurerm\"]",
      "instances": [
        {
          "schema_version": 0,
          "attributes": {
            "application_id": null,
            "certificate_permissions": null,
            "id": "/subscriptions/a2c41e5d-454d-4c0b-9f7a-2260d54011e7/resourceGroups/learningstepsRG/providers/Microsoft.KeyVault/vaults/kv-learningsteps-1769/objectId/7bdefc30-44d6-4346-95f5-79bf6229d21b",
            "key_permissions": null,
            "key_vault_id": "/subscriptions/a2c41e5d-454d-4c0b-9f7a-2260d54011e7/resourceGroups/learningstepsRG/providers/Microsoft.KeyVault/vaults/kv-learningsteps-1769",
            "object_id": "7bdefc30-44d6-4346-95f5-79bf6229d21b",
            "secret_permissions": [
              "Get",
              "List"
            ],
            "storage_permissions": null,
            "tenant_id": "c0531484-50fa-4ff2-97df-b1f2d4810603",
            "timeouts": null
          },
          "sensitive_attributes": [],
          "identity_schema_version": 0,
          "private": "eyJlMmJmYjczMC1lY2FhLTExZTYtOGY4OC0zNDM2M2JjN2M0YzAiOnsiY3JlYXRlIjoxODAwMDAwMDAwMDAwLCJkZWxldGUiOjE4MDAwMDAwMDAwMDAsInJlYWQiOjMwMDAwMDAwMDAwMCwidXBkYXRlIjoxODAwMDAwMDAwMDAwfX0=",
          "dependencies": [
            "azurerm_key_vault.kv",
            "azurerm_kubernetes_cluster.aks",
            "azurerm_resource_group.aks_rg",
            "azurerm_subnet.aks_subnet",
            "azurerm_virtual_network.vnet",
            "data.azurerm_client_config.current"
          ]
        }
      ]
    },
    {
      "mode": "managed",
      "type": "azurerm_key_vault_access_policy",
      "name": "user_policy",
      "provider": "provider[\"registry.terraform.io/hashicorp/azurerm\"]",
      "instances": [
        {
          "schema_version": 0,
          "attributes": {
            "application_id": "",
            "certificate_permissions": [],
            "id": "/subscriptions/a2c41e5d-454d-4c0b-9f7a-2260d54011e7/resourceGroups/learningstepsRG/providers/Microsoft.KeyVault/vaults/kv-learningsteps-1769/objectId/b00cd8fb-3be9-4c4b-ae15-35c22d7bccab",
            "key_permissions": [],
            "key_vault_id": "/subscriptions/a2c41e5d-454d-4c0b-9f7a-2260d54011e7/resourceGroups/learningstepsRG/providers/Microsoft.KeyVault/vaults/kv-learningsteps-1769",
            "object_id": "b00cd8fb-3be9-4c4b-ae15-35c22d7bccab",
            "secret_permissions": [
              "Get",
              "List",
              "Set",
              "Delete",
              "Purge"
            ],
            "storage_permissions": [],
            "tenant_id": "c0531484-50fa-4ff2-97df-b1f2d4810603",
            "timeouts": null
          },
          "sensitive_attributes": [],
          "identity_schema_version": 0,
          "private": "eyJlMmJmYjczMC1lY2FhLTExZTYtOGY4OC0zNDM2M2JjN2M0YzAiOnsiY3JlYXRlIjoxODAwMDAwMDAwMDAwLCJkZWxldGUiOjE4MDAwMDAwMDAwMDAsInJlYWQiOjMwMDAwMDAwMDAwMCwidXBkYXRlIjoxODAwMDAwMDAwMDAwfSwic2NoZW1hX3ZlcnNpb24iOiIwIn0="
        }
      ]
    },
    {
      "mode": "managed",
      "type": "azurerm_key_vault_secret",
      "name": "db_password",
      "provider": "provider[\"registry.terraform.io/hashicorp/azurerm\"]",
      "instances": [
        {
          "schema_version": 0,
          "attributes": {
            "content_type": "",
            "expiration_date": null,
            "id": "https://kv-learningsteps-1769.vault.azure.net/secrets/pg-admin-password/f2cf57d95565411fb9e8d7c2ebb42477",
            "key_vault_id": "/subscriptions/a2c41e5d-454d-4c0b-9f7a-2260d54011e7/resourceGroups/learningstepsRG/providers/Microsoft.KeyVault/vaults/kv-learningsteps-1769",
            "name": "pg-admin-password",
            "not_before_date": null,
            "resource_id": "/subscriptions/a2c41e5d-454d-4c0b-9f7a-2260d54011e7/resourceGroups/learningstepsRG/providers/Microsoft.KeyVault/vaults/kv-learningsteps-1769/secrets/pg-admin-password/versions/f2cf57d95565411fb9e8d7c2ebb42477",
            "resource_versionless_id": "/subscriptions/a2c41e5d-454d-4c0b-9f7a-2260d54011e7/resourceGroups/learningstepsRG/providers/Microsoft.KeyVault/vaults/kv-learningsteps-1769/secrets/pg-admin-password",
            "tags": {},
            "timeouts": null,
            "value": "GVzznjNdS6RTSoGL?bId",
            "version": "f2cf57d95565411fb9e8d7c2ebb42477",
            "versionless_id": "https://kv-learningsteps-1769.vault.azure.net/secrets/pg-admin-password"
          },
          "sensitive_attributes": [
            [
              {
                "type": "get_attr",
                "value": "value"
              }
            ]
          ],
          "identity_schema_version": 0,
          "private": "eyJlMmJmYjczMC1lY2FhLTExZTYtOGY4OC0zNDM2M2JjN2M0YzAiOnsiY3JlYXRlIjoxODAwMDAwMDAwMDAwLCJkZWxldGUiOjE4MDAwMDAwMDAwMDAsInJlYWQiOjE4MDAwMDAwMDAwMDAsInVwZGF0ZSI6MTgwMDAwMDAwMDAwMH19",
          "dependencies": [
            "azurerm_key_vault.kv",
            "azurerm_resource_group.aks_rg",
            "data.azurerm_client_config.current",
            "random_password.db_pass"
          ]
        }
      ]
    },
    {
      "mode": "managed",
      "type": "azurerm_kubernetes_cluster",
      "name": "aks",
      "provider": "provider[\"registry.terraform.io/hashicorp/azurerm\"]",
      "instances": [
        {
          "schema_version": 2,
          "attributes": {
            "aci_connector_linux": [],
            "api_server_access_profile": [],
            "api_server_authorized_ip_ranges": [],
            "auto_scaler_profile": [],
            "automatic_channel_upgrade": "",
            "azure_active_directory_role_based_access_control": [],
            "azure_policy_enabled": false,
            "confidential_computing": [],
            "cost_analysis_enabled": false,
            "current_kubernetes_version": "1.33.5",
            "custom_ca_trust_certificates_base64": [],
            "default_node_pool": [
              {
                "capacity_reservation_group_id": "",
                "custom_ca_trust_enabled": false,
                "enable_auto_scaling": false,
                "enable_host_encryption": false,
                "enable_node_public_ip": false,
                "fips_enabled": false,
                "gpu_instance": "",
                "host_group_id": "",
                "kubelet_config": [],
                "kubelet_disk_type": "OS",
                "linux_os_config": [],
                "max_count": 0,
                "max_pods": 30,
                "message_of_the_day": "",
                "min_count": 0,
                "name": "default",
                "node_count": 1,
                "node_labels": {},
                "node_network_profile": [],
                "node_public_ip_prefix_id": "",
                "node_taints": [],
                "only_critical_addons_enabled": false,
                "orchestrator_version": "1.33",
                "os_disk_size_gb": 128,
                "os_disk_type": "Managed",
                "os_sku": "Ubuntu",
                "pod_subnet_id": "",
                "proximity_placement_group_id": "",
                "scale_down_mode": "Delete",
                "snapshot_id": "",
                "tags": {},
                "temporary_name_for_rotation": "",
                "type": "VirtualMachineScaleSets",
                "ultra_ssd_enabled": false,
                "upgrade_settings": [
                  {
                    "drain_timeout_in_minutes": 0,
                    "max_surge": "10%",
                    "node_soak_duration_in_minutes": 0
                  }
                ],
                "vm_size": "Standard_D2s_v3",
                "vnet_subnet_id": "/subscriptions/a2c41e5d-454d-4c0b-9f7a-2260d54011e7/resourceGroups/learningstepsRG/providers/Microsoft.Network/virtualNetworks/learningsteps-vnet/subnets/aks-subnet",
                "workload_runtime": "",
                "zones": []
              }
            ],
            "disk_encryption_set_id": "",
            "dns_prefix": "learningstepsaks",
            "dns_prefix_private_cluster": "",
            "edge_zone": "",
            "enable_pod_security_policy": false,
            "fqdn": "learningstepsaks-kabe50t0.hcp.northeurope.azmk8s.io",
            "http_application_routing_enabled": false,
            "http_application_routing_zone_name": "",
            "http_proxy_config": [],
            "id": "/subscriptions/a2c41e5d-454d-4c0b-9f7a-2260d54011e7/resourceGroups/learningstepsRG/providers/Microsoft.ContainerService/managedClusters/learningsteps-aks",
            "identity": [
              {
                "identity_ids": [],
                "principal_id": "4bebae4d-6bb6-4d56-ad5a-327ad8c230f6",
                "tenant_id": "c0531484-50fa-4ff2-97df-b1f2d4810603",
                "type": "SystemAssigned"
              }
            ],
            "image_cleaner_enabled": false,
            "image_cleaner_interval_hours": 48,
            "ingress_application_gateway": [],
            "key_management_service": [],
            "key_vault_secrets_provider": [
              {
                "secret_identity": [
                  {
                    "client_id": "46ffcef7-ee66-4211-a8a2-f3eb07ef8fb7",
                    "object_id": "b6de52c3-0f35-4c3d-82d2-c3359b2f11e9",
                    "user_assigned_identity_id": "/subscriptions/a2c41e5d-454d-4c0b-9f7a-2260d54011e7/resourcegroups/MC_learningstepsRG_learningsteps-aks_northeurope/providers/Microsoft.ManagedIdentity/userAssignedIdentities/azurekeyvaultsecretsprovider-learningsteps-aks"
                  }
                ],
                "secret_rotation_enabled": true,
                "secret_rotation_interval": "2m"
              }
            ],
            "kube_admin_config": [],
            "kube_admin_config_raw": "",
            "kube_config": [
              {
                "client_certificate": "LS0tLS1CRUdJTiBDRVJUSUZJQ0FURS0tLS0tCk1JSUZIVENDQXdXZ0F3SUJBZ0lRQ0N4TnBlQ3pic3B1cHdaeTJ0bm1xakFOQmdrcWhraUc5dzBCQVFzRkFEQU4KTVFzd0NRWURWUVFERXdKallUQWVGdzB5TmpBeE1qWXhPRFUwTkRKYUZ3MHlPREF4TWpZeE9UQTBOREphTURBeApGekFWQmdOVkJBb1REbk41YzNSbGJUcHRZWE4wWlhKek1SVXdFd1lEVlFRREV3eHRZWE4wWlhKamJHbGxiblF3CmdnSWlNQTBHQ1NxR1NJYjNEUUVCQVFVQUE0SUNEd0F3Z2dJS0FvSUNBUURMM0Z5RElxREtoNXQxeEVTUnFST3AKbmJaQXRGeG1mYnA1UVVoWHNnTTNieVkvWTRaOVVzUlZmWXU0VWpRWXJSSDVCdmpEQUNxcXRDRnh4Z0ZSVnVXNwpKUWdWMGFsRWJKMlU2OVNuOGRQM3ZKK0ZvK3oyZnNpWENvOGh2OS90WitId0VsLzRINmlBQW9EbmlJSlhrYVVBClp5ZUlxWDIxRmYvRUE1bDNWTVZYaWJQTndocGpFOWhHNHlLRzZrbExGcnJCbmorQnRjVWlLNEpzMUltajdWNEMKNFJ3N0hQMzByVXNnNjg3QWRxSHhmQmpkYjFONlM3dkhaRVJ6bkp0TG1aVzRMTXNoeW5hME1hVnNXZnFJY3pNYQpGbHpxa3AzSWxSam9TQ0d0M1JuTmd1enN6RFN4QkNGVTVKNWtmMFhVci81T1JhTXlEMDUyMVZkVjRjMjJVc2QxCmVIdXRseHFobVU3dVE4RG5MUUJxQVgrYjZMVGtab00zMzgzd2JidW5ueU1yNC82Q0hMNGxBUjdWbWxWZHVQUC8KYmFVci9hWEJFUm1CVVB0cnp5TGw5a0hicDZlYlJXUkoyT0FUWjNiZFJRZ0dpS2dZbWFOeDB2TVpaSi9xYXNaRApFSnF6WjhhMFJWY09zK3lsdjJic2s0SndpUGw4V0JNL1dTeDVCamY0OC9VVFh5ZmpDQVBHdEdWd3NmcEplS2pqCjhOODB3Y3VkNTNoOXhUS2tsdGpJWVAyQmxBTGxHYi82V2VsMFFUTGZsMWZ3ZldMQ2NHR3pQV0NSYUNSQ1hxQzAKZ3Y2NDRGTk9uVng4VDBqT3htSDZRbjVuOFoxVVJjYnVuQ3dxV1JBZjFOOTNtSjB6Rlh3WGhrREdzVko5czB0QgpWRG5HUGJGWTJHTkRWSmxIYSsrdW5RSURBUUFCbzFZd1ZEQU9CZ05WSFE4QkFmOEVCQU1DQmFBd0V3WURWUjBsCkJBd3dDZ1lJS3dZQkJRVUhBd0l3REFZRFZSMFRBUUgvQkFJd0FEQWZCZ05WSFNNRUdEQVdnQlFMVlQrVEQ2ZTAKR1Q1VGpTTXRScnBZaDBFQkZqQU5CZ2txaGtpRzl3MEJBUXNGQUFPQ0FnRUFZOGdhbkMwTkl4MXJsNEZHNVpueAp4RVVvMzE2cXEza2VOcmIraWphbXBudW8rZDRIVkd1MTBZT2hudnhXSlFXZ2NDbS9UYmp5S1hHd0REYkZKNG9SCjJIZUUyV2NKMXoycjc1RTJEdHM2cmhBdEY2Tk4vVWdPQ2xxYVV3YlJleUpUcGN6b0s3WjlPUzNGeU9NVTFmcFYKNGhKQUxPSkZNaGVteHV4TUlZTDd1K2lUYlZzZzdySzRBcWJ4QXN6SDBoM3lPNHlhbGNNalM2VXVSTERCT2c3NwpoTW5YY0taZUhOM0tHM2JQQUVuUFhpb1NLSUEzMHpuWHhtVkVRU1ErdjlvakNKMTFqU2FsUDBFRXN0dmVnK2pQCmZpR3NCZ1l4UFQwN2NBdDRGSFlDZWZOVTBxYlBMREowOWZNdmdZb1ViaGRiWDk2aGlCVHNIUnVlZ3NxbjcxczgKL2g1VVZlNGx4WkhESTdYTEQ3QU9KcUc3STM1NDNTQ2dYSjhOR0RyR1I5U0pLNG9Yd25TVG1vRXlsSzdrS2U0ZgpkZ1U0bVc4VWlpQjJSa3ZWZzc4RGxlQTk2ZE5ZeFo2bmVGZCt4Z0QrY2plRTNjQmlvd2J1Yy9vNTc1Wk5LU2QzCkVFWm9XWUd2UHRjYTAwUzd6RFAvaUxvbUtZUmlzdmRpVDhXMGRnMURYNUlkSDFvejZKNWYrS2hwZHRnN0ozeTQKeGFhYXZhMzJjQXo1Y2ZibEdQeXRQT2VNRDhYWW1ycWpGOHlFN0Ntb0o0c1c0b2VtTllDb0lYcDE4RUJvcVdQaApLdDhBZ0NVUWlFKzR0SlhGQSt3YnB4MXdrcUtnOWpsQk1NWnNsaWtHeFlZaUp2VUpxUjBwSGlhUTdtT1lUV2xXCi9HQnRkVE55U2Q1c2xxWVUrWXVlOXZjPQotLS0tLUVORCBDRVJUSUZJQ0FURS0tLS0tCg==",
                "client_key": "LS0tLS1CRUdJTiBSU0EgUFJJVkFURSBLRVktLS0tLQpNSUlKSndJQkFBS0NBZ0VBeTl4Y2d5S2d5b2ViZGNSRWtha1RxWjIyUUxSY1puMjZlVUZJVjdJRE4yOG1QMk9HCmZWTEVWWDJMdUZJMEdLMFIrUWI0d3dBcXFyUWhjY1lCVVZibHV5VUlGZEdwUkd5ZGxPdlVwL0hUOTd5ZmhhUHMKOW43SWx3cVBJYi9mN1dmaDhCSmYrQitvZ0FLQTU0aUNWNUdsQUdjbmlLbDl0UlgveEFPWmQxVEZWNG16emNJYQpZeFBZUnVNaWh1cEpTeGE2d1o0L2diWEZJaXVDYk5TSm8rMWVBdUVjT3h6OTlLMUxJT3ZPd0hhaDhYd1kzVzlUCmVrdTd4MlJFYzV5YlM1bVZ1Q3pMSWNwMnRER2xiRm42aUhNekdoWmM2cEtkeUpVWTZFZ2hyZDBaellMczdNdzAKc1FRaFZPU2VaSDlGMUsvK1RrV2pNZzlPZHRWWFZlSE50bExIZFhoN3JaY2FvWmxPN2tQQTV5MEFhZ0YvbStpMAo1R2FETjkvTjhHMjdwNThqSytQK2doeStKUUVlMVpwVlhianovMjJsSy8ybHdSRVpnVkQ3YTg4aTVmWkIyNmVuCm0wVmtTZGpnRTJkMjNVVUlCb2lvR0ptamNkTHpHV1NmNm1yR1F4Q2FzMmZHdEVWWERyUHNwYjltN0pPQ2NJajUKZkZnVFAxa3NlUVkzK1BQMUUxOG40d2dEeHJSbGNMSDZTWGlvNC9EZk5NSExuZWQ0ZmNVeXBKYll5R0Q5Z1pRQwo1Um0vK2xucGRFRXkzNWRYOEgxaXduQmhzejFna1dna1FsNmd0SUwrdU9CVFRwMWNmRTlJenNaaCtrSitaL0dkClZFWEc3cHdzS2xrUUg5VGZkNWlkTXhWOEY0WkF4ckZTZmJOTFFWUTV4ajJ4V05oalExU1pSMnZ2cnAwQ0F3RUEKQVFLQ0FnQUhlN1JwUWViYUdGK2tiUEZCYXllS2hSWUtmYzRDR3lETUhVU3AycUlUeXljQnhVWXlEMDBGNXNESgpJZ2RhNzFVTlF6a25Eb1Uxb1ltMFdTZW9vTTlGQ0sycFpwTzl4Y0tFUndrV0RMdjQ0Zm4xZnBoQ0c3a2NSa09tCis4MERtcWExUHdLZ28xdERMdUVrcTIra24zY2pNci9GZGZwOTA3aWFyVXEva2ZBazc4WEovYXp5ZllLeVpxWSsKNlB6d3hNbnROY0V3YnpzQnlQOUk4VGk3QlcvaHRpMGNCR1M2ZnhESjFucm91TGlBR243NFhlbCtjMENqUVdZVgpkWXpxTTJyNkNSQ0FPSXA3ODNJdit1dVN0SHZiTy81UTl6blR0VEwvd3dPdGVrUDNIQzRocXJnY0NWdXRFV0xzClJVYUxwS0tkQ3lFb2ovZDZGUWdrTHRDbk41WjY2aGdMeHpOcjRZWGkwRWh5QjRYSUd6RU1BbXYwelYrV1FVbk4KOFp2L09IUldKamhPaE5scmRJV2h0MnRmcDlacEluNGw0MlJWbjZSN29vUFRvZWc1Mkx6TFJlVEo2Nkx3N2ZaSAowMlcrN1RvSGJFNllMNHhEZWxjL1ZYMWRJekRTS3lqb0FnY2NxWmJlalFTQ3pUcmpMQzgvODB0OFRCOHZaZldnCkRyMzdjWFQybHhBL254amFYL1htMjlzSDZSZ3RQSkZWMFFqV1J6TytaeEs3Skx2eCthcDBxZVFiMFErVFJ6aFEKdUFLWFhvS0c0d1FqSlVFUjNLUVI2T3lYcHNENENvNUQ1cG1kdWlkU2tBUFZhZE5uRlUzU3AxYlgyMXhnaDVvZQozUitsY0s1bnJnQWJvRHBzOThmR1ROR3pKNVZnc1pZNTRRZXJ3NkIxSEZOdm1lb2RWd0tDQVFFQTBtRDRyV2JVCi9HQ1NTQjJlTU85MlFiYm9vcEJKbjBWNW1vZGRmUkVkNjY1RDdkZGtKZitvRTZ3YlU3MUlsS2JWdlFON1cxeHcKYmdwempIK1J4WUc3ZFc5L2ZQZWp5QUMvdENIbHF1VGJaT3FlejAxNlVzOHliMVB1WUtjeFFZZHFlbWNQcGwvbwpyYnJMay93T0luRjNPQzNJTmdVbjQ4S3dXbUJYQURBVU5OZlBGV29XM2tLL1piejc0ajU4WDdjUDlNdjdKY25QCjJneGtuc0Zoa0dIZ2lNSUFXWUlGQmFPeG80VHgzaU5pbG51a0Nub243c0hZVHFlQS91bTRiZFNuNHNSRnZzVXQKc0d4Ky9ZTlRTdlMyajNoSTN3Nld3bkE2dE01M2puRjFodjh4SzJCQjl5NkVNc0ZrL1IyUXJZbklvNHlTdGtIQwpKOUlxTURRTTdQb05md0tDQVFFQStCR01KQWNpU3ZRTWJtTnFCTmdkQjZ2dEJIMCtyenhBRzkvVDhtZ3lQcHVzCkc3dDBOTlVmTENOVC92SlZ1OTdRaG41WFhxTDZTNDNPU3JVeGNVS0d3ZUQ5cHJUTDQ2clhMOWM5alZOWkpnQnAKcUMxSlpYdFFreFJsZEQvSW0wc3h3MzZCVzk2eFllRHRSWG5mOHU2S2pyRytwUm9tZGlMZmVLNXhETTRmZTUyRApCdUNlSlJYTkJkemM4K0l0ZVUzRzdFYVBrQ3NKK0U2eUVMQVdPb3R1a0VMck1NZTIySzNkWWtYcFErYkVFUU84CmFidXd0MEZqelF6V29QLytFMndJVmJTNVZnYXVtN2VSTURBRlhmTE5aZktaVXlsc2l0RGpZMDBNV3ZyWVNHRmIKL3dsL29ud2toRVh4QmR1d242dGZKNUljcDV3eXJxQzBoTmdVQXVQSjR3S0NBUUE0aFJMcVN6RTNhSjZFUDJqTApqdG4vaDZ0eVdUOWVTZVVFcmc5ZzFXTnJlUk1JNkJBZzRWRi9qNEo3K2VOeEJHMXg3V2lMd0FiNG1WZzN5K0lXCjVPYS9BeWlHSTJYZUNzMTJFSkZLVzFmU0FmS09rU3NtNmtHTGhVb0tyNEJkTVl0YXZTdUlNRVlydm42SkVIT2YKcjBvdlRxVjJWZVpFbTM2VG1VUm1hWVJVT2hLSmwwbnpobzB6UVJXT3orak1NanRZTWlFVUl1YnpsdGJGakFDeApNSXFKVTAyU3ZvcW8zRFNTVU5wR0tzMkd6a3JoQWJhT3Y0ZGtnajMydmtYdFErK2l6Y1pMSFdCTUFLb1JZK0hSCnhuTHhrb2hKWFBzRjIrNzV1bXFHVzFjTzRLcU9FN3RGTkRzU0E4RWsrM2R1R0JGT1Z5cm5TajFtUTJGUU4vdXQKQXZUekFvSUJBQlBsRkdBdlVrakFtZDZnaW5nby9Pc0lsdEd0V2NHa0MyQXc2MGFkcEtud3dqVFhLOUt3NVBjZApQamRNS0NRUkVwZzJ1YnNWUncyWUtkdEQvTnNnZ3I0NTFSM3hrZ2lJUXduTE1WeU1PcklaaGwrK2dneHBmMlRNClZmYWt4dW50ZGVnLzFSQVJKQmk5ZVVvQkpEelBkTDFNOUFVNXU2dnQwQTVWcnl0ZnZKYWxZMFRCN3V6NmVwN2wKdjdLdmlRWVpmc0trUmc5QjVHTE5yT281dFE2czhBa1IxTnJzcVhWblBFSU5hVS9ReWhpelBBRWUxR1ZlRVNyNAp4SjNVNmdPVXZuWmhNQnYrSFRMUDNnMEhUT2JqK2lVYTk4RDdxWURZaitQKzRlYktCMTZHc0dJYjJPaW5IQ2FmCmxWenE2WmRrbnhVRld0YjJaL29wV1ZEdUkyeTM2QkVDZ2dFQUFmOFNjbGd5aHptbmJtQVorM1FJYUNrV2orMDMKL0QvWmZIdjVDUUgvUXRaaytwU3NqV1doU1BpWUZWWm9VaVdGTlg0dVJKOWNnbnY2bHFPWDhIc1p2Y3JqaTNPagpYQjNnOW5wbENOdVdXVTdMN0FidDNIbnBHbzBKV3B6Qm5EeFAvZEFNTWowYStTQm4wZmR3UkJZSTZ2WnVhdkNTCnl6MFlPR2ZSTGR4cG0xcDBZS1dTdEg2ak41dENaSkhuSkV4Vys2SThrWittZmo4Q0NPdkJUeit3R3NBUHBGc0UKc0hldExjME5JdFRoOUg1TEdDakhBZ2N4TnRvZ2tlTThCOGdtekVZQzZuNVRHY3JnZUZxL25ZamMyUzZzdWZrNgpCOGFoSklOT2lzcUVJS1QrbHp4WkNBeFVyQ0RndnZzWE5nWWg1QjJwNjAvK2pzZm10NDg1YzNyQ1lRPT0KLS0tLS1FTkQgUlNBIFBSSVZBVEUgS0VZLS0tLS0K",
                "cluster_ca_certificate": "LS0tLS1CRUdJTiBDRVJUSUZJQ0FURS0tLS0tCk1JSUU2VENDQXRHZ0F3SUJBZ0lSQUxnZWZYSnJtRjY2djFlNmVsMlNuYUF3RFFZSktvWklodmNOQVFFTEJRQXcKRFRFTE1Ba0dBMVVFQXhNQ1kyRXdJQmNOTWpZd01USTJNVGcxTkRReVdoZ1BNakExTmpBeE1qWXhPVEEwTkRKYQpNQTB4Q3pBSkJnTlZCQU1UQW1OaE1JSUNJakFOQmdrcWhraUc5dzBCQVFFRkFBT0NBZzhBTUlJQ0NnS0NBZ0VBCnViQmpkWnRzbzV2YU1pMVVtV0ZwZU4yZ3lPZlRtTmNPem5CMEI0YSt1ZXpNVmhwK1ZHcEdwOHNTdm1qVHgwUTAKcDljRXNKTkNIbEhGOERkNVpuR2JrNUwxa3dSMmJjQTlsSXIrRlF2dW9RVU1Bb3lreWMvc0c3WGt0cy9GSlluQwpTaEhuSy94cWtZQ0dINWdLdTVBd0hhM3lqQnAyVkR4cUZ1UTZIWnlvcmM3VTZ6QjJNVGlQdThhd0pyVjM1alYyCnJnb3lvQUZBVUtDa1lTdEVNYjJVcm1YWFdkNmZNeXc5M2ZNdFNPYjlINGZMVzZ5aG4rUVlnMUpkUVF2VWlSNmcKTHBTc05Mc0trWkF6TWNLVFUzMkZYamJpMWsrMFJ0QnVQQzZiaUpXdG5mbFlRNjZ1a3RNMm5yQXJML3NMeGdudgp5RlovbzRvVWFicFYxNTlDSTdOTmZQeWVWOWw4NUsvNER2ZlNJQkhXTTBueHp6VHlWaElQemRsZVpMTFoxbjRKCmM3cURKNmRTYmVaNzc2MkVRa2lvcm52WFhuVElUNmtWZEYrejU5blZqL1RBNVo0OURSWHVlTmJpYVJRUXB4NnkKRlg5M1dOL28yQmRaMkp0c3VxbVh3elRlVjBIanlRaVFQa1NkWDZzL3d1Qm1vdHR0Q2ozeGYvK041Um5YTlBTYgpiSkZ1Sy8zUDR5eUFaK0VnUHZzbCtoekk0SXR5MmxSazFyNDBLTzUrd3p4STRKczZOckFSMVJJNVZtTVc2UEg0Cjh5ZnRlM21Na1JQdkNMSVZtdE8wRXdUWGtncHZLTHU4R1NYOGdBQmZJTFJkSC9ucU9ocWJJR1d1bGtZS3J3SG0KN0NlYVlqZkFYVzNXUEJGUnFRc1M1OG1RNjlMNjFKRUFxUW5UV3JaMkpvRUNBd0VBQWFOQ01FQXdEZ1lEVlIwUApBUUgvQkFRREFnS2tNQThHQTFVZEV3RUIvd1FGTUFNQkFmOHdIUVlEVlIwT0JCWUVGQXRWUDVNUHA3UVpQbE9OCkl5MUd1bGlIUVFFV01BMEdDU3FHU0liM0RRRUJDd1VBQTRJQ0FRQUhvZGd0eG9MLzVCS0hsSENoWFVZc2hWV2QKbnNwVE9sZ29rdlkyUy9GVlErcXV5WlhVRW5lQWFCTkN0dFhRYUMxdDVhbUpuK2U0OVlIK0lrQktaeGFTWG1maApzdjNFUy9HY09WbVVWaysyK21QTW54S3R1SmNrOEVmR0Jnc0RwNFprM0hBZXpoNkYraDdDN3Zsb3oyRGhDbENsCmpXN0lSb2JJRzVaZWVHTUNHTzlWV29WdmNISnhVczhlZER1Zi9TOWdEWEd3T0NoaFBVcSt3M0hONnpKUGhnQTIKSXF2MVQyZnVQMDl2cWJNV3FFNFozd05mS0RBckFBR3R1Wk92VUhzdUhXU01DVE90NEh5QmFxb2xrOEpydUc3RwoxQUI5dlhnRDl0dXlDL3J4U2lHT2FXcFhpRjBDVlVuR3hDS0I5ekY2c3hTNVlVWEpDQU50dnFaRS91R0FlOHVmCklQdjlWdWVwNU9wRmtleWNSa3dob3l4Uy9JcEN4M1M2ajdERzU2MWxuaEJsU2lWZFBEb0VyTzJsOVc1K2NQVDAKUUtVcDFJK2tSSDYyMXNSN3VLYVBoZmJHTEtIVWtaemVnWXNjWTlWc3RnWGowZUxoOGtVdXpYNHRLamhqK1UzQwpXODFMVkZacDdhaXZLa1A4aDZQdUdSRWk5SDlseHMzYkpIRkxtdyt5YW9HMHB4bmFFVHNLNWx4QlhQMDhpMElQClRVaWlwREJxV3h6U2lVUk1EbDFMT1p5OHM4Z3VZcmRGcmpCQkhYdklVSFQ2WkY0RVRQdCtVNHlJNlI2UGxlUlUKQ1FFQXFyTHJzaUJVTFF0d2E1Z2V0d3NrT0FDZ1V4YXdwMTBGbnBTemJIbEJjL1BQYlZ3MGFCNXJUUjVQSHBsagpiMmtPUmpTazIzYTVwL01sa1E9PQotLS0tLUVORCBDRVJUSUZJQ0FURS0tLS0tCg==",
                "host": "https://learningstepsaks-kabe50t0.hcp.northeurope.azmk8s.io:443",
                "password": "xujxuevr5wktuxf0i87q9tcpv1c8iukhalp9lf3xh9o1uopsalyzfylb8zjpqz2j73d00ch9lsv35zajjrc5i55l6l2blo897educx2om81lxupbqi0z8j0kzwtplhfp",
                "username": "clusterUser_learningstepsRG_learningsteps-aks"
              }
            ],
            "kube_config_raw": "apiVersion: v1\nclusters:\n- cluster:\n    certificate-authority-data: LS0tLS1CRUdJTiBDRVJUSUZJQ0FURS0tLS0tCk1JSUU2VENDQXRHZ0F3SUJBZ0lSQUxnZWZYSnJtRjY2djFlNmVsMlNuYUF3RFFZSktvWklodmNOQVFFTEJRQXcKRFRFTE1Ba0dBMVVFQXhNQ1kyRXdJQmNOTWpZd01USTJNVGcxTkRReVdoZ1BNakExTmpBeE1qWXhPVEEwTkRKYQpNQTB4Q3pBSkJnTlZCQU1UQW1OaE1JSUNJakFOQmdrcWhraUc5dzBCQVFFRkFBT0NBZzhBTUlJQ0NnS0NBZ0VBCnViQmpkWnRzbzV2YU1pMVVtV0ZwZU4yZ3lPZlRtTmNPem5CMEI0YSt1ZXpNVmhwK1ZHcEdwOHNTdm1qVHgwUTAKcDljRXNKTkNIbEhGOERkNVpuR2JrNUwxa3dSMmJjQTlsSXIrRlF2dW9RVU1Bb3lreWMvc0c3WGt0cy9GSlluQwpTaEhuSy94cWtZQ0dINWdLdTVBd0hhM3lqQnAyVkR4cUZ1UTZIWnlvcmM3VTZ6QjJNVGlQdThhd0pyVjM1alYyCnJnb3lvQUZBVUtDa1lTdEVNYjJVcm1YWFdkNmZNeXc5M2ZNdFNPYjlINGZMVzZ5aG4rUVlnMUpkUVF2VWlSNmcKTHBTc05Mc0trWkF6TWNLVFUzMkZYamJpMWsrMFJ0QnVQQzZiaUpXdG5mbFlRNjZ1a3RNMm5yQXJML3NMeGdudgp5RlovbzRvVWFicFYxNTlDSTdOTmZQeWVWOWw4NUsvNER2ZlNJQkhXTTBueHp6VHlWaElQemRsZVpMTFoxbjRKCmM3cURKNmRTYmVaNzc2MkVRa2lvcm52WFhuVElUNmtWZEYrejU5blZqL1RBNVo0OURSWHVlTmJpYVJRUXB4NnkKRlg5M1dOL28yQmRaMkp0c3VxbVh3elRlVjBIanlRaVFQa1NkWDZzL3d1Qm1vdHR0Q2ozeGYvK041Um5YTlBTYgpiSkZ1Sy8zUDR5eUFaK0VnUHZzbCtoekk0SXR5MmxSazFyNDBLTzUrd3p4STRKczZOckFSMVJJNVZtTVc2UEg0Cjh5ZnRlM21Na1JQdkNMSVZtdE8wRXdUWGtncHZLTHU4R1NYOGdBQmZJTFJkSC9ucU9ocWJJR1d1bGtZS3J3SG0KN0NlYVlqZkFYVzNXUEJGUnFRc1M1OG1RNjlMNjFKRUFxUW5UV3JaMkpvRUNBd0VBQWFOQ01FQXdEZ1lEVlIwUApBUUgvQkFRREFnS2tNQThHQTFVZEV3RUIvd1FGTUFNQkFmOHdIUVlEVlIwT0JCWUVGQXRWUDVNUHA3UVpQbE9OCkl5MUd1bGlIUVFFV01BMEdDU3FHU0liM0RRRUJDd1VBQTRJQ0FRQUhvZGd0eG9MLzVCS0hsSENoWFVZc2hWV2QKbnNwVE9sZ29rdlkyUy9GVlErcXV5WlhVRW5lQWFCTkN0dFhRYUMxdDVhbUpuK2U0OVlIK0lrQktaeGFTWG1maApzdjNFUy9HY09WbVVWaysyK21QTW54S3R1SmNrOEVmR0Jnc0RwNFprM0hBZXpoNkYraDdDN3Zsb3oyRGhDbENsCmpXN0lSb2JJRzVaZWVHTUNHTzlWV29WdmNISnhVczhlZER1Zi9TOWdEWEd3T0NoaFBVcSt3M0hONnpKUGhnQTIKSXF2MVQyZnVQMDl2cWJNV3FFNFozd05mS0RBckFBR3R1Wk92VUhzdUhXU01DVE90NEh5QmFxb2xrOEpydUc3RwoxQUI5dlhnRDl0dXlDL3J4U2lHT2FXcFhpRjBDVlVuR3hDS0I5ekY2c3hTNVlVWEpDQU50dnFaRS91R0FlOHVmCklQdjlWdWVwNU9wRmtleWNSa3dob3l4Uy9JcEN4M1M2ajdERzU2MWxuaEJsU2lWZFBEb0VyTzJsOVc1K2NQVDAKUUtVcDFJK2tSSDYyMXNSN3VLYVBoZmJHTEtIVWtaemVnWXNjWTlWc3RnWGowZUxoOGtVdXpYNHRLamhqK1UzQwpXODFMVkZacDdhaXZLa1A4aDZQdUdSRWk5SDlseHMzYkpIRkxtdyt5YW9HMHB4bmFFVHNLNWx4QlhQMDhpMElQClRVaWlwREJxV3h6U2lVUk1EbDFMT1p5OHM4Z3VZcmRGcmpCQkhYdklVSFQ2WkY0RVRQdCtVNHlJNlI2UGxlUlUKQ1FFQXFyTHJzaUJVTFF0d2E1Z2V0d3NrT0FDZ1V4YXdwMTBGbnBTemJIbEJjL1BQYlZ3MGFCNXJUUjVQSHBsagpiMmtPUmpTazIzYTVwL01sa1E9PQotLS0tLUVORCBDRVJUSUZJQ0FURS0tLS0tCg==\n    server: https://learningstepsaks-kabe50t0.hcp.northeurope.azmk8s.io:443\n  name: learningsteps-aks\ncontexts:\n- context:\n    cluster: learningsteps-aks\n    user: clusterUser_learningstepsRG_learningsteps-aks\n  name: learningsteps-aks\ncurrent-context: learningsteps-aks\nkind: Config\nusers:\n- name: clusterUser_learningstepsRG_learningsteps-aks\n  user:\n    client-certificate-data: LS0tLS1CRUdJTiBDRVJUSUZJQ0FURS0tLS0tCk1JSUZIVENDQXdXZ0F3SUJBZ0lRQ0N4TnBlQ3pic3B1cHdaeTJ0bm1xakFOQmdrcWhraUc5dzBCQVFzRkFEQU4KTVFzd0NRWURWUVFERXdKallUQWVGdzB5TmpBeE1qWXhPRFUwTkRKYUZ3MHlPREF4TWpZeE9UQTBOREphTURBeApGekFWQmdOVkJBb1REbk41YzNSbGJUcHRZWE4wWlhKek1SVXdFd1lEVlFRREV3eHRZWE4wWlhKamJHbGxiblF3CmdnSWlNQTBHQ1NxR1NJYjNEUUVCQVFVQUE0SUNEd0F3Z2dJS0FvSUNBUURMM0Z5RElxREtoNXQxeEVTUnFST3AKbmJaQXRGeG1mYnA1UVVoWHNnTTNieVkvWTRaOVVzUlZmWXU0VWpRWXJSSDVCdmpEQUNxcXRDRnh4Z0ZSVnVXNwpKUWdWMGFsRWJKMlU2OVNuOGRQM3ZKK0ZvK3oyZnNpWENvOGh2OS90WitId0VsLzRINmlBQW9EbmlJSlhrYVVBClp5ZUlxWDIxRmYvRUE1bDNWTVZYaWJQTndocGpFOWhHNHlLRzZrbExGcnJCbmorQnRjVWlLNEpzMUltajdWNEMKNFJ3N0hQMzByVXNnNjg3QWRxSHhmQmpkYjFONlM3dkhaRVJ6bkp0TG1aVzRMTXNoeW5hME1hVnNXZnFJY3pNYQpGbHpxa3AzSWxSam9TQ0d0M1JuTmd1enN6RFN4QkNGVTVKNWtmMFhVci81T1JhTXlEMDUyMVZkVjRjMjJVc2QxCmVIdXRseHFobVU3dVE4RG5MUUJxQVgrYjZMVGtab00zMzgzd2JidW5ueU1yNC82Q0hMNGxBUjdWbWxWZHVQUC8KYmFVci9hWEJFUm1CVVB0cnp5TGw5a0hicDZlYlJXUkoyT0FUWjNiZFJRZ0dpS2dZbWFOeDB2TVpaSi9xYXNaRApFSnF6WjhhMFJWY09zK3lsdjJic2s0SndpUGw4V0JNL1dTeDVCamY0OC9VVFh5ZmpDQVBHdEdWd3NmcEplS2pqCjhOODB3Y3VkNTNoOXhUS2tsdGpJWVAyQmxBTGxHYi82V2VsMFFUTGZsMWZ3ZldMQ2NHR3pQV0NSYUNSQ1hxQzAKZ3Y2NDRGTk9uVng4VDBqT3htSDZRbjVuOFoxVVJjYnVuQ3dxV1JBZjFOOTNtSjB6Rlh3WGhrREdzVko5czB0QgpWRG5HUGJGWTJHTkRWSmxIYSsrdW5RSURBUUFCbzFZd1ZEQU9CZ05WSFE4QkFmOEVCQU1DQmFBd0V3WURWUjBsCkJBd3dDZ1lJS3dZQkJRVUhBd0l3REFZRFZSMFRBUUgvQkFJd0FEQWZCZ05WSFNNRUdEQVdnQlFMVlQrVEQ2ZTAKR1Q1VGpTTXRScnBZaDBFQkZqQU5CZ2txaGtpRzl3MEJBUXNGQUFPQ0FnRUFZOGdhbkMwTkl4MXJsNEZHNVpueAp4RVVvMzE2cXEza2VOcmIraWphbXBudW8rZDRIVkd1MTBZT2hudnhXSlFXZ2NDbS9UYmp5S1hHd0REYkZKNG9SCjJIZUUyV2NKMXoycjc1RTJEdHM2cmhBdEY2Tk4vVWdPQ2xxYVV3YlJleUpUcGN6b0s3WjlPUzNGeU9NVTFmcFYKNGhKQUxPSkZNaGVteHV4TUlZTDd1K2lUYlZzZzdySzRBcWJ4QXN6SDBoM3lPNHlhbGNNalM2VXVSTERCT2c3NwpoTW5YY0taZUhOM0tHM2JQQUVuUFhpb1NLSUEzMHpuWHhtVkVRU1ErdjlvakNKMTFqU2FsUDBFRXN0dmVnK2pQCmZpR3NCZ1l4UFQwN2NBdDRGSFlDZWZOVTBxYlBMREowOWZNdmdZb1ViaGRiWDk2aGlCVHNIUnVlZ3NxbjcxczgKL2g1VVZlNGx4WkhESTdYTEQ3QU9KcUc3STM1NDNTQ2dYSjhOR0RyR1I5U0pLNG9Yd25TVG1vRXlsSzdrS2U0ZgpkZ1U0bVc4VWlpQjJSa3ZWZzc4RGxlQTk2ZE5ZeFo2bmVGZCt4Z0QrY2plRTNjQmlvd2J1Yy9vNTc1Wk5LU2QzCkVFWm9XWUd2UHRjYTAwUzd6RFAvaUxvbUtZUmlzdmRpVDhXMGRnMURYNUlkSDFvejZKNWYrS2hwZHRnN0ozeTQKeGFhYXZhMzJjQXo1Y2ZibEdQeXRQT2VNRDhYWW1ycWpGOHlFN0Ntb0o0c1c0b2VtTllDb0lYcDE4RUJvcVdQaApLdDhBZ0NVUWlFKzR0SlhGQSt3YnB4MXdrcUtnOWpsQk1NWnNsaWtHeFlZaUp2VUpxUjBwSGlhUTdtT1lUV2xXCi9HQnRkVE55U2Q1c2xxWVUrWXVlOXZjPQotLS0tLUVORCBDRVJUSUZJQ0FURS0tLS0tCg==\n    client-key-data: LS0tLS1CRUdJTiBSU0EgUFJJVkFURSBLRVktLS0tLQpNSUlKSndJQkFBS0NBZ0VBeTl4Y2d5S2d5b2ViZGNSRWtha1RxWjIyUUxSY1puMjZlVUZJVjdJRE4yOG1QMk9HCmZWTEVWWDJMdUZJMEdLMFIrUWI0d3dBcXFyUWhjY1lCVVZibHV5VUlGZEdwUkd5ZGxPdlVwL0hUOTd5ZmhhUHMKOW43SWx3cVBJYi9mN1dmaDhCSmYrQitvZ0FLQTU0aUNWNUdsQUdjbmlLbDl0UlgveEFPWmQxVEZWNG16emNJYQpZeFBZUnVNaWh1cEpTeGE2d1o0L2diWEZJaXVDYk5TSm8rMWVBdUVjT3h6OTlLMUxJT3ZPd0hhaDhYd1kzVzlUCmVrdTd4MlJFYzV5YlM1bVZ1Q3pMSWNwMnRER2xiRm42aUhNekdoWmM2cEtkeUpVWTZFZ2hyZDBaellMczdNdzAKc1FRaFZPU2VaSDlGMUsvK1RrV2pNZzlPZHRWWFZlSE50bExIZFhoN3JaY2FvWmxPN2tQQTV5MEFhZ0YvbStpMAo1R2FETjkvTjhHMjdwNThqSytQK2doeStKUUVlMVpwVlhianovMjJsSy8ybHdSRVpnVkQ3YTg4aTVmWkIyNmVuCm0wVmtTZGpnRTJkMjNVVUlCb2lvR0ptamNkTHpHV1NmNm1yR1F4Q2FzMmZHdEVWWERyUHNwYjltN0pPQ2NJajUKZkZnVFAxa3NlUVkzK1BQMUUxOG40d2dEeHJSbGNMSDZTWGlvNC9EZk5NSExuZWQ0ZmNVeXBKYll5R0Q5Z1pRQwo1Um0vK2xucGRFRXkzNWRYOEgxaXduQmhzejFna1dna1FsNmd0SUwrdU9CVFRwMWNmRTlJenNaaCtrSitaL0dkClZFWEc3cHdzS2xrUUg5VGZkNWlkTXhWOEY0WkF4ckZTZmJOTFFWUTV4ajJ4V05oalExU1pSMnZ2cnAwQ0F3RUEKQVFLQ0FnQUhlN1JwUWViYUdGK2tiUEZCYXllS2hSWUtmYzRDR3lETUhVU3AycUlUeXljQnhVWXlEMDBGNXNESgpJZ2RhNzFVTlF6a25Eb1Uxb1ltMFdTZW9vTTlGQ0sycFpwTzl4Y0tFUndrV0RMdjQ0Zm4xZnBoQ0c3a2NSa09tCis4MERtcWExUHdLZ28xdERMdUVrcTIra24zY2pNci9GZGZwOTA3aWFyVXEva2ZBazc4WEovYXp5ZllLeVpxWSsKNlB6d3hNbnROY0V3YnpzQnlQOUk4VGk3QlcvaHRpMGNCR1M2ZnhESjFucm91TGlBR243NFhlbCtjMENqUVdZVgpkWXpxTTJyNkNSQ0FPSXA3ODNJdit1dVN0SHZiTy81UTl6blR0VEwvd3dPdGVrUDNIQzRocXJnY0NWdXRFV0xzClJVYUxwS0tkQ3lFb2ovZDZGUWdrTHRDbk41WjY2aGdMeHpOcjRZWGkwRWh5QjRYSUd6RU1BbXYwelYrV1FVbk4KOFp2L09IUldKamhPaE5scmRJV2h0MnRmcDlacEluNGw0MlJWbjZSN29vUFRvZWc1Mkx6TFJlVEo2Nkx3N2ZaSAowMlcrN1RvSGJFNllMNHhEZWxjL1ZYMWRJekRTS3lqb0FnY2NxWmJlalFTQ3pUcmpMQzgvODB0OFRCOHZaZldnCkRyMzdjWFQybHhBL254amFYL1htMjlzSDZSZ3RQSkZWMFFqV1J6TytaeEs3Skx2eCthcDBxZVFiMFErVFJ6aFEKdUFLWFhvS0c0d1FqSlVFUjNLUVI2T3lYcHNENENvNUQ1cG1kdWlkU2tBUFZhZE5uRlUzU3AxYlgyMXhnaDVvZQozUitsY0s1bnJnQWJvRHBzOThmR1ROR3pKNVZnc1pZNTRRZXJ3NkIxSEZOdm1lb2RWd0tDQVFFQTBtRDRyV2JVCi9HQ1NTQjJlTU85MlFiYm9vcEJKbjBWNW1vZGRmUkVkNjY1RDdkZGtKZitvRTZ3YlU3MUlsS2JWdlFON1cxeHcKYmdwempIK1J4WUc3ZFc5L2ZQZWp5QUMvdENIbHF1VGJaT3FlejAxNlVzOHliMVB1WUtjeFFZZHFlbWNQcGwvbwpyYnJMay93T0luRjNPQzNJTmdVbjQ4S3dXbUJYQURBVU5OZlBGV29XM2tLL1piejc0ajU4WDdjUDlNdjdKY25QCjJneGtuc0Zoa0dIZ2lNSUFXWUlGQmFPeG80VHgzaU5pbG51a0Nub243c0hZVHFlQS91bTRiZFNuNHNSRnZzVXQKc0d4Ky9ZTlRTdlMyajNoSTN3Nld3bkE2dE01M2puRjFodjh4SzJCQjl5NkVNc0ZrL1IyUXJZbklvNHlTdGtIQwpKOUlxTURRTTdQb05md0tDQVFFQStCR01KQWNpU3ZRTWJtTnFCTmdkQjZ2dEJIMCtyenhBRzkvVDhtZ3lQcHVzCkc3dDBOTlVmTENOVC92SlZ1OTdRaG41WFhxTDZTNDNPU3JVeGNVS0d3ZUQ5cHJUTDQ2clhMOWM5alZOWkpnQnAKcUMxSlpYdFFreFJsZEQvSW0wc3h3MzZCVzk2eFllRHRSWG5mOHU2S2pyRytwUm9tZGlMZmVLNXhETTRmZTUyRApCdUNlSlJYTkJkemM4K0l0ZVUzRzdFYVBrQ3NKK0U2eUVMQVdPb3R1a0VMck1NZTIySzNkWWtYcFErYkVFUU84CmFidXd0MEZqelF6V29QLytFMndJVmJTNVZnYXVtN2VSTURBRlhmTE5aZktaVXlsc2l0RGpZMDBNV3ZyWVNHRmIKL3dsL29ud2toRVh4QmR1d242dGZKNUljcDV3eXJxQzBoTmdVQXVQSjR3S0NBUUE0aFJMcVN6RTNhSjZFUDJqTApqdG4vaDZ0eVdUOWVTZVVFcmc5ZzFXTnJlUk1JNkJBZzRWRi9qNEo3K2VOeEJHMXg3V2lMd0FiNG1WZzN5K0lXCjVPYS9BeWlHSTJYZUNzMTJFSkZLVzFmU0FmS09rU3NtNmtHTGhVb0tyNEJkTVl0YXZTdUlNRVlydm42SkVIT2YKcjBvdlRxVjJWZVpFbTM2VG1VUm1hWVJVT2hLSmwwbnpobzB6UVJXT3orak1NanRZTWlFVUl1YnpsdGJGakFDeApNSXFKVTAyU3ZvcW8zRFNTVU5wR0tzMkd6a3JoQWJhT3Y0ZGtnajMydmtYdFErK2l6Y1pMSFdCTUFLb1JZK0hSCnhuTHhrb2hKWFBzRjIrNzV1bXFHVzFjTzRLcU9FN3RGTkRzU0E4RWsrM2R1R0JGT1Z5cm5TajFtUTJGUU4vdXQKQXZUekFvSUJBQlBsRkdBdlVrakFtZDZnaW5nby9Pc0lsdEd0V2NHa0MyQXc2MGFkcEtud3dqVFhLOUt3NVBjZApQamRNS0NRUkVwZzJ1YnNWUncyWUtkdEQvTnNnZ3I0NTFSM3hrZ2lJUXduTE1WeU1PcklaaGwrK2dneHBmMlRNClZmYWt4dW50ZGVnLzFSQVJKQmk5ZVVvQkpEelBkTDFNOUFVNXU2dnQwQTVWcnl0ZnZKYWxZMFRCN3V6NmVwN2wKdjdLdmlRWVpmc0trUmc5QjVHTE5yT281dFE2czhBa1IxTnJzcVhWblBFSU5hVS9ReWhpelBBRWUxR1ZlRVNyNAp4SjNVNmdPVXZuWmhNQnYrSFRMUDNnMEhUT2JqK2lVYTk4RDdxWURZaitQKzRlYktCMTZHc0dJYjJPaW5IQ2FmCmxWenE2WmRrbnhVRld0YjJaL29wV1ZEdUkyeTM2QkVDZ2dFQUFmOFNjbGd5aHptbmJtQVorM1FJYUNrV2orMDMKL0QvWmZIdjVDUUgvUXRaaytwU3NqV1doU1BpWUZWWm9VaVdGTlg0dVJKOWNnbnY2bHFPWDhIc1p2Y3JqaTNPagpYQjNnOW5wbENOdVdXVTdMN0FidDNIbnBHbzBKV3B6Qm5EeFAvZEFNTWowYStTQm4wZmR3UkJZSTZ2WnVhdkNTCnl6MFlPR2ZSTGR4cG0xcDBZS1dTdEg2ak41dENaSkhuSkV4Vys2SThrWittZmo4Q0NPdkJUeit3R3NBUHBGc0UKc0hldExjME5JdFRoOUg1TEdDakhBZ2N4TnRvZ2tlTThCOGdtekVZQzZuNVRHY3JnZUZxL25ZamMyUzZzdWZrNgpCOGFoSklOT2lzcUVJS1QrbHp4WkNBeFVyQ0RndnZzWE5nWWg1QjJwNjAvK2pzZm10NDg1YzNyQ1lRPT0KLS0tLS1FTkQgUlNBIFBSSVZBVEUgS0VZLS0tLS0K\n    token: xujxuevr5wktuxf0i87q9tcpv1c8iukhalp9lf3xh9o1uopsalyzfylb8zjpqz2j73d00ch9lsv35zajjrc5i55l6l2blo897educx2om81lxupbqi0z8j0kzwtplhfp\n",
            "kubelet_identity": [
              {
                "client_id": "a29e9b49-e51b-414e-806f-515367a800ed",
                "object_id": "7bdefc30-44d6-4346-95f5-79bf6229d21b",
                "user_assigned_identity_id": "/subscriptions/a2c41e5d-454d-4c0b-9f7a-2260d54011e7/resourceGroups/MC_learningstepsRG_learningsteps-aks_northeurope/providers/Microsoft.ManagedIdentity/userAssignedIdentities/learningsteps-aks-agentpool"
              }
            ],
            "kubernetes_version": "1.33",
            "linux_profile": [],
            "local_account_disabled": false,
            "location": "northeurope",
            "maintenance_window": [],
            "maintenance_window_auto_upgrade": [],
            "maintenance_window_node_os": [],
            "microsoft_defender": [],
            "monitor_metrics": [],
            "name": "learningsteps-aks",
            "network_profile": [
              {
                "dns_service_ip": "10.100.0.10",
                "docker_bridge_cidr": "",
                "ebpf_data_plane": "",
                "ip_versions": [
                  "IPv4"
                ],
                "load_balancer_profile": [
                  {
                    "effective_outbound_ips": [
                      "/subscriptions/a2c41e5d-454d-4c0b-9f7a-2260d54011e7/resourceGroups/MC_learningstepsRG_learningsteps-aks_northeurope/providers/Microsoft.Network/publicIPAddresses/0a780a76-1450-4d8e-a075-0b5f0374f1a2"
                    ],
                    "idle_timeout_in_minutes": 0,
                    "managed_outbound_ip_count": 1,
                    "managed_outbound_ipv6_count": 0,
                    "outbound_ip_address_ids": [],
                    "outbound_ip_prefix_ids": [],
                    "outbound_ports_allocated": 0
                  }
                ],
                "load_balancer_sku": "standard",
                "nat_gateway_profile": [],
                "network_data_plane": "azure",
                "network_mode": "",
                "network_plugin": "azure",
                "network_plugin_mode": "",
                "network_policy": "",
                "outbound_ip_address_ids": [],
                "outbound_ip_prefix_ids": [],
                "outbound_type": "loadBalancer",
                "pod_cidr": "",
                "pod_cidrs": [],
                "service_cidr": "10.100.0.0/16",
                "service_cidrs": [
                  "10.100.0.0/16"
                ]
              }
            ],
            "node_os_channel_upgrade": null,
            "node_resource_group": "MC_learningstepsRG_learningsteps-aks_northeurope",
            "node_resource_group_id": "/subscriptions/a2c41e5d-454d-4c0b-9f7a-2260d54011e7/resourceGroups/MC_learningstepsRG_learningsteps-aks_northeurope",
            "oidc_issuer_enabled": false,
            "oidc_issuer_url": "",
            "oms_agent": [],
            "open_service_mesh_enabled": false,
            "portal_fqdn": "learningstepsaks-kabe50t0.portal.hcp.northeurope.azmk8s.io",
            "private_cluster_enabled": false,
            "private_cluster_public_fqdn_enabled": false,
            "private_dns_zone_id": "",
            "private_fqdn": "",
            "public_network_access_enabled": true,
            "resource_group_name": "learningstepsRG",
            "role_based_access_control_enabled": true,
            "run_command_enabled": true,
            "service_mesh_profile": [],
            "service_principal": [],
            "sku_tier": "Free",
            "storage_profile": [],
            "support_plan": "KubernetesOfficial",
            "tags": {},
            "timeouts": null,
            "web_app_routing": [],
            "windows_profile": [
              {
                "admin_password": "",
                "admin_username": "azureuser",
                "gmsa": [],
                "license": ""
              }
            ],
            "workload_autoscaler_profile": [],
            "workload_identity_enabled": false
          },
          "sensitive_attributes": [
            [
              {
                "type": "get_attr",
                "value": "kube_admin_config"
              }
            ],
            [
              {
                "type": "get_attr",
                "value": "kube_admin_config_raw"
              }
            ],
            [
              {
                "type": "get_attr",
                "value": "kube_config"
              }
            ],
            [
              {
                "type": "get_attr",
                "value": "kube_config_raw"
              }
            ],
            [
              {
                "type": "get_attr",
                "value": "windows_profile"
              },
              {
                "type": "index",
                "value": {
                  "value": 0,
                  "type": "number"
                }
              },
              {
                "type": "get_attr",
                "value": "admin_password"
              }
            ]
          ],
          "identity_schema_version": 0,
          "private": "eyJlMmJmYjczMC1lY2FhLTExZTYtOGY4OC0zNDM2M2JjN2M0YzAiOnsiY3JlYXRlIjo1NDAwMDAwMDAwMDAwLCJkZWxldGUiOjU0MDAwMDAwMDAwMDAsInJlYWQiOjMwMDAwMDAwMDAwMCwidXBkYXRlIjo1NDAwMDAwMDAwMDAwfSwic2NoZW1hX3ZlcnNpb24iOiIyIn0=",
          "dependencies": [
            "azurerm_resource_group.aks_rg",
            "azurerm_subnet.aks_subnet",
            "azurerm_virtual_network.vnet"
          ]
        }
      ]
    },
    {
      "mode": "managed",
      "type": "azurerm_postgresql_flexible_server",
      "name": "db",
      "provider": "provider[\"registry.terraform.io/hashicorp/azurerm\"]",
      "instances": [
        {
          "schema_version": 0,
          "attributes": {
            "administrator_login": "psqladmin",
            "administrator_password": "GVzznjNdS6RTSoGL?bId",
            "authentication": [
              {
                "active_directory_auth_enabled": false,
                "password_auth_enabled": true,
                "tenant_id": ""
              }
            ],
            "auto_grow_enabled": false,
            "backup_retention_days": 7,
            "create_mode": null,
            "customer_managed_key": [],
            "delegated_subnet_id": "/subscriptions/a2c41e5d-454d-4c0b-9f7a-2260d54011e7/resourceGroups/learningstepsRG/providers/Microsoft.Network/virtualNetworks/learningsteps-vnet/subnets/db-subnet",
            "fqdn": "learningsteps-db-server.postgres.database.azure.com",
            "geo_redundant_backup_enabled": false,
            "high_availability": [],
            "id": "/subscriptions/a2c41e5d-454d-4c0b-9f7a-2260d54011e7/resourceGroups/learningstepsRG/providers/Microsoft.DBforPostgreSQL/flexibleServers/learningsteps-db-server",
            "identity": [],
            "location": "northeurope",
            "maintenance_window": [],
            "name": "learningsteps-db-server",
            "point_in_time_restore_time_in_utc": null,
            "private_dns_zone_id": "/subscriptions/a2c41e5d-454d-4c0b-9f7a-2260d54011e7/resourceGroups/learningstepsRG/providers/Microsoft.Network/privateDnsZones/learningsteps.postgres.database.azure.com",
            "public_network_access_enabled": false,
            "replication_role": "",
            "resource_group_name": "learningstepsRG",
            "sku_name": "GP_Standard_D2ds_v4",
            "source_server_id": null,
            "storage_mb": 32768,
            "storage_tier": "P4",
            "tags": {},
            "timeouts": null,
            "version": "13",
            "zone": "1"
          },
          "sensitive_attributes": [
            [
              {
                "type": "get_attr",
                "value": "administrator_password"
              }
            ]
          ],
          "identity_schema_version": 0,
          "private": "eyJlMmJmYjczMC1lY2FhLTExZTYtOGY4OC0zNDM2M2JjN2M0YzAiOnsiY3JlYXRlIjozNjAwMDAwMDAwMDAwLCJkZWxldGUiOjM2MDAwMDAwMDAwMDAsInJlYWQiOjMwMDAwMDAwMDAwMCwidXBkYXRlIjozNjAwMDAwMDAwMDAwfX0=",
          "dependencies": [
            "azurerm_key_vault.kv",
            "azurerm_key_vault_secret.db_password",
            "azurerm_private_dns_zone.dns",
            "azurerm_private_dns_zone_virtual_network_link.dns_link",
            "azurerm_resource_group.aks_rg",
            "azurerm_subnet.db_subnet",
            "azurerm_virtual_network.vnet",
            "data.azurerm_client_config.current",
            "random_password.db_pass"
          ]
        }
      ]
    },
    {
      "mode": "managed",
      "type": "azurerm_private_dns_zone",
      "name": "dns",
      "provider": "provider[\"registry.terraform.io/hashicorp/azurerm\"]",
      "instances": [
        {
          "schema_version": 0,
          "attributes": {
            "id": "/subscriptions/a2c41e5d-454d-4c0b-9f7a-2260d54011e7/resourceGroups/learningstepsRG/providers/Microsoft.Network/privateDnsZones/learningsteps.postgres.database.azure.com",
            "max_number_of_record_sets": 25000,
            "max_number_of_virtual_network_links": 1000,
            "max_number_of_virtual_network_links_with_registration": 100,
            "name": "learningsteps.postgres.database.azure.com",
            "number_of_record_sets": 2,
            "resource_group_name": "learningstepsRG",
            "soa_record": [
              {
                "email": "azureprivatedns-host.microsoft.com",
                "expire_time": 2419200,
                "fqdn": "learningsteps.postgres.database.azure.com.",
                "host_name": "azureprivatedns.net",
                "minimum_ttl": 10,
                "refresh_time": 3600,
                "retry_time": 300,
                "serial_number": 1,
                "tags": {},
                "ttl": 3600
              }
            ],
            "tags": {},
            "timeouts": null
          },
          "sensitive_attributes": [],
          "identity_schema_version": 0,
          "private": "eyJlMmJmYjczMC1lY2FhLTExZTYtOGY4OC0zNDM2M2JjN2M0YzAiOnsiY3JlYXRlIjoxODAwMDAwMDAwMDAwLCJkZWxldGUiOjE4MDAwMDAwMDAwMDAsInJlYWQiOjMwMDAwMDAwMDAwMCwidXBkYXRlIjoxODAwMDAwMDAwMDAwfX0=",
          "dependencies": [
            "azurerm_resource_group.aks_rg"
          ]
        }
      ]
    },
    {
      "mode": "managed",
      "type": "azurerm_private_dns_zone_virtual_network_link",
      "name": "dns_link",
      "provider": "provider[\"registry.terraform.io/hashicorp/azurerm\"]",
      "instances": [
        {
          "schema_version": 0,
          "attributes": {
            "id": "/subscriptions/a2c41e5d-454d-4c0b-9f7a-2260d54011e7/resourceGroups/learningstepsRG/providers/Microsoft.Network/privateDnsZones/learningsteps.postgres.database.azure.com/virtualNetworkLinks/db-dns-link",
            "name": "db-dns-link",
            "private_dns_zone_name": "learningsteps.postgres.database.azure.com",
            "registration_enabled": false,
            "resource_group_name": "learningstepsRG",
            "tags": {},
            "timeouts": null,
            "virtual_network_id": "/subscriptions/a2c41e5d-454d-4c0b-9f7a-2260d54011e7/resourceGroups/learningstepsRG/providers/Microsoft.Network/virtualNetworks/learningsteps-vnet"
          },
          "sensitive_attributes": [],
          "identity_schema_version": 0,
          "private": "eyJlMmJmYjczMC1lY2FhLTExZTYtOGY4OC0zNDM2M2JjN2M0YzAiOnsiY3JlYXRlIjoxODAwMDAwMDAwMDAwLCJkZWxldGUiOjE4MDAwMDAwMDAwMDAsInJlYWQiOjMwMDAwMDAwMDAwMCwidXBkYXRlIjoxODAwMDAwMDAwMDAwfX0=",
          "dependencies": [
            "azurerm_private_dns_zone.dns",
            "azurerm_resource_group.aks_rg",
            "azurerm_virtual_network.vnet"
          ]
        }
      ]
    },
    {
      "mode": "managed",
      "type": "azurerm_resource_group",
      "name": "aks_rg",
      "provider": "provider[\"registry.terraform.io/hashicorp/azurerm\"]",
      "instances": [
        {
          "schema_version": 0,
          "attributes": {
            "id": "/subscriptions/a2c41e5d-454d-4c0b-9f7a-2260d54011e7/resourceGroups/learningstepsRG",
            "location": "northeurope",
            "managed_by": "",
            "name": "learningstepsRG",
            "tags": {},
            "timeouts": null
          },
          "sensitive_attributes": [],
          "identity_schema_version": 0,
          "private": "eyJlMmJmYjczMC1lY2FhLTExZTYtOGY4OC0zNDM2M2JjN2M0YzAiOnsiY3JlYXRlIjo1NDAwMDAwMDAwMDAwLCJkZWxldGUiOjU0MDAwMDAwMDAwMDAsInJlYWQiOjMwMDAwMDAwMDAwMCwidXBkYXRlIjo1NDAwMDAwMDAwMDAwfSwic2NoZW1hX3ZlcnNpb24iOiIwIn0="
        }
      ]
    },
    {
      "mode": "managed",
      "type": "azurerm_subnet",
      "name": "aks_subnet",
      "provider": "provider[\"registry.terraform.io/hashicorp/azurerm\"]",
      "instances": [
        {
          "schema_version": 0,
          "attributes": {
            "address_prefixes": [
              "10.0.1.0/24"
            ],
            "default_outbound_access_enabled": true,
            "delegation": [],
            "enforce_private_link_endpoint_network_policies": false,
            "enforce_private_link_service_network_policies": false,
            "id": "/subscriptions/a2c41e5d-454d-4c0b-9f7a-2260d54011e7/resourceGroups/learningstepsRG/providers/Microsoft.Network/virtualNetworks/learningsteps-vnet/subnets/aks-subnet",
            "name": "aks-subnet",
            "private_endpoint_network_policies": "Enabled",
            "private_endpoint_network_policies_enabled": true,
            "private_link_service_network_policies_enabled": true,
            "resource_group_name": "learningstepsRG",
            "service_endpoint_policy_ids": [],
            "service_endpoints": [],
            "timeouts": null,
            "virtual_network_name": "learningsteps-vnet"
          },
          "sensitive_attributes": [],
          "identity_schema_version": 0,
          "private": "eyJlMmJmYjczMC1lY2FhLTExZTYtOGY4OC0zNDM2M2JjN2M0YzAiOnsiY3JlYXRlIjoxODAwMDAwMDAwMDAwLCJkZWxldGUiOjE4MDAwMDAwMDAwMDAsInJlYWQiOjMwMDAwMDAwMDAwMCwidXBkYXRlIjoxODAwMDAwMDAwMDAwfX0=",
          "dependencies": [
            "azurerm_resource_group.aks_rg",
            "azurerm_virtual_network.vnet"
          ]
        }
      ]
    },
    {
      "mode": "managed",
      "type": "azurerm_subnet",
      "name": "db_subnet",
      "provider": "provider[\"registry.terraform.io/hashicorp/azurerm\"]",
      "instances": [
        {
          "schema_version": 0,
          "attributes": {
            "address_prefixes": [
              "10.0.2.0/24"
            ],
            "default_outbound_access_enabled": true,
            "delegation": [
              {
                "name": "fs",
                "service_delegation": [
                  {
                    "actions": [
                      "Microsoft.Network/virtualNetworks/subnets/join/action"
                    ],
                    "name": "Microsoft.DBforPostgreSQL/flexibleServers"
                  }
                ]
              }
            ],
            "enforce_private_link_endpoint_network_policies": false,
            "enforce_private_link_service_network_policies": false,
            "id": "/subscriptions/a2c41e5d-454d-4c0b-9f7a-2260d54011e7/resourceGroups/learningstepsRG/providers/Microsoft.Network/virtualNetworks/learningsteps-vnet/subnets/db-subnet",
            "name": "db-subnet",
            "private_endpoint_network_policies": "Enabled",
            "private_endpoint_network_policies_enabled": true,
            "private_link_service_network_policies_enabled": true,
            "resource_group_name": "learningstepsRG",
            "service_endpoint_policy_ids": [],
            "service_endpoints": [
              "Microsoft.Storage"
            ],
            "timeouts": null,
            "virtual_network_name": "learningsteps-vnet"
          },
          "sensitive_attributes": [],
          "identity_schema_version": 0,
          "private": "eyJlMmJmYjczMC1lY2FhLTExZTYtOGY4OC0zNDM2M2JjN2M0YzAiOnsiY3JlYXRlIjoxODAwMDAwMDAwMDAwLCJkZWxldGUiOjE4MDAwMDAwMDAwMDAsInJlYWQiOjMwMDAwMDAwMDAwMCwidXBkYXRlIjoxODAwMDAwMDAwMDAwfX0=",
          "dependencies": [
            "azurerm_resource_group.aks_rg",
            "azurerm_virtual_network.vnet"
          ]
        }
      ]
    },
    {
      "mode": "managed",
      "type": "azurerm_virtual_network",
      "name": "vnet",
      "provider": "provider[\"registry.terraform.io/hashicorp/azurerm\"]",
      "instances": [
        {
          "schema_version": 0,
          "attributes": {
            "address_space": [
              "10.0.0.0/16"
            ],
            "bgp_community": "",
            "ddos_protection_plan": [],
            "dns_servers": [],
            "edge_zone": "",
            "encryption": [],
            "flow_timeout_in_minutes": 0,
            "guid": "84426c22-62fe-4a60-b19f-4de3f9297273",
            "id": "/subscriptions/a2c41e5d-454d-4c0b-9f7a-2260d54011e7/resourceGroups/learningstepsRG/providers/Microsoft.Network/virtualNetworks/learningsteps-vnet",
            "location": "northeurope",
            "name": "learningsteps-vnet",
            "resource_group_name": "learningstepsRG",
            "subnet": [
              {
                "address_prefix": "10.0.1.0/24",
                "id": "/subscriptions/a2c41e5d-454d-4c0b-9f7a-2260d54011e7/resourceGroups/learningstepsRG/providers/Microsoft.Network/virtualNetworks/learningsteps-vnet/subnets/aks-subnet",
                "name": "aks-subnet",
                "security_group": ""
              },
              {
                "address_prefix": "10.0.2.0/24",
                "id": "/subscriptions/a2c41e5d-454d-4c0b-9f7a-2260d54011e7/resourceGroups/learningstepsRG/providers/Microsoft.Network/virtualNetworks/learningsteps-vnet/subnets/db-subnet",
                "name": "db-subnet",
                "security_group": ""
              }
            ],
            "tags": {},
            "timeouts": null
          },
          "sensitive_attributes": [],
          "identity_schema_version": 0,
          "private": "eyJlMmJmYjczMC1lY2FhLTExZTYtOGY4OC0zNDM2M2JjN2M0YzAiOnsiY3JlYXRlIjoxODAwMDAwMDAwMDAwLCJkZWxldGUiOjE4MDAwMDAwMDAwMDAsInJlYWQiOjMwMDAwMDAwMDAwMCwidXBkYXRlIjoxODAwMDAwMDAwMDAwfX0=",
          "dependencies": [
            "azurerm_resource_group.aks_rg"
          ]
        }
      ]
    },
    {
      "mode": "managed",
      "type": "random_password",
      "name": "db_pass",
      "provider": "provider[\"registry.terraform.io/hashicorp/random\"]",
      "instances": [
        {
          "schema_version": 3,
          "attributes": {
            "bcrypt_hash": "$2a$10$8F8gc5/xjavSpO3blxUKC.a2AfqDF1v2XBlpl.2AyrsGW.T3iZvbK",
            "id": "none",
            "keepers": null,
            "length": 20,
            "lower": true,
            "min_lower": 0,
            "min_numeric": 0,
            "min_special": 0,
            "min_upper": 0,
            "number": true,
            "numeric": true,
            "override_special": null,
            "result": "GVzznjNdS6RTSoGL?bId",
            "special": true,
            "upper": true
          },
          "sensitive_attributes": [
            [
              {
                "type": "get_attr",
                "value": "bcrypt_hash"
              }
            ],
            [
              {
                "type": "get_attr",
                "value": "result"
              }
            ]
          ],
          "identity_schema_version": 0
        }
      ]
    }
  ],
  "check_results": null
}
