{
  "version": 4,
  "terraform_version": "1.14.3",
  "serial": 93,
  "lineage": "3469b075-8cf2-078c-c7cd-ddb1488ec2ae",
  "outputs": {},
  "resources": [
    {
      "mode": "data",
      "type": "azurerm_client_config",
      "name": "current",
      "provider": "provider[\"registry.terraform.io/hashicorp/azurerm\"]",
      "instances": [
        {
          "schema_version": 0,
          "attributes": {
            "client_id": "04b07795-8ddb-461a-bbee-02f9e1bf7b46",
            "id": "Y2xpZW50Q29uZmlncy9jbGllbnRJZD0wNGIwNzc5NS04ZGRiLTQ2MWEtYmJlZS0wMmY5ZTFiZjdiNDY7b2JqZWN0SWQ9YjAwY2Q4ZmItM2JlOS00YzRiLWFlMTUtMzVjMjJkN2JjY2FiO3N1YnNjcmlwdGlvbklkPWEyYzQxZTVkLTQ1NGQtNGMwYi05ZjdhLTIyNjBkNTQwMTFlNzt0ZW5hbnRJZD1jMDUzMTQ4NC01MGZhLTRmZjItOTdkZi1iMWYyZDQ4MTA2MDM=",
            "object_id": "b00cd8fb-3be9-4c4b-ae15-35c22d7bccab",
            "subscription_id": "a2c41e5d-454d-4c0b-9f7a-2260d54011e7",
            "tenant_id": "c0531484-50fa-4ff2-97df-b1f2d4810603",
            "timeouts": null
          },
          "sensitive_attributes": [],
          "identity_schema_version": 0
        }
      ]
    },
    {
      "mode": "managed",
      "type": "azurerm_key_vault",
      "name": "kv",
      "provider": "provider[\"registry.terraform.io/hashicorp/azurerm\"]",
      "instances": [
        {
          "schema_version": 2,
          "attributes": {
            "access_policy": [
              {
                "application_id": "",
                "certificate_permissions": [],
                "key_permissions": [
                  "Get",
                  "List",
                  "Create",
                  "Delete",
                  "Update",
                  "Purge",
                  "Recover"
                ],
                "object_id": "b00cd8fb-3be9-4c4b-ae15-35c22d7bccab",
                "secret_permissions": [
                  "Get",
                  "List",
                  "Set",
                  "Delete",
                  "Purge"
                ],
                "storage_permissions": [],
                "tenant_id": "c0531484-50fa-4ff2-97df-b1f2d4810603"
              },
              {
                "application_id": "",
                "certificate_permissions": [],
                "key_permissions": [],
                "object_id": "7bdefc30-44d6-4346-95f5-79bf6229d21b",
                "secret_permissions": [
                  "Get",
                  "List"
                ],
                "storage_permissions": [],
                "tenant_id": "c0531484-50fa-4ff2-97df-b1f2d4810603"
              }
            ],
            "contact": [],
            "enable_rbac_authorization": false,
            "enabled_for_deployment": false,
            "enabled_for_disk_encryption": false,
            "enabled_for_template_deployment": false,
            "id": "/subscriptions/a2c41e5d-454d-4c0b-9f7a-2260d54011e7/resourceGroups/learningstepsRG/providers/Microsoft.KeyVault/vaults/kv-learningsteps-1769",
            "location": "northeurope",
            "name": "kv-learningsteps-1769",
            "network_acls": [
              {
                "bypass": "AzureServices",
                "default_action": "Deny",
                "ip_rules": [],
                "virtual_network_subnet_ids": []
              }
            ],
            "public_network_access_enabled": false,
            "purge_protection_enabled": true,
            "resource_group_name": "learningstepsRG",
            "sku_name": "standard",
            "soft_delete_retention_days": 7,
            "tags": {},
            "tenant_id": "c0531484-50fa-4ff2-97df-b1f2d4810603",
            "timeouts": null,
            "vault_uri": "https://kv-learningsteps-1769.vault.azure.net/"
          },
          "sensitive_attributes": [],
          "identity_schema_version": 0,
          "private": "eyJlMmJmYjczMC1lY2FhLTExZTYtOGY4OC0zNDM2M2JjN2M0YzAiOnsiY3JlYXRlIjoxODAwMDAwMDAwMDAwLCJkZWxldGUiOjE4MDAwMDAwMDAwMDAsInJlYWQiOjMwMDAwMDAwMDAwMCwidXBkYXRlIjoxODAwMDAwMDAwMDAwfSwic2NoZW1hX3ZlcnNpb24iOiIyIn0=",
          "dependencies": [
            "azurerm_resource_group.aks_rg",
            "data.azurerm_client_config.current"
          ]
        }
      ]
    },
    {
      "mode": "managed",
      "type": "azurerm_key_vault_access_policy",
      "name": "aks_policy",
      "provider": "provider[\"registry.terraform.io/hashicorp/azurerm\"]",
      "instances": [
        {
          "schema_version": 0,
          "attributes": {
            "application_id": "",
            "certificate_permissions": [],
            "id": "/subscriptions/a2c41e5d-454d-4c0b-9f7a-2260d54011e7/resourceGroups/learningstepsRG/providers/Microsoft.KeyVault/vaults/kv-learningsteps-1769/objectId/7bdefc30-44d6-4346-95f5-79bf6229d21b",
            "key_permissions": [],
            "key_vault_id": "/subscriptions/a2c41e5d-454d-4c0b-9f7a-2260d54011e7/resourceGroups/learningstepsRG/providers/Microsoft.KeyVault/vaults/kv-learningsteps-1769",
            "object_id": "7bdefc30-44d6-4346-95f5-79bf6229d21b",
            "secret_permissions": [
              "Get",
              "List"
            ],
            "storage_permissions": [],
            "tenant_id": "c0531484-50fa-4ff2-97df-b1f2d4810603",
            "timeouts": null
          },
          "sensitive_attributes": [],
          "identity_schema_version": 0,
          "private": "eyJlMmJmYjczMC1lY2FhLTExZTYtOGY4OC0zNDM2M2JjN2M0YzAiOnsiY3JlYXRlIjoxODAwMDAwMDAwMDAwLCJkZWxldGUiOjE4MDAwMDAwMDAwMDAsInJlYWQiOjMwMDAwMDAwMDAwMCwidXBkYXRlIjoxODAwMDAwMDAwMDAwfX0=",
          "dependencies": [
            "azurerm_key_vault.kv",
            "azurerm_kubernetes_cluster.aks",
            "azurerm_resource_group.aks_rg",
            "azurerm_subnet.aks_subnet",
            "azurerm_virtual_network.vnet",
            "data.azurerm_client_config.current"
          ]
        }
      ]
    },
    {
      "mode": "managed",
      "type": "azurerm_key_vault_access_policy",
      "name": "user_policy",
      "provider": "provider[\"registry.terraform.io/hashicorp/azurerm\"]",
      "instances": [
        {
          "schema_version": 0,
          "attributes": {
            "application_id": "",
            "certificate_permissions": [],
            "id": "/subscriptions/a2c41e5d-454d-4c0b-9f7a-2260d54011e7/resourceGroups/learningstepsRG/providers/Microsoft.KeyVault/vaults/kv-learningsteps-1769/objectId/b00cd8fb-3be9-4c4b-ae15-35c22d7bccab",
            "key_permissions": [
              "Get",
              "List",
              "Create",
              "Delete",
              "Update",
              "Purge",
              "Recover"
            ],
            "key_vault_id": "/subscriptions/a2c41e5d-454d-4c0b-9f7a-2260d54011e7/resourceGroups/learningstepsRG/providers/Microsoft.KeyVault/vaults/kv-learningsteps-1769",
            "object_id": "b00cd8fb-3be9-4c4b-ae15-35c22d7bccab",
            "secret_permissions": [
              "Get",
              "List",
              "Set",
              "Delete",
              "Purge"
            ],
            "storage_permissions": [],
            "tenant_id": "c0531484-50fa-4ff2-97df-b1f2d4810603",
            "timeouts": null
          },
          "sensitive_attributes": [],
          "identity_schema_version": 0,
          "private": "eyJlMmJmYjczMC1lY2FhLTExZTYtOGY4OC0zNDM2M2JjN2M0YzAiOnsiY3JlYXRlIjoxODAwMDAwMDAwMDAwLCJkZWxldGUiOjE4MDAwMDAwMDAwMDAsInJlYWQiOjMwMDAwMDAwMDAwMCwidXBkYXRlIjoxODAwMDAwMDAwMDAwfX0=",
          "dependencies": [
            "azurerm_key_vault.kv",
            "azurerm_resource_group.aks_rg",
            "data.azurerm_client_config.current"
          ]
        }
      ]
    },
    {
      "mode": "managed",
      "type": "azurerm_key_vault_secret",
      "name": "db_password",
      "provider": "provider[\"registry.terraform.io/hashicorp/azurerm\"]",
      "instances": [
        {
          "schema_version": 0,
          "attributes": {
            "content_type": "postgres-admin-password",
            "expiration_date": "2027-01-01T00:00:00Z",
            "id": "https://kv-learningsteps-1769.vault.azure.net/secrets/pg-admin-password/9b307dbf14b74ff6a0378c74c57d2c7d",
            "key_vault_id": "/subscriptions/a2c41e5d-454d-4c0b-9f7a-2260d54011e7/resourceGroups/learningstepsRG/providers/Microsoft.KeyVault/vaults/kv-learningsteps-1769",
            "name": "pg-admin-password",
            "not_before_date": null,
            "resource_id": "/subscriptions/a2c41e5d-454d-4c0b-9f7a-2260d54011e7/resourceGroups/learningstepsRG/providers/Microsoft.KeyVault/vaults/kv-learningsteps-1769/secrets/pg-admin-password/versions/9b307dbf14b74ff6a0378c74c57d2c7d",
            "resource_versionless_id": "/subscriptions/a2c41e5d-454d-4c0b-9f7a-2260d54011e7/resourceGroups/learningstepsRG/providers/Microsoft.KeyVault/vaults/kv-learningsteps-1769/secrets/pg-admin-password",
            "tags": {},
            "timeouts": null,
            "value": "%{q-X\u003ew}IqF9iQa]2kU\u003c",
            "version": "f2cf57d95565411fb9e8d7c2ebb42477",
            "versionless_id": "https://kv-learningsteps-1769.vault.azure.net/secrets/pg-admin-password"
          },
          "sensitive_attributes": [
            [
              {
                "type": "get_attr",
                "value": "value"
              }
            ]
          ],
          "identity_schema_version": 0,
          "private": "eyJlMmJmYjczMC1lY2FhLTExZTYtOGY4OC0zNDM2M2JjN2M0YzAiOnsiY3JlYXRlIjoxODAwMDAwMDAwMDAwLCJkZWxldGUiOjE4MDAwMDAwMDAwMDAsInJlYWQiOjE4MDAwMDAwMDAwMDAsInVwZGF0ZSI6MTgwMDAwMDAwMDAwMH19",
          "dependencies": [
            "azurerm_key_vault.kv",
            "azurerm_resource_group.aks_rg",
            "data.azurerm_client_config.current",
            "random_password.db_pass"
          ]
        }
      ]
    },
    {
      "mode": "managed",
      "type": "azurerm_log_analytics_workspace",
      "name": "law",
      "provider": "provider[\"registry.terraform.io/hashicorp/azurerm\"]",
      "instances": [
        {
          "schema_version": 3,
          "attributes": {
            "allow_resource_only_permissions": true,
            "cmk_for_query_forced": false,
            "daily_quota_gb": -1,
            "data_collection_rule_id": "",
            "id": "/subscriptions/a2c41e5d-454d-4c0b-9f7a-2260d54011e7/resourceGroups/learningstepsRG/providers/Microsoft.OperationalInsights/workspaces/aks-law",
            "identity": [],
            "immediate_data_purge_on_30_days_enabled": false,
            "internet_ingestion_enabled": true,
            "internet_query_enabled": true,
            "local_authentication_disabled": false,
            "location": "northeurope",
            "name": "aks-law",
            "primary_shared_key": "ljgzpfhPOpkSg3mRUmPjuH8h7vyDZF24xtP/LRifTwY0tLto5tAZfT9tWZbHTfCE8mWRF9GxjqXaQwQ0nV/X7A==",
            "reservation_capacity_in_gb_per_day": null,
            "resource_group_name": "learningstepsRG",
            "retention_in_days": 30,
            "secondary_shared_key": "lh4tXSgPEmq20H94as/hp5Z8UATqhatTE9SofWK0XS1VfXiL7lTj/DiWHxS9jqUvF7B9hCtr9w+LUHpkezpD/w==",
            "sku": "PerGB2018",
            "tags": {},
            "timeouts": null,
            "workspace_id": "416555ac-7e55-48b7-9691-6d5f50f9a111"
          },
          "sensitive_attributes": [
            [
              {
                "type": "get_attr",
                "value": "primary_shared_key"
              }
            ],
            [
              {
                "type": "get_attr",
                "value": "secondary_shared_key"
              }
            ]
          ],
          "identity_schema_version": 0,
          "private": "eyJlMmJmYjczMC1lY2FhLTExZTYtOGY4OC0zNDM2M2JjN2M0YzAiOnsiY3JlYXRlIjoxODAwMDAwMDAwMDAwLCJkZWxldGUiOjE4MDAwMDAwMDAwMDAsInJlYWQiOjMwMDAwMDAwMDAwMCwidXBkYXRlIjoxODAwMDAwMDAwMDAwfSwic2NoZW1hX3ZlcnNpb24iOiIzIn0=",
          "dependencies": [
            "azurerm_resource_group.aks_rg"
          ]
        }
      ]
    },
    {
      "mode": "managed",
      "type": "azurerm_private_dns_zone",
      "name": "dns",
      "provider": "provider[\"registry.terraform.io/hashicorp/azurerm\"]",
      "instances": [
        {
          "schema_version": 0,
          "attributes": {
            "id": "/subscriptions/a2c41e5d-454d-4c0b-9f7a-2260d54011e7/resourceGroups/learningstepsRG/providers/Microsoft.Network/privateDnsZones/learningsteps.postgres.database.azure.com",
            "max_number_of_record_sets": 25000,
            "max_number_of_virtual_network_links": 1000,
            "max_number_of_virtual_network_links_with_registration": 100,
            "name": "learningsteps.postgres.database.azure.com",
            "number_of_record_sets": 1,
            "resource_group_name": "learningstepsRG",
            "soa_record": [
              {
                "email": "azureprivatedns-host.microsoft.com",
                "expire_time": 2419200,
                "fqdn": "learningsteps.postgres.database.azure.com.",
                "host_name": "azureprivatedns.net",
                "minimum_ttl": 10,
                "refresh_time": 3600,
                "retry_time": 300,
                "serial_number": 1,
                "tags": {},
                "ttl": 3600
              }
            ],
            "tags": {},
            "timeouts": null
          },
          "sensitive_attributes": [],
          "identity_schema_version": 0,
          "private": "eyJlMmJmYjczMC1lY2FhLTExZTYtOGY4OC0zNDM2M2JjN2M0YzAiOnsiY3JlYXRlIjoxODAwMDAwMDAwMDAwLCJkZWxldGUiOjE4MDAwMDAwMDAwMDAsInJlYWQiOjMwMDAwMDAwMDAwMCwidXBkYXRlIjoxODAwMDAwMDAwMDAwfX0=",
          "dependencies": [
            "azurerm_resource_group.aks_rg"
          ]
        }
      ]
    },
    {
      "mode": "managed",
      "type": "azurerm_private_dns_zone_virtual_network_link",
      "name": "dns_link",
      "provider": "provider[\"registry.terraform.io/hashicorp/azurerm\"]",
      "instances": [
        {
          "schema_version": 0,
          "attributes": {
            "id": "/subscriptions/a2c41e5d-454d-4c0b-9f7a-2260d54011e7/resourceGroups/learningstepsRG/providers/Microsoft.Network/privateDnsZones/learningsteps.postgres.database.azure.com/virtualNetworkLinks/db-dns-link",
            "name": "db-dns-link",
            "private_dns_zone_name": "learningsteps.postgres.database.azure.com",
            "registration_enabled": false,
            "resource_group_name": "learningstepsRG",
            "tags": {},
            "timeouts": null,
            "virtual_network_id": "/subscriptions/a2c41e5d-454d-4c0b-9f7a-2260d54011e7/resourceGroups/learningstepsRG/providers/Microsoft.Network/virtualNetworks/learningsteps-vnet"
          },
          "sensitive_attributes": [],
          "identity_schema_version": 0,
          "private": "eyJlMmJmYjczMC1lY2FhLTExZTYtOGY4OC0zNDM2M2JjN2M0YzAiOnsiY3JlYXRlIjoxODAwMDAwMDAwMDAwLCJkZWxldGUiOjE4MDAwMDAwMDAwMDAsInJlYWQiOjMwMDAwMDAwMDAwMCwidXBkYXRlIjoxODAwMDAwMDAwMDAwfX0=",
          "dependencies": [
            "azurerm_private_dns_zone.dns",
            "azurerm_resource_group.aks_rg",
            "azurerm_virtual_network.vnet"
          ]
        }
      ]
    },
    {
      "mode": "managed",
      "type": "azurerm_resource_group",
      "name": "aks_rg",
      "provider": "provider[\"registry.terraform.io/hashicorp/azurerm\"]",
      "instances": [
        {
          "schema_version": 0,
          "attributes": {
            "id": "/subscriptions/a2c41e5d-454d-4c0b-9f7a-2260d54011e7/resourceGroups/learningstepsRG",
            "location": "northeurope",
            "managed_by": "",
            "name": "learningstepsRG",
            "tags": {},
            "timeouts": null
          },
          "sensitive_attributes": [],
          "identity_schema_version": 0,
          "private": "eyJlMmJmYjczMC1lY2FhLTExZTYtOGY4OC0zNDM2M2JjN2M0YzAiOnsiY3JlYXRlIjo1NDAwMDAwMDAwMDAwLCJkZWxldGUiOjU0MDAwMDAwMDAwMDAsInJlYWQiOjMwMDAwMDAwMDAwMCwidXBkYXRlIjo1NDAwMDAwMDAwMDAwfSwic2NoZW1hX3ZlcnNpb24iOiIwIn0="
        }
      ]
    },
    {
      "mode": "managed",
      "type": "azurerm_subnet",
      "name": "aks_subnet",
      "provider": "provider[\"registry.terraform.io/hashicorp/azurerm\"]",
      "instances": [
        {
          "schema_version": 0,
          "attributes": {
            "address_prefixes": [
              "10.0.1.0/24"
            ],
            "default_outbound_access_enabled": true,
            "delegation": [],
            "enforce_private_link_endpoint_network_policies": false,
            "enforce_private_link_service_network_policies": false,
            "id": "/subscriptions/a2c41e5d-454d-4c0b-9f7a-2260d54011e7/resourceGroups/learningstepsRG/providers/Microsoft.Network/virtualNetworks/learningsteps-vnet/subnets/aks-subnet",
            "name": "aks-subnet",
            "private_endpoint_network_policies": "Enabled",
            "private_endpoint_network_policies_enabled": true,
            "private_link_service_network_policies_enabled": true,
            "resource_group_name": "learningstepsRG",
            "service_endpoint_policy_ids": [],
            "service_endpoints": [],
            "timeouts": null,
            "virtual_network_name": "learningsteps-vnet"
          },
          "sensitive_attributes": [],
          "identity_schema_version": 0,
          "private": "eyJlMmJmYjczMC1lY2FhLTExZTYtOGY4OC0zNDM2M2JjN2M0YzAiOnsiY3JlYXRlIjoxODAwMDAwMDAwMDAwLCJkZWxldGUiOjE4MDAwMDAwMDAwMDAsInJlYWQiOjMwMDAwMDAwMDAwMCwidXBkYXRlIjoxODAwMDAwMDAwMDAwfX0=",
          "dependencies": [
            "azurerm_resource_group.aks_rg",
            "azurerm_virtual_network.vnet"
          ]
        }
      ]
    },
    {
      "mode": "managed",
      "type": "azurerm_subnet",
      "name": "db_subnet",
      "provider": "provider[\"registry.terraform.io/hashicorp/azurerm\"]",
      "instances": [
        {
          "schema_version": 0,
          "attributes": {
            "address_prefixes": [
              "10.0.2.0/24"
            ],
            "default_outbound_access_enabled": true,
            "delegation": [
              {
                "name": "fs",
                "service_delegation": [
                  {
                    "actions": [
                      "Microsoft.Network/virtualNetworks/subnets/join/action"
                    ],
                    "name": "Microsoft.DBforPostgreSQL/flexibleServers"
                  }
                ]
              }
            ],
            "enforce_private_link_endpoint_network_policies": false,
            "enforce_private_link_service_network_policies": false,
            "id": "/subscriptions/a2c41e5d-454d-4c0b-9f7a-2260d54011e7/resourceGroups/learningstepsRG/providers/Microsoft.Network/virtualNetworks/learningsteps-vnet/subnets/db-subnet",
            "name": "db-subnet",
            "private_endpoint_network_policies": "Enabled",
            "private_endpoint_network_policies_enabled": true,
            "private_link_service_network_policies_enabled": true,
            "resource_group_name": "learningstepsRG",
            "service_endpoint_policy_ids": [],
            "service_endpoints": [
              "Microsoft.Storage"
            ],
            "timeouts": null,
            "virtual_network_name": "learningsteps-vnet"
          },
          "sensitive_attributes": [],
          "identity_schema_version": 0,
          "private": "eyJlMmJmYjczMC1lY2FhLTExZTYtOGY4OC0zNDM2M2JjN2M0YzAiOnsiY3JlYXRlIjoxODAwMDAwMDAwMDAwLCJkZWxldGUiOjE4MDAwMDAwMDAwMDAsInJlYWQiOjMwMDAwMDAwMDAwMCwidXBkYXRlIjoxODAwMDAwMDAwMDAwfX0=",
          "dependencies": [
            "azurerm_resource_group.aks_rg",
            "azurerm_virtual_network.vnet"
          ]
        }
      ]
    },
    {
      "mode": "managed",
      "type": "azurerm_virtual_network",
      "name": "vnet",
      "provider": "provider[\"registry.terraform.io/hashicorp/azurerm\"]",
      "instances": [
        {
          "schema_version": 0,
          "attributes": {
            "address_space": [
              "10.0.0.0/16"
            ],
            "bgp_community": "",
            "ddos_protection_plan": [],
            "dns_servers": [],
            "edge_zone": "",
            "encryption": [],
            "flow_timeout_in_minutes": 0,
            "guid": "84426c22-62fe-4a60-b19f-4de3f9297273",
            "id": "/subscriptions/a2c41e5d-454d-4c0b-9f7a-2260d54011e7/resourceGroups/learningstepsRG/providers/Microsoft.Network/virtualNetworks/learningsteps-vnet",
            "location": "northeurope",
            "name": "learningsteps-vnet",
            "resource_group_name": "learningstepsRG",
            "subnet": [
              {
                "address_prefix": "10.0.1.0/24",
                "id": "/subscriptions/a2c41e5d-454d-4c0b-9f7a-2260d54011e7/resourceGroups/learningstepsRG/providers/Microsoft.Network/virtualNetworks/learningsteps-vnet/subnets/aks-subnet",
                "name": "aks-subnet",
                "security_group": ""
              },
              {
                "address_prefix": "10.0.2.0/24",
                "id": "/subscriptions/a2c41e5d-454d-4c0b-9f7a-2260d54011e7/resourceGroups/learningstepsRG/providers/Microsoft.Network/virtualNetworks/learningsteps-vnet/subnets/db-subnet",
                "name": "db-subnet",
                "security_group": ""
              }
            ],
            "tags": {},
            "timeouts": null
          },
          "sensitive_attributes": [],
          "identity_schema_version": 0,
          "private": "eyJlMmJmYjczMC1lY2FhLTExZTYtOGY4OC0zNDM2M2JjN2M0YzAiOnsiY3JlYXRlIjoxODAwMDAwMDAwMDAwLCJkZWxldGUiOjE4MDAwMDAwMDAwMDAsInJlYWQiOjMwMDAwMDAwMDAwMCwidXBkYXRlIjoxODAwMDAwMDAwMDAwfX0=",
          "dependencies": [
            "azurerm_resource_group.aks_rg"
          ]
        }
      ]
    },
    {
      "mode": "managed",
      "type": "kubernetes_config_map",
      "name": "db_init_script",
      "provider": "provider[\"registry.terraform.io/hashicorp/kubernetes\"]",
      "instances": [
        {
          "schema_version": 0,
          "attributes": {
            "binary_data": {},
            "data": {
              "init.sql": "      CREATE TABLE IF NOT EXISTS entries (\n          id SERIAL PRIMARY KEY,\n          title TEXT NOT NULL,\n          content TEXT,\n          created_at TIMESTAMP DEFAULT CURRENT_TIMESTAMP\n      );\n"
            },
            "id": "default/db-init-script",
            "immutable": false,
            "metadata": [
              {
                "annotations": {},
                "generate_name": "",
                "generation": 0,
                "labels": {},
                "name": "db-init-script",
                "namespace": "default",
                "resource_version": "349711",
                "uid": "a1772203-887c-44cb-a93d-d73ab3f15463"
              }
            ]
          },
          "sensitive_attributes": [],
          "identity_schema_version": 1,
          "identity": {
            "api_version": "v1",
            "kind": "ConfigMap",
            "name": "db-init-script",
            "namespace": "default"
          },
          "private": "bnVsbA==",
          "dependencies": [
            "azurerm_kubernetes_cluster.aks",
            "azurerm_resource_group.aks_rg",
            "azurerm_subnet.aks_subnet",
            "azurerm_virtual_network.vnet"
          ]
        }
      ]
    },
    {
      "mode": "managed",
      "type": "kubernetes_deployment",
      "name": "api",
      "provider": "provider[\"registry.terraform.io/hashicorp/kubernetes\"]",
      "instances": [
        {
          "schema_version": 1,
          "attributes": {
            "id": "default/learningsteps-api",
            "metadata": [
              {
                "annotations": null,
                "generate_name": "",
                "generation": 1,
                "labels": null,
                "name": "learningsteps-api",
                "namespace": "default",
                "resource_version": "651425",
                "uid": "6c16ce8b-7fd5-44c9-a5ec-9bec048a0c8e"
              }
            ],
            "spec": [
              {
                "min_ready_seconds": 0,
                "paused": false,
                "progress_deadline_seconds": 600,
                "replicas": "2",
                "revision_history_limit": 10,
                "selector": [
                  {
                    "match_expressions": [],
                    "match_labels": {
                      "app": "learningsteps"
                    }
                  }
                ],
                "strategy": [
                  {
                    "rolling_update": [
                      {
                        "max_surge": "25%",
                        "max_unavailable": "25%"
                      }
                    ],
                    "type": "RollingUpdate"
                  }
                ],
                "template": [
                  {
                    "metadata": [
                      {
                        "annotations": null,
                        "generate_name": "",
                        "generation": 0,
                        "labels": {
                          "app": "learningsteps"
                        },
                        "name": "",
                        "namespace": "",
                        "resource_version": "",
                        "uid": ""
                      }
                    ],
                    "spec": [
                      {
                        "active_deadline_seconds": 0,
                        "affinity": [],
                        "automount_service_account_token": true,
                        "container": [
                          {
                            "args": null,
                            "command": null,
                            "env": [
                              {
                                "name": "PYTHONUNBUFFERED",
                                "value": "1",
                                "value_from": []
                              },
                              {
                                "name": "DB_HOST",
                                "value": "learningsteps-db-server.postgres.database.azure.com",
                                "value_from": []
                              },
                              {
                                "name": "DB_USER",
                                "value": "psqladmin",
                                "value_from": []
                              },
                              {
                                "name": "DB_NAME",
                                "value": "postgres",
                                "value_from": []
                              }
                            ],
                            "env_from": [],
                            "image": "learningstepsregistry20260126.azurecr.io/learningsteps-api:v1",
                            "image_pull_policy": "IfNotPresent",
                            "lifecycle": [],
                            "liveness_probe": [],
                            "name": "api",
                            "port": [
                              {
                                "container_port": 8000,
                                "host_ip": "",
                                "host_port": 0,
                                "name": "",
                                "protocol": "TCP"
                              }
                            ],
                            "readiness_probe": [],
                            "resources": [
                              {
                                "limits": {},
                                "requests": {}
                              }
                            ],
                            "security_context": [],
                            "startup_probe": [],
                            "stdin": false,
                            "stdin_once": false,
                            "termination_message_path": "/dev/termination-log",
                            "termination_message_policy": "File",
                            "tty": false,
                            "volume_device": [],
                            "volume_mount": [
                              {
                                "mount_path": "/mnt/secrets-store",
                                "mount_propagation": "None",
                                "name": "secrets-store-inline",
                                "read_only": true,
                                "sub_path": "",
                                "sub_path_expr": ""
                              }
                            ],
                            "working_dir": ""
                          }
                        ],
                        "dns_config": [],
                        "dns_policy": "ClusterFirst",
                        "enable_service_links": true,
                        "host_aliases": [],
                        "host_ipc": false,
                        "host_network": false,
                        "host_pid": false,
                        "hostname": "",
                        "image_pull_secrets": [],
                        "init_container": [
                          {
                            "args": [
                              "PGPASSWORD=$DB_PASSWORD psql -h $DB_HOST -U $DB_USER -d $DB_NAME -c \"\nDO \\$\\$ \nBEGIN \n  -- 1. Create the application user if it doesn't exist\n  IF NOT EXISTS (SELECT FROM pg_catalog.pg_roles WHERE rolname = 'fastapiuser') THEN\n    CREATE USER fastapiuser WITH PASSWORD 'pass123';\n  END IF;\n              \n  -- 2. Grant Permissions\n  GRANT ALL PRIVILEGES ON DATABASE fastapidb TO fastapiuser;\n  GRANT USAGE ON SCHEMA public TO fastapiuser;\n  GRANT ALL PRIVILEGES ON ALL TABLES IN SCHEMA public TO fastapiuser;\n  GRANT ALL PRIVILEGES ON ALL SEQUENCES IN SCHEMA public TO fastapiuser;\nEND \\$\\$;\n\"\n# 3. Run your table creation script from the ConfigMap\nPGPASSWORD=$DB_PASSWORD psql -h $DB_HOST -U $DB_USER -d $DB_NAME -f /scripts/init.sql\n"
                            ],
                            "command": [
                              "/bin/bash",
                              "-c"
                            ],
                            "env": [
                              {
                                "name": "DB_HOST",
                                "value": "learningsteps-db-server.postgres.database.azure.com",
                                "value_from": []
                              },
                              {
                                "name": "DB_USER",
                                "value": "psqladmin",
                                "value_from": []
                              },
                              {
                                "name": "DB_NAME",
                                "value": "fastapidb",
                                "value_from": []
                              },
                              {
                                "name": "DB_PASSWORD",
                                "value": "GVzznjNdS6RTSoGL?bId",
                                "value_from": []
                              }
                            ],
                            "env_from": [],
                            "image": "postgres:13",
                            "image_pull_policy": "IfNotPresent",
                            "lifecycle": [],
                            "liveness_probe": [],
                            "name": "init-db-user",
                            "port": [],
                            "readiness_probe": [],
                            "resources": [
                              {
                                "limits": {},
                                "requests": {}
                              }
                            ],
                            "security_context": [],
                            "startup_probe": [],
                            "stdin": false,
                            "stdin_once": false,
                            "termination_message_path": "/dev/termination-log",
                            "termination_message_policy": "File",
                            "tty": false,
                            "volume_device": [],
                            "volume_mount": [
                              {
                                "mount_path": "/scripts",
                                "mount_propagation": "None",
                                "name": "db-init-volume",
                                "read_only": false,
                                "sub_path": "",
                                "sub_path_expr": ""
                              }
                            ],
                            "working_dir": ""
                          }
                        ],
                        "node_name": "",
                        "node_selector": null,
                        "os": [],
                        "priority_class_name": "",
                        "readiness_gate": [],
                        "restart_policy": "Always",
                        "runtime_class_name": "",
                        "scheduler_name": "default-scheduler",
                        "security_context": [],
                        "service_account_name": "",
                        "share_process_namespace": false,
                        "subdomain": "",
                        "termination_grace_period_seconds": 30,
                        "toleration": [],
                        "topology_spread_constraint": [],
                        "volume": [
                          {
                            "aws_elastic_block_store": [],
                            "azure_disk": [],
                            "azure_file": [],
                            "ceph_fs": [],
                            "cinder": [],
                            "config_map": [
                              {
                                "default_mode": "0644",
                                "items": [],
                                "name": "db-init-script",
                                "optional": false
                              }
                            ],
                            "csi": [],
                            "downward_api": [],
                            "empty_dir": [],
                            "ephemeral": [],
                            "fc": [],
                            "flex_volume": [],
                            "flocker": [],
                            "gce_persistent_disk": [],
                            "git_repo": [],
                            "glusterfs": [],
                            "host_path": [],
                            "iscsi": [],
                            "local": [],
                            "name": "db-init-volume",
                            "nfs": [],
                            "persistent_volume_claim": [],
                            "photon_persistent_disk": [],
                            "projected": [],
                            "quobyte": [],
                            "rbd": [],
                            "secret": [],
                            "vsphere_volume": []
                          },
                          {
                            "aws_elastic_block_store": [],
                            "azure_disk": [],
                            "azure_file": [],
                            "ceph_fs": [],
                            "cinder": [],
                            "config_map": [],
                            "csi": [
                              {
                                "driver": "secrets-store.csi.k8s.io",
                                "fs_type": "",
                                "node_publish_secret_ref": [],
                                "read_only": true,
                                "volume_attributes": {
                                  "secretProviderClass": "azure-kv-secrets"
                                }
                              }
                            ],
                            "downward_api": [],
                            "empty_dir": [],
                            "ephemeral": [],
                            "fc": [],
                            "flex_volume": [],
                            "flocker": [],
                            "gce_persistent_disk": [],
                            "git_repo": [],
                            "glusterfs": [],
                            "host_path": [],
                            "iscsi": [],
                            "local": [],
                            "name": "secrets-store-inline",
                            "nfs": [],
                            "persistent_volume_claim": [],
                            "photon_persistent_disk": [],
                            "projected": [],
                            "quobyte": [],
                            "rbd": [],
                            "secret": [],
                            "vsphere_volume": []
                          }
                        ]
                      }
                    ]
                  }
                ]
              }
            ],
            "timeouts": null,
            "wait_for_rollout": true
          },
          "sensitive_attributes": [
            [
              {
                "type": "get_attr",
                "value": "spec"
              },
              {
                "type": "index",
                "value": {
                  "value": 0,
                  "type": "number"
                }
              },
              {
                "type": "get_attr",
                "value": "template"
              },
              {
                "type": "index",
                "value": {
                  "value": 0,
                  "type": "number"
                }
              },
              {
                "type": "get_attr",
                "value": "spec"
              },
              {
                "type": "index",
                "value": {
                  "value": 0,
                  "type": "number"
                }
              },
              {
                "type": "get_attr",
                "value": "init_container"
              },
              {
                "type": "index",
                "value": {
                  "value": 0,
                  "type": "number"
                }
              },
              {
                "type": "get_attr",
                "value": "env"
              },
              {
                "type": "index",
                "value": {
                  "value": 3,
                  "type": "number"
                }
              },
              {
                "type": "get_attr",
                "value": "value"
              }
            ]
          ],
          "identity_schema_version": 1,
          "identity": {
            "api_version": "apps/v1",
            "kind": "Deployment",
            "name": "learningsteps-api",
            "namespace": "default"
          },
          "private": "eyJlMmJmYjczMC1lY2FhLTExZTYtOGY4OC0zNDM2M2JjN2M0YzAiOnsiY3JlYXRlIjo2MDAwMDAwMDAwMDAsImRlbGV0ZSI6NjAwMDAwMDAwMDAwLCJ1cGRhdGUiOjYwMDAwMDAwMDAwMH0sInNjaGVtYV92ZXJzaW9uIjoiMSJ9",
          "dependencies": [
            "azurerm_key_vault.kv",
            "azurerm_key_vault_secret.db_password",
            "azurerm_kubernetes_cluster.aks",
            "azurerm_postgresql_flexible_server.db",
            "azurerm_private_dns_zone.dns",
            "azurerm_private_dns_zone_virtual_network_link.dns_link",
            "azurerm_resource_group.aks_rg",
            "azurerm_subnet.aks_subnet",
            "azurerm_subnet.db_subnet",
            "azurerm_virtual_network.vnet",
            "data.azurerm_client_config.current",
            "kubernetes_config_map.db_init_script",
            "random_password.db_pass"
          ]
        }
      ]
    },
    {
      "mode": "managed",
      "type": "random_password",
      "name": "db_pass",
      "provider": "provider[\"registry.terraform.io/hashicorp/random\"]",
      "instances": [
        {
          "schema_version": 3,
          "attributes": {
            "bcrypt_hash": "$2a$10$in7W8t42MQAhkiL1/cTOSOAFThnMFni5YCQDKJ27CTpKE5/01uqFu",
            "id": "none",
            "keepers": null,
            "length": 20,
            "lower": true,
            "min_lower": 0,
            "min_numeric": 0,
            "min_special": 0,
            "min_upper": 0,
            "number": true,
            "numeric": true,
            "override_special": null,
            "result": "%{q-X\u003ew}IqF9iQa]2kU\u003c",
            "special": true,
            "upper": true
          },
          "sensitive_attributes": [
            [
              {
                "type": "get_attr",
                "value": "bcrypt_hash"
              }
            ],
            [
              {
                "type": "get_attr",
                "value": "result"
              }
            ]
          ],
          "identity_schema_version": 0
        }
      ]
    }
  ],
  "check_results": null
}
